// !$*UTF8*$!
{
	archiveVersion = 1;
	classes = {
	};
	objectVersion = 46;
	objects = {

/* Begin PBXBuildFile section */
		9012B69118026372001424AE /* CoreData.framework in Frameworks */ = {isa = PBXBuildFile; fileRef = 9012B69018026372001424AE /* CoreData.framework */; };
		9012B69F18026C37001424AE /* LibraryTableViewController.m in Sources */ = {isa = PBXBuildFile; fileRef = 9012B69E18026C37001424AE /* LibraryTableViewController.m */; };
		90D8FBE517FCD8DE00977AD4 /* PlayView.m in Sources */ = {isa = PBXBuildFile; fileRef = 90D8FBE417FCD8DE00977AD4 /* PlayView.m */; };
		90D8FBEA17FCD97D00977AD4 /* LevelViewController.m in Sources */ = {isa = PBXBuildFile; fileRef = 90D8FBE917FCD97D00977AD4 /* LevelViewController.m */; };
		90D8FBED17FCDAAF00977AD4 /* PlayViewController.m in Sources */ = {isa = PBXBuildFile; fileRef = 90D8FBEC17FCDAAE00977AD4 /* PlayViewController.m */; };
		90D8FBF017FCE21000977AD4 /* QuartzCore.framework in Frameworks */ = {isa = PBXBuildFile; fileRef = 90D8FBEF17FCE21000977AD4 /* QuartzCore.framework */; };
		90DF0C0317FB812A00C0EEE9 /* UIKit.framework in Frameworks */ = {isa = PBXBuildFile; fileRef = 90DF0C0217FB812A00C0EEE9 /* UIKit.framework */; };
		90DF0C0517FB812A00C0EEE9 /* Foundation.framework in Frameworks */ = {isa = PBXBuildFile; fileRef = 90DF0C0417FB812A00C0EEE9 /* Foundation.framework */; };
		90DF0C0717FB812A00C0EEE9 /* CoreGraphics.framework in Frameworks */ = {isa = PBXBuildFile; fileRef = 90DF0C0617FB812A00C0EEE9 /* CoreGraphics.framework */; };
		90DF0C0D17FB812A00C0EEE9 /* InfoPlist.strings in Resources */ = {isa = PBXBuildFile; fileRef = 90DF0C0B17FB812A00C0EEE9 /* InfoPlist.strings */; };
		90DF0C0F17FB812A00C0EEE9 /* main.m in Sources */ = {isa = PBXBuildFile; fileRef = 90DF0C0E17FB812A00C0EEE9 /* main.m */; };
		90DF0C1317FB812A00C0EEE9 /* AppDelegate.m in Sources */ = {isa = PBXBuildFile; fileRef = 90DF0C1217FB812A00C0EEE9 /* AppDelegate.m */; };
		90DF0C1517FB812A00C0EEE9 /* Default.png in Resources */ = {isa = PBXBuildFile; fileRef = 90DF0C1417FB812A00C0EEE9 /* Default.png */; };
		90DF0C1717FB812A00C0EEE9 /* Default@2x.png in Resources */ = {isa = PBXBuildFile; fileRef = 90DF0C1617FB812A00C0EEE9 /* Default@2x.png */; };
		90DF0C1917FB812A00C0EEE9 /* Default-568h@2x.png in Resources */ = {isa = PBXBuildFile; fileRef = 90DF0C1817FB812A00C0EEE9 /* Default-568h@2x.png */; };
		90DF0C1C17FB812A00C0EEE9 /* MainStoryboard_iPhone.storyboard in Resources */ = {isa = PBXBuildFile; fileRef = 90DF0C1A17FB812A00C0EEE9 /* MainStoryboard_iPhone.storyboard */; };
		90DF0C1F17FB812A00C0EEE9 /* MainStoryboard_iPad.storyboard in Resources */ = {isa = PBXBuildFile; fileRef = 90DF0C1D17FB812A00C0EEE9 /* MainStoryboard_iPad.storyboard */; };
		90DF0C2217FB812A00C0EEE9 /* ViewController.m in Sources */ = {isa = PBXBuildFile; fileRef = 90DF0C2117FB812A00C0EEE9 /* ViewController.m */; };
		90DF0C2A17FB812A00C0EEE9 /* SenTestingKit.framework in Frameworks */ = {isa = PBXBuildFile; fileRef = 90DF0C2917FB812A00C0EEE9 /* SenTestingKit.framework */; };
		90DF0C2B17FB812A00C0EEE9 /* UIKit.framework in Frameworks */ = {isa = PBXBuildFile; fileRef = 90DF0C0217FB812A00C0EEE9 /* UIKit.framework */; };
		90DF0C2C17FB812A00C0EEE9 /* Foundation.framework in Frameworks */ = {isa = PBXBuildFile; fileRef = 90DF0C0417FB812A00C0EEE9 /* Foundation.framework */; };
		90DF0C3417FB812A00C0EEE9 /* InfoPlist.strings in Resources */ = {isa = PBXBuildFile; fileRef = 90DF0C3217FB812A00C0EEE9 /* InfoPlist.strings */; };
		90DF0C3717FB812A00C0EEE9 /* WordGameTests.m in Sources */ = {isa = PBXBuildFile; fileRef = 90DF0C3617FB812A00C0EEE9 /* WordGameTests.m */; };
		A58A93921819D0CD007593B4 /* finder.png in Resources */ = {isa = PBXBuildFile; fileRef = A58A93911819D0CD007593B4 /* finder.png */; };
		A58A93AE1819D42C007593B4 /* lg_A.ico in Resources */ = {isa = PBXBuildFile; fileRef = A58A93941819D42C007593B4 /* lg_A.ico */; };
		A58A93AF1819D42C007593B4 /* lg_B.ico in Resources */ = {isa = PBXBuildFile; fileRef = A58A93951819D42C007593B4 /* lg_B.ico */; };
		A58A93B01819D42C007593B4 /* lg_C.ico in Resources */ = {isa = PBXBuildFile; fileRef = A58A93961819D42C007593B4 /* lg_C.ico */; };
		A58A93B11819D42C007593B4 /* lg_D.ico in Resources */ = {isa = PBXBuildFile; fileRef = A58A93971819D42C007593B4 /* lg_D.ico */; };
		A58A93B21819D42C007593B4 /* lg_E.ico in Resources */ = {isa = PBXBuildFile; fileRef = A58A93981819D42C007593B4 /* lg_E.ico */; };
		A58A93B31819D42C007593B4 /* lg_F.ico in Resources */ = {isa = PBXBuildFile; fileRef = A58A93991819D42C007593B4 /* lg_F.ico */; };
		A58A93B41819D42C007593B4 /* lg_G.ico in Resources */ = {isa = PBXBuildFile; fileRef = A58A939A1819D42C007593B4 /* lg_G.ico */; };
		A58A93B51819D42C007593B4 /* lg_H.ico in Resources */ = {isa = PBXBuildFile; fileRef = A58A939B1819D42C007593B4 /* lg_H.ico */; };
		A58A93B61819D42C007593B4 /* lg_I.ico in Resources */ = {isa = PBXBuildFile; fileRef = A58A939C1819D42C007593B4 /* lg_I.ico */; };
		A58A93B71819D42C007593B4 /* lg_J.ico in Resources */ = {isa = PBXBuildFile; fileRef = A58A939D1819D42C007593B4 /* lg_J.ico */; };
		A58A93B81819D42C007593B4 /* lg_K.ico in Resources */ = {isa = PBXBuildFile; fileRef = A58A939E1819D42C007593B4 /* lg_K.ico */; };
		A58A93B91819D42C007593B4 /* lg_L.ico in Resources */ = {isa = PBXBuildFile; fileRef = A58A939F1819D42C007593B4 /* lg_L.ico */; };
		A58A93BA1819D42C007593B4 /* lg_M.ico in Resources */ = {isa = PBXBuildFile; fileRef = A58A93A01819D42C007593B4 /* lg_M.ico */; };
		A58A93BB1819D42C007593B4 /* lg_N.ico in Resources */ = {isa = PBXBuildFile; fileRef = A58A93A11819D42C007593B4 /* lg_N.ico */; };
		A58A93BC1819D42C007593B4 /* lg_O.ico in Resources */ = {isa = PBXBuildFile; fileRef = A58A93A21819D42C007593B4 /* lg_O.ico */; };
		A58A93BD1819D42C007593B4 /* lg_P.ico in Resources */ = {isa = PBXBuildFile; fileRef = A58A93A31819D42C007593B4 /* lg_P.ico */; };
		A58A93BE1819D42C007593B4 /* lg_Q.ico in Resources */ = {isa = PBXBuildFile; fileRef = A58A93A41819D42C007593B4 /* lg_Q.ico */; };
		A58A93BF1819D42C007593B4 /* lg_R.ico in Resources */ = {isa = PBXBuildFile; fileRef = A58A93A51819D42C007593B4 /* lg_R.ico */; };
		A58A93C01819D42C007593B4 /* lg_S.ico in Resources */ = {isa = PBXBuildFile; fileRef = A58A93A61819D42C007593B4 /* lg_S.ico */; };
		A58A93C11819D42C007593B4 /* lg_T.ico in Resources */ = {isa = PBXBuildFile; fileRef = A58A93A71819D42C007593B4 /* lg_T.ico */; };
		A58A93C21819D42C007593B4 /* lg_U.ico in Resources */ = {isa = PBXBuildFile; fileRef = A58A93A81819D42C007593B4 /* lg_U.ico */; };
		A58A93C31819D42C007593B4 /* lg_V.ico in Resources */ = {isa = PBXBuildFile; fileRef = A58A93A91819D42C007593B4 /* lg_V.ico */; };
		A58A93C41819D42C007593B4 /* lg_W.ico in Resources */ = {isa = PBXBuildFile; fileRef = A58A93AA1819D42C007593B4 /* lg_W.ico */; };
		A58A93C51819D42C007593B4 /* lg_X.ico in Resources */ = {isa = PBXBuildFile; fileRef = A58A93AB1819D42C007593B4 /* lg_X.ico */; };
		A58A93C61819D42C007593B4 /* lg_Y.ico in Resources */ = {isa = PBXBuildFile; fileRef = A58A93AC1819D42C007593B4 /* lg_Y.ico */; };
		A58A93C71819D42C007593B4 /* lg_Z.ico in Resources */ = {isa = PBXBuildFile; fileRef = A58A93AD1819D42C007593B4 /* lg_Z.ico */; };
		A58B0670181230E100850648 /* Player.m in Sources */ = {isa = PBXBuildFile; fileRef = A58B066F181230E100850648 /* Player.m */; };
		A58B06731812522F00850648 /* ItemDropModel.m in Sources */ = {isa = PBXBuildFile; fileRef = A58B06721812522F00850648 /* ItemDropModel.m */; };
		A58B5C3F181091B300965261 /* ComposeCollectionView.m in Sources */ = {isa = PBXBuildFile; fileRef = A58B5C3E181091B300965261 /* ComposeCollectionView.m */; };
		A58B5C42181092DE00965261 /* ComposeViewController.m in Sources */ = {isa = PBXBuildFile; fileRef = A58B5C41181092DE00965261 /* ComposeViewController.m */; };
		A58B5C491810B07000965261 /* ComposeCell.m in Sources */ = {isa = PBXBuildFile; fileRef = A58B5C481810B07000965261 /* ComposeCell.m */; };
		A58B5C4C1810B11500965261 /* ItemCell.m in Sources */ = {isa = PBXBuildFile; fileRef = A58B5C4B1810B11500965261 /* ItemCell.m */; };
		A58BB609180E1EEE0039E9CE /* WordCell.m in Sources */ = {isa = PBXBuildFile; fileRef = A58BB608180E1EEE0039E9CE /* WordCell.m */; };
		A58BB61B180E51BC0039E9CE /* Word.m in Sources */ = {isa = PBXBuildFile; fileRef = A58BB61A180E51BC0039E9CE /* Word.m */; };
		A58D39AE180F46F700128D6C /* NDTrie.m in Sources */ = {isa = PBXBuildFile; fileRef = A58D39AD180F46F700128D6C /* NDTrie.m */; settings = {COMPILER_FLAGS = "-fno-objc-arc"; }; };
		A58D79B71814A6B400C767E0 /* particle.png in Resources */ = {isa = PBXBuildFile; fileRef = A58D79B61814A6B400C767E0 /* particle.png */; };
		A5953DEE1818C68B001185FF /* DefinitionViewController.m in Sources */ = {isa = PBXBuildFile; fileRef = A5953DED1818C68B001185FF /* DefinitionViewController.m */; };
		A595B62118139F9A00B4CE36 /* ComposeView.m in Sources */ = {isa = PBXBuildFile; fileRef = A595B62018139F9900B4CE36 /* ComposeView.m */; };
		A595B62F1813E05800B4CE36 /* cancel_pressed.png in Resources */ = {isa = PBXBuildFile; fileRef = A595B62B1813E05800B4CE36 /* cancel_pressed.png */; };
		A595B6301813E05800B4CE36 /* cancel.png in Resources */ = {isa = PBXBuildFile; fileRef = A595B62C1813E05800B4CE36 /* cancel.png */; };
		A595B6311813E05800B4CE36 /* compose_pressed.png in Resources */ = {isa = PBXBuildFile; fileRef = A595B62D1813E05800B4CE36 /* compose_pressed.png */; };
		A595B6321813E05800B4CE36 /* compose.png in Resources */ = {isa = PBXBuildFile; fileRef = A595B62E1813E05800B4CE36 /* compose.png */; };
		A595B65A1813E0AD00B4CE36 /* avail_convexlens.png in Resources */ = {isa = PBXBuildFile; fileRef = A595B6341813E0AD00B4CE36 /* avail_convexlens.png */; };
		A595B65B1813E0AD00B4CE36 /* avail_crown.png in Resources */ = {isa = PBXBuildFile; fileRef = A595B6351813E0AD00B4CE36 /* avail_crown.png */; };
		A595B65C1813E0AD00B4CE36 /* avail_handle.png in Resources */ = {isa = PBXBuildFile; fileRef = A595B6361813E0AD00B4CE36 /* avail_handle.png */; };
		A595B65D1813E0AD00B4CE36 /* avail_hourhand.png in Resources */ = {isa = PBXBuildFile; fileRef = A595B6371813E0AD00B4CE36 /* avail_hourhand.png */; };
		A595B65E1813E0AD00B4CE36 /* avail_king.png in Resources */ = {isa = PBXBuildFile; fileRef = A595B6381813E0AD00B4CE36 /* avail_king.png */; };
		A595B65F1813E0AD00B4CE36 /* avail_magnifier.png in Resources */ = {isa = PBXBuildFile; fileRef = A595B6391813E0AD00B4CE36 /* avail_magnifier.png */; };
		A595B6601813E0AD00B4CE36 /* avail_minhand.png in Resources */ = {isa = PBXBuildFile; fileRef = A595B63A1813E0AD00B4CE36 /* avail_minhand.png */; };
		A595B6611813E0AD00B4CE36 /* avail_poweredwatch.png in Resources */ = {isa = PBXBuildFile; fileRef = A595B63B1813E0AD00B4CE36 /* avail_poweredwatch.png */; };
		A595B6621813E0AD00B4CE36 /* avail_powerup.png in Resources */ = {isa = PBXBuildFile; fileRef = A595B63C1813E0AD00B4CE36 /* avail_powerup.png */; };
		A595B6631813E0AD00B4CE36 /* avail_quartz.png in Resources */ = {isa = PBXBuildFile; fileRef = A595B63D1813E0AD00B4CE36 /* avail_quartz.png */; };
		A595B6641813E0AD00B4CE36 /* avail_sceptre.png in Resources */ = {isa = PBXBuildFile; fileRef = A595B63E1813E0AD00B4CE36 /* avail_sceptre.png */; };
		A595B6651813E0AD00B4CE36 /* avail_scroll_king.png in Resources */ = {isa = PBXBuildFile; fileRef = A595B63F1813E0AD00B4CE36 /* avail_scroll_king.png */; };
		A595B6661813E0AD00B4CE36 /* avail_scroll_magnifier.png in Resources */ = {isa = PBXBuildFile; fileRef = A595B6401813E0AD00B4CE36 /* avail_scroll_magnifier.png */; };
		A595B6671813E0AD00B4CE36 /* avail_scroll_poweredwatch.png in Resources */ = {isa = PBXBuildFile; fileRef = A595B6411813E0AD00B4CE36 /* avail_scroll_poweredwatch.png */; };
		A595B6681813E0AD00B4CE36 /* avail_scroll_watch.png in Resources */ = {isa = PBXBuildFile; fileRef = A595B6421813E0AD00B4CE36 /* avail_scroll_watch.png */; };
		A595B6691813E0AD00B4CE36 /* avail_sechand.png in Resources */ = {isa = PBXBuildFile; fileRef = A595B6431813E0AD00B4CE36 /* avail_sechand.png */; };
		A595B66A1813E0AD00B4CE36 /* avail_throne.png in Resources */ = {isa = PBXBuildFile; fileRef = A595B6441813E0AD00B4CE36 /* avail_throne.png */; };
		A595B66B1813E0AD00B4CE36 /* avail_watch.png in Resources */ = {isa = PBXBuildFile; fileRef = A595B6451813E0AD00B4CE36 /* avail_watch.png */; };
		A595B66C1813E0AD00B4CE36 /* unavail_convexlens.png in Resources */ = {isa = PBXBuildFile; fileRef = A595B6461813E0AD00B4CE36 /* unavail_convexlens.png */; };
		A595B66D1813E0AD00B4CE36 /* unavail_crown.png in Resources */ = {isa = PBXBuildFile; fileRef = A595B6471813E0AD00B4CE36 /* unavail_crown.png */; };
		A595B66E1813E0AD00B4CE36 /* unavail_handle.png in Resources */ = {isa = PBXBuildFile; fileRef = A595B6481813E0AD00B4CE36 /* unavail_handle.png */; };
		A595B66F1813E0AD00B4CE36 /* unavail_hourhand.png in Resources */ = {isa = PBXBuildFile; fileRef = A595B6491813E0AD00B4CE36 /* unavail_hourhand.png */; };
		A595B6701813E0AD00B4CE36 /* unavail_king.png in Resources */ = {isa = PBXBuildFile; fileRef = A595B64A1813E0AD00B4CE36 /* unavail_king.png */; };
		A595B6711813E0AD00B4CE36 /* unavail_magnifier.png in Resources */ = {isa = PBXBuildFile; fileRef = A595B64B1813E0AD00B4CE36 /* unavail_magnifier.png */; };
		A595B6721813E0AD00B4CE36 /* unavail_minhand.png in Resources */ = {isa = PBXBuildFile; fileRef = A595B64C1813E0AD00B4CE36 /* unavail_minhand.png */; };
		A595B6731813E0AD00B4CE36 /* unavail_poweredwatch.png in Resources */ = {isa = PBXBuildFile; fileRef = A595B64D1813E0AD00B4CE36 /* unavail_poweredwatch.png */; };
		A595B6741813E0AD00B4CE36 /* unavail_powerup.png in Resources */ = {isa = PBXBuildFile; fileRef = A595B64E1813E0AD00B4CE36 /* unavail_powerup.png */; };
		A595B6751813E0AD00B4CE36 /* unavail_quartz.png in Resources */ = {isa = PBXBuildFile; fileRef = A595B64F1813E0AD00B4CE36 /* unavail_quartz.png */; };
		A595B6761813E0AD00B4CE36 /* unavail_sceptre.png in Resources */ = {isa = PBXBuildFile; fileRef = A595B6501813E0AD00B4CE36 /* unavail_sceptre.png */; };
		A595B6771813E0AD00B4CE36 /* unavail_scroll_king.png in Resources */ = {isa = PBXBuildFile; fileRef = A595B6511813E0AD00B4CE36 /* unavail_scroll_king.png */; };
		A595B6781813E0AD00B4CE36 /* unavail_scroll_magnifier.png in Resources */ = {isa = PBXBuildFile; fileRef = A595B6521813E0AD00B4CE36 /* unavail_scroll_magnifier.png */; };
		A595B6791813E0AD00B4CE36 /* unavail_scroll_poweredwatch.png in Resources */ = {isa = PBXBuildFile; fileRef = A595B6531813E0AD00B4CE36 /* unavail_scroll_poweredwatch.png */; };
		A595B67A1813E0AD00B4CE36 /* unavail_scroll_watch.png in Resources */ = {isa = PBXBuildFile; fileRef = A595B6541813E0AD00B4CE36 /* unavail_scroll_watch.png */; };
		A595B67B1813E0AD00B4CE36 /* unavail_sechand.png in Resources */ = {isa = PBXBuildFile; fileRef = A595B6551813E0AD00B4CE36 /* unavail_sechand.png */; };
		A595B67C1813E0AD00B4CE36 /* unavail_throne.png in Resources */ = {isa = PBXBuildFile; fileRef = A595B6561813E0AD00B4CE36 /* unavail_throne.png */; };
		A595B67D1813E0AD00B4CE36 /* unavail_unknown.png in Resources */ = {isa = PBXBuildFile; fileRef = A595B6571813E0AD00B4CE36 /* unavail_unknown.png */; };
		A595B67E1813E0AD00B4CE36 /* unavail_watch.png in Resources */ = {isa = PBXBuildFile; fileRef = A595B6581813E0AD00B4CE36 /* unavail_watch.png */; };
		A595B67F1813E0AD00B4CE36 /* unknown.png in Resources */ = {isa = PBXBuildFile; fileRef = A595B6591813E0AD00B4CE36 /* unknown.png */; };
		A595B69B1813E0D300B4CE36 /* orange_A.ico in Resources */ = {isa = PBXBuildFile; fileRef = A595B6811813E0D300B4CE36 /* orange_A.ico */; };
		A595B69C1813E0D300B4CE36 /* orange_B.ico in Resources */ = {isa = PBXBuildFile; fileRef = A595B6821813E0D300B4CE36 /* orange_B.ico */; };
		A595B69D1813E0D300B4CE36 /* orange_C.ico in Resources */ = {isa = PBXBuildFile; fileRef = A595B6831813E0D300B4CE36 /* orange_C.ico */; };
		A595B69E1813E0D300B4CE36 /* orange_D.ico in Resources */ = {isa = PBXBuildFile; fileRef = A595B6841813E0D300B4CE36 /* orange_D.ico */; };
		A595B69F1813E0D300B4CE36 /* orange_E.ico in Resources */ = {isa = PBXBuildFile; fileRef = A595B6851813E0D300B4CE36 /* orange_E.ico */; };
		A595B6A01813E0D300B4CE36 /* orange_F.ico in Resources */ = {isa = PBXBuildFile; fileRef = A595B6861813E0D300B4CE36 /* orange_F.ico */; };
		A595B6A11813E0D300B4CE36 /* orange_G.ico in Resources */ = {isa = PBXBuildFile; fileRef = A595B6871813E0D300B4CE36 /* orange_G.ico */; };
		A595B6A21813E0D300B4CE36 /* orange_H.ico in Resources */ = {isa = PBXBuildFile; fileRef = A595B6881813E0D300B4CE36 /* orange_H.ico */; };
		A595B6A31813E0D300B4CE36 /* orange_I.ico in Resources */ = {isa = PBXBuildFile; fileRef = A595B6891813E0D300B4CE36 /* orange_I.ico */; };
		A595B6A41813E0D300B4CE36 /* orange_J.ico in Resources */ = {isa = PBXBuildFile; fileRef = A595B68A1813E0D300B4CE36 /* orange_J.ico */; };
		A595B6A51813E0D300B4CE36 /* orange_K.ico in Resources */ = {isa = PBXBuildFile; fileRef = A595B68B1813E0D300B4CE36 /* orange_K.ico */; };
		A595B6A61813E0D300B4CE36 /* orange_L.ico in Resources */ = {isa = PBXBuildFile; fileRef = A595B68C1813E0D300B4CE36 /* orange_L.ico */; };
		A595B6A71813E0D300B4CE36 /* orange_M.ico in Resources */ = {isa = PBXBuildFile; fileRef = A595B68D1813E0D300B4CE36 /* orange_M.ico */; };
		A595B6A81813E0D300B4CE36 /* orange_N.ico in Resources */ = {isa = PBXBuildFile; fileRef = A595B68E1813E0D300B4CE36 /* orange_N.ico */; };
		A595B6A91813E0D300B4CE36 /* orange_O.ico in Resources */ = {isa = PBXBuildFile; fileRef = A595B68F1813E0D300B4CE36 /* orange_O.ico */; };
		A595B6AA1813E0D300B4CE36 /* orange_P.ico in Resources */ = {isa = PBXBuildFile; fileRef = A595B6901813E0D300B4CE36 /* orange_P.ico */; };
		A595B6AB1813E0D300B4CE36 /* orange_Q.ico in Resources */ = {isa = PBXBuildFile; fileRef = A595B6911813E0D300B4CE36 /* orange_Q.ico */; };
		A595B6AC1813E0D300B4CE36 /* orange_R.ico in Resources */ = {isa = PBXBuildFile; fileRef = A595B6921813E0D300B4CE36 /* orange_R.ico */; };
		A595B6AD1813E0D300B4CE36 /* orange_S.ico in Resources */ = {isa = PBXBuildFile; fileRef = A595B6931813E0D300B4CE36 /* orange_S.ico */; };
		A595B6AE1813E0D300B4CE36 /* orange_T.ico in Resources */ = {isa = PBXBuildFile; fileRef = A595B6941813E0D300B4CE36 /* orange_T.ico */; };
		A595B6AF1813E0D300B4CE36 /* orange_U.ico in Resources */ = {isa = PBXBuildFile; fileRef = A595B6951813E0D300B4CE36 /* orange_U.ico */; };
		A595B6B01813E0D300B4CE36 /* orange_V.ico in Resources */ = {isa = PBXBuildFile; fileRef = A595B6961813E0D300B4CE36 /* orange_V.ico */; };
		A595B6B11813E0D300B4CE36 /* orange_W.ico in Resources */ = {isa = PBXBuildFile; fileRef = A595B6971813E0D300B4CE36 /* orange_W.ico */; };
		A595B6B21813E0D300B4CE36 /* orange_X.ico in Resources */ = {isa = PBXBuildFile; fileRef = A595B6981813E0D300B4CE36 /* orange_X.ico */; };
		A595B6B31813E0D300B4CE36 /* orange_Y.ico in Resources */ = {isa = PBXBuildFile; fileRef = A595B6991813E0D300B4CE36 /* orange_Y.ico */; };
		A595B6B41813E0D300B4CE36 /* orange_Z.ico in Resources */ = {isa = PBXBuildFile; fileRef = A595B69A1813E0D300B4CE36 /* orange_Z.ico */; };
		A595B6D01813E0EC00B4CE36 /* blue_A.ico in Resources */ = {isa = PBXBuildFile; fileRef = A595B6B61813E0EC00B4CE36 /* blue_A.ico */; };
		A595B6D11813E0EC00B4CE36 /* blue_B.ico in Resources */ = {isa = PBXBuildFile; fileRef = A595B6B71813E0EC00B4CE36 /* blue_B.ico */; };
		A595B6D21813E0EC00B4CE36 /* blue_C.ico in Resources */ = {isa = PBXBuildFile; fileRef = A595B6B81813E0EC00B4CE36 /* blue_C.ico */; };
		A595B6D31813E0EC00B4CE36 /* blue_D.ico in Resources */ = {isa = PBXBuildFile; fileRef = A595B6B91813E0EC00B4CE36 /* blue_D.ico */; };
		A595B6D41813E0EC00B4CE36 /* blue_E.ico in Resources */ = {isa = PBXBuildFile; fileRef = A595B6BA1813E0EC00B4CE36 /* blue_E.ico */; };
		A595B6D51813E0ED00B4CE36 /* blue_F.ico in Resources */ = {isa = PBXBuildFile; fileRef = A595B6BB1813E0EC00B4CE36 /* blue_F.ico */; };
		A595B6D61813E0ED00B4CE36 /* blue_G.ico in Resources */ = {isa = PBXBuildFile; fileRef = A595B6BC1813E0EC00B4CE36 /* blue_G.ico */; };
		A595B6D71813E0ED00B4CE36 /* blue_H.ico in Resources */ = {isa = PBXBuildFile; fileRef = A595B6BD1813E0EC00B4CE36 /* blue_H.ico */; };
		A595B6D81813E0ED00B4CE36 /* blue_I.ico in Resources */ = {isa = PBXBuildFile; fileRef = A595B6BE1813E0EC00B4CE36 /* blue_I.ico */; };
		A595B6D91813E0ED00B4CE36 /* blue_J.ico in Resources */ = {isa = PBXBuildFile; fileRef = A595B6BF1813E0EC00B4CE36 /* blue_J.ico */; };
		A595B6DA1813E0ED00B4CE36 /* blue_K.ico in Resources */ = {isa = PBXBuildFile; fileRef = A595B6C01813E0EC00B4CE36 /* blue_K.ico */; };
		A595B6DB1813E0ED00B4CE36 /* blue_L.ico in Resources */ = {isa = PBXBuildFile; fileRef = A595B6C11813E0EC00B4CE36 /* blue_L.ico */; };
		A595B6DC1813E0ED00B4CE36 /* blue_M.ico in Resources */ = {isa = PBXBuildFile; fileRef = A595B6C21813E0EC00B4CE36 /* blue_M.ico */; };
		A595B6DD1813E0ED00B4CE36 /* blue_N.ico in Resources */ = {isa = PBXBuildFile; fileRef = A595B6C31813E0EC00B4CE36 /* blue_N.ico */; };
		A595B6DE1813E0ED00B4CE36 /* blue_O.ico in Resources */ = {isa = PBXBuildFile; fileRef = A595B6C41813E0EC00B4CE36 /* blue_O.ico */; };
		A595B6DF1813E0ED00B4CE36 /* blue_P.ico in Resources */ = {isa = PBXBuildFile; fileRef = A595B6C51813E0EC00B4CE36 /* blue_P.ico */; };
		A595B6E01813E0ED00B4CE36 /* blue_Q.ico in Resources */ = {isa = PBXBuildFile; fileRef = A595B6C61813E0EC00B4CE36 /* blue_Q.ico */; };
		A595B6E11813E0ED00B4CE36 /* blue_R.ico in Resources */ = {isa = PBXBuildFile; fileRef = A595B6C71813E0EC00B4CE36 /* blue_R.ico */; };
		A595B6E21813E0ED00B4CE36 /* blue_S.ico in Resources */ = {isa = PBXBuildFile; fileRef = A595B6C81813E0EC00B4CE36 /* blue_S.ico */; };
		A595B6E31813E0ED00B4CE36 /* blue_T.ico in Resources */ = {isa = PBXBuildFile; fileRef = A595B6C91813E0EC00B4CE36 /* blue_T.ico */; };
		A595B6E41813E0ED00B4CE36 /* blue_U.ico in Resources */ = {isa = PBXBuildFile; fileRef = A595B6CA1813E0EC00B4CE36 /* blue_U.ico */; };
		A595B6E51813E0ED00B4CE36 /* blue_V.ico in Resources */ = {isa = PBXBuildFile; fileRef = A595B6CB1813E0EC00B4CE36 /* blue_V.ico */; };
		A595B6E61813E0ED00B4CE36 /* blue_W.ico in Resources */ = {isa = PBXBuildFile; fileRef = A595B6CC1813E0EC00B4CE36 /* blue_W.ico */; };
		A595B6E71813E0ED00B4CE36 /* blue_X.ico in Resources */ = {isa = PBXBuildFile; fileRef = A595B6CD1813E0EC00B4CE36 /* blue_X.ico */; };
		A595B6E81813E0ED00B4CE36 /* blue_Y.ico in Resources */ = {isa = PBXBuildFile; fileRef = A595B6CE1813E0EC00B4CE36 /* blue_Y.ico */; };
		A595B6E91813E0ED00B4CE36 /* blue_Z.ico in Resources */ = {isa = PBXBuildFile; fileRef = A595B6CF1813E0EC00B4CE36 /* blue_Z.ico */; };
		A595E777181692FB008FAE4B /* UsableItemView.m in Sources */ = {isa = PBXBuildFile; fileRef = A595E776181692FB008FAE4B /* UsableItemView.m */; };
		A5963116180FE27900E6C72A /* Library.m in Sources */ = {isa = PBXBuildFile; fileRef = A5963115180FE27900E6C72A /* Library.m */; };
		A5C6D5DA180B740400E3EDC6 /* Model.xcdatamodeld in Sources */ = {isa = PBXBuildFile; fileRef = A5C6D5D8180B740400E3EDC6 /* Model.xcdatamodeld */; };
		A5C6D5F9180BD42B00E3EDC6 /* PlayTabBarController.m in Sources */ = {isa = PBXBuildFile; fileRef = A5C6D5F8180BD42B00E3EDC6 /* PlayTabBarController.m */; };
		A5C6D600180BD5AC00E3EDC6 /* MiscTabBarController.m in Sources */ = {isa = PBXBuildFile; fileRef = A5C6D5FF180BD5AC00E3EDC6 /* MiscTabBarController.m */; };
		A5C6D603180BD83E00E3EDC6 /* LibrariesTableViewController.m in Sources */ = {isa = PBXBuildFile; fileRef = A5C6D602180BD83E00E3EDC6 /* LibrariesTableViewController.m */; };
		A5C6D606180BDC6100E3EDC6 /* WordsTableViewController.m in Sources */ = {isa = PBXBuildFile; fileRef = A5C6D605180BDC6100E3EDC6 /* WordsTableViewController.m */; };
		A5D51AD31807B9D8000E2D1B /* TitleView.m in Sources */ = {isa = PBXBuildFile; fileRef = A5D51AD21807B9D8000E2D1B /* TitleView.m */; };
		A5D51AD71807BC39000E2D1B /* ExpBar.m in Sources */ = {isa = PBXBuildFile; fileRef = A5D51AD61807BC39000E2D1B /* ExpBar.m */; };
/* End PBXBuildFile section */

/* Begin PBXContainerItemProxy section */
		90DF0C2D17FB812A00C0EEE9 /* PBXContainerItemProxy */ = {
			isa = PBXContainerItemProxy;
			containerPortal = 90DF0BF717FB812900C0EEE9 /* Project object */;
			proxyType = 1;
			remoteGlobalIDString = 90DF0BFE17FB812900C0EEE9;
			remoteInfo = WordGame;
		};
/* End PBXContainerItemProxy section */

/* Begin PBXFileReference section */
		9012B69018026372001424AE /* CoreData.framework */ = {isa = PBXFileReference; lastKnownFileType = wrapper.framework; name = CoreData.framework; path = System/Library/Frameworks/CoreData.framework; sourceTree = SDKROOT; };
		9012B69D18026C37001424AE /* LibraryTableViewController.h */ = {isa = PBXFileReference; fileEncoding = 4; lastKnownFileType = sourcecode.c.h; path = LibraryTableViewController.h; sourceTree = "<group>"; };
		9012B69E18026C37001424AE /* LibraryTableViewController.m */ = {isa = PBXFileReference; fileEncoding = 4; lastKnownFileType = sourcecode.c.objc; path = LibraryTableViewController.m; sourceTree = "<group>"; };
		90D8FBE317FCD8DE00977AD4 /* PlayView.h */ = {isa = PBXFileReference; fileEncoding = 4; lastKnownFileType = sourcecode.c.h; path = PlayView.h; sourceTree = "<group>"; };
		90D8FBE417FCD8DE00977AD4 /* PlayView.m */ = {isa = PBXFileReference; fileEncoding = 4; lastKnownFileType = sourcecode.c.objc; path = PlayView.m; sourceTree = "<group>"; };
		90D8FBE817FCD97D00977AD4 /* LevelViewController.h */ = {isa = PBXFileReference; fileEncoding = 4; lastKnownFileType = sourcecode.c.h; path = LevelViewController.h; sourceTree = "<group>"; };
		90D8FBE917FCD97D00977AD4 /* LevelViewController.m */ = {isa = PBXFileReference; fileEncoding = 4; lastKnownFileType = sourcecode.c.objc; path = LevelViewController.m; sourceTree = "<group>"; };
		90D8FBEB17FCDAAE00977AD4 /* PlayViewController.h */ = {isa = PBXFileReference; fileEncoding = 4; lastKnownFileType = sourcecode.c.h; path = PlayViewController.h; sourceTree = "<group>"; };
		90D8FBEC17FCDAAE00977AD4 /* PlayViewController.m */ = {isa = PBXFileReference; fileEncoding = 4; lastKnownFileType = sourcecode.c.objc; path = PlayViewController.m; sourceTree = "<group>"; };
		90D8FBEE17FCDD6A00977AD4 /* Constants.h */ = {isa = PBXFileReference; lastKnownFileType = sourcecode.c.h; path = Constants.h; sourceTree = "<group>"; };
		90D8FBEF17FCE21000977AD4 /* QuartzCore.framework */ = {isa = PBXFileReference; lastKnownFileType = wrapper.framework; name = QuartzCore.framework; path = System/Library/Frameworks/QuartzCore.framework; sourceTree = SDKROOT; };
		90DF0BFF17FB812A00C0EEE9 /* WordGame.app */ = {isa = PBXFileReference; explicitFileType = wrapper.application; includeInIndex = 0; path = WordGame.app; sourceTree = BUILT_PRODUCTS_DIR; };
		90DF0C0217FB812A00C0EEE9 /* UIKit.framework */ = {isa = PBXFileReference; lastKnownFileType = wrapper.framework; name = UIKit.framework; path = System/Library/Frameworks/UIKit.framework; sourceTree = SDKROOT; };
		90DF0C0417FB812A00C0EEE9 /* Foundation.framework */ = {isa = PBXFileReference; lastKnownFileType = wrapper.framework; name = Foundation.framework; path = System/Library/Frameworks/Foundation.framework; sourceTree = SDKROOT; };
		90DF0C0617FB812A00C0EEE9 /* CoreGraphics.framework */ = {isa = PBXFileReference; lastKnownFileType = wrapper.framework; name = CoreGraphics.framework; path = System/Library/Frameworks/CoreGraphics.framework; sourceTree = SDKROOT; };
		90DF0C0A17FB812A00C0EEE9 /* WordGame-Info.plist */ = {isa = PBXFileReference; lastKnownFileType = text.plist.xml; path = "WordGame-Info.plist"; sourceTree = "<group>"; };
		90DF0C0C17FB812A00C0EEE9 /* en */ = {isa = PBXFileReference; lastKnownFileType = text.plist.strings; name = en; path = en.lproj/InfoPlist.strings; sourceTree = "<group>"; };
		90DF0C0E17FB812A00C0EEE9 /* main.m */ = {isa = PBXFileReference; lastKnownFileType = sourcecode.c.objc; path = main.m; sourceTree = "<group>"; };
		90DF0C1017FB812A00C0EEE9 /* WordGame-Prefix.pch */ = {isa = PBXFileReference; lastKnownFileType = sourcecode.c.h; path = "WordGame-Prefix.pch"; sourceTree = "<group>"; };
		90DF0C1117FB812A00C0EEE9 /* AppDelegate.h */ = {isa = PBXFileReference; lastKnownFileType = sourcecode.c.h; path = AppDelegate.h; sourceTree = "<group>"; };
		90DF0C1217FB812A00C0EEE9 /* AppDelegate.m */ = {isa = PBXFileReference; lastKnownFileType = sourcecode.c.objc; path = AppDelegate.m; sourceTree = "<group>"; };
		90DF0C1417FB812A00C0EEE9 /* Default.png */ = {isa = PBXFileReference; lastKnownFileType = image.png; path = Default.png; sourceTree = "<group>"; };
		90DF0C1617FB812A00C0EEE9 /* Default@2x.png */ = {isa = PBXFileReference; lastKnownFileType = image.png; path = "Default@2x.png"; sourceTree = "<group>"; };
		90DF0C1817FB812A00C0EEE9 /* Default-568h@2x.png */ = {isa = PBXFileReference; lastKnownFileType = image.png; path = "Default-568h@2x.png"; sourceTree = "<group>"; };
		90DF0C1B17FB812A00C0EEE9 /* en */ = {isa = PBXFileReference; lastKnownFileType = file.storyboard; name = en; path = en.lproj/MainStoryboard_iPhone.storyboard; sourceTree = "<group>"; };
		90DF0C1E17FB812A00C0EEE9 /* en */ = {isa = PBXFileReference; lastKnownFileType = file.storyboard; name = en; path = en.lproj/MainStoryboard_iPad.storyboard; sourceTree = "<group>"; };
		90DF0C2017FB812A00C0EEE9 /* ViewController.h */ = {isa = PBXFileReference; lastKnownFileType = sourcecode.c.h; path = ViewController.h; sourceTree = "<group>"; };
		90DF0C2117FB812A00C0EEE9 /* ViewController.m */ = {isa = PBXFileReference; lastKnownFileType = sourcecode.c.objc; path = ViewController.m; sourceTree = "<group>"; };
		90DF0C2817FB812A00C0EEE9 /* WordGameTests.octest */ = {isa = PBXFileReference; explicitFileType = wrapper.cfbundle; includeInIndex = 0; path = WordGameTests.octest; sourceTree = BUILT_PRODUCTS_DIR; };
		90DF0C2917FB812A00C0EEE9 /* SenTestingKit.framework */ = {isa = PBXFileReference; lastKnownFileType = wrapper.framework; name = SenTestingKit.framework; path = Library/Frameworks/SenTestingKit.framework; sourceTree = DEVELOPER_DIR; };
		90DF0C3117FB812A00C0EEE9 /* WordGameTests-Info.plist */ = {isa = PBXFileReference; lastKnownFileType = text.plist.xml; path = "WordGameTests-Info.plist"; sourceTree = "<group>"; };
		90DF0C3317FB812A00C0EEE9 /* en */ = {isa = PBXFileReference; lastKnownFileType = text.plist.strings; name = en; path = en.lproj/InfoPlist.strings; sourceTree = "<group>"; };
		90DF0C3517FB812A00C0EEE9 /* WordGameTests.h */ = {isa = PBXFileReference; lastKnownFileType = sourcecode.c.h; path = WordGameTests.h; sourceTree = "<group>"; };
		90DF0C3617FB812A00C0EEE9 /* WordGameTests.m */ = {isa = PBXFileReference; lastKnownFileType = sourcecode.c.objc; path = WordGameTests.m; sourceTree = "<group>"; };
		A58A93911819D0CD007593B4 /* finder.png */ = {isa = PBXFileReference; lastKnownFileType = image.png; name = finder.png; path = resources/icons/finder.png; sourceTree = "<group>"; };
		A58A93941819D42C007593B4 /* lg_A.ico */ = {isa = PBXFileReference; lastKnownFileType = image.ico; name = lg_A.ico; path = resources/icons/lg/lg_A.ico; sourceTree = "<group>"; };
		A58A93951819D42C007593B4 /* lg_B.ico */ = {isa = PBXFileReference; lastKnownFileType = image.ico; name = lg_B.ico; path = resources/icons/lg/lg_B.ico; sourceTree = "<group>"; };
		A58A93961819D42C007593B4 /* lg_C.ico */ = {isa = PBXFileReference; lastKnownFileType = image.ico; name = lg_C.ico; path = resources/icons/lg/lg_C.ico; sourceTree = "<group>"; };
		A58A93971819D42C007593B4 /* lg_D.ico */ = {isa = PBXFileReference; lastKnownFileType = image.ico; name = lg_D.ico; path = resources/icons/lg/lg_D.ico; sourceTree = "<group>"; };
		A58A93981819D42C007593B4 /* lg_E.ico */ = {isa = PBXFileReference; lastKnownFileType = image.ico; name = lg_E.ico; path = resources/icons/lg/lg_E.ico; sourceTree = "<group>"; };
		A58A93991819D42C007593B4 /* lg_F.ico */ = {isa = PBXFileReference; lastKnownFileType = image.ico; name = lg_F.ico; path = resources/icons/lg/lg_F.ico; sourceTree = "<group>"; };
		A58A939A1819D42C007593B4 /* lg_G.ico */ = {isa = PBXFileReference; lastKnownFileType = image.ico; name = lg_G.ico; path = resources/icons/lg/lg_G.ico; sourceTree = "<group>"; };
		A58A939B1819D42C007593B4 /* lg_H.ico */ = {isa = PBXFileReference; lastKnownFileType = image.ico; name = lg_H.ico; path = resources/icons/lg/lg_H.ico; sourceTree = "<group>"; };
		A58A939C1819D42C007593B4 /* lg_I.ico */ = {isa = PBXFileReference; lastKnownFileType = image.ico; name = lg_I.ico; path = resources/icons/lg/lg_I.ico; sourceTree = "<group>"; };
		A58A939D1819D42C007593B4 /* lg_J.ico */ = {isa = PBXFileReference; lastKnownFileType = image.ico; name = lg_J.ico; path = resources/icons/lg/lg_J.ico; sourceTree = "<group>"; };
		A58A939E1819D42C007593B4 /* lg_K.ico */ = {isa = PBXFileReference; lastKnownFileType = image.ico; name = lg_K.ico; path = resources/icons/lg/lg_K.ico; sourceTree = "<group>"; };
		A58A939F1819D42C007593B4 /* lg_L.ico */ = {isa = PBXFileReference; lastKnownFileType = image.ico; name = lg_L.ico; path = resources/icons/lg/lg_L.ico; sourceTree = "<group>"; };
		A58A93A01819D42C007593B4 /* lg_M.ico */ = {isa = PBXFileReference; lastKnownFileType = image.ico; name = lg_M.ico; path = resources/icons/lg/lg_M.ico; sourceTree = "<group>"; };
		A58A93A11819D42C007593B4 /* lg_N.ico */ = {isa = PBXFileReference; lastKnownFileType = image.ico; name = lg_N.ico; path = resources/icons/lg/lg_N.ico; sourceTree = "<group>"; };
		A58A93A21819D42C007593B4 /* lg_O.ico */ = {isa = PBXFileReference; lastKnownFileType = image.ico; name = lg_O.ico; path = resources/icons/lg/lg_O.ico; sourceTree = "<group>"; };
		A58A93A31819D42C007593B4 /* lg_P.ico */ = {isa = PBXFileReference; lastKnownFileType = image.ico; name = lg_P.ico; path = resources/icons/lg/lg_P.ico; sourceTree = "<group>"; };
		A58A93A41819D42C007593B4 /* lg_Q.ico */ = {isa = PBXFileReference; lastKnownFileType = image.ico; name = lg_Q.ico; path = resources/icons/lg/lg_Q.ico; sourceTree = "<group>"; };
		A58A93A51819D42C007593B4 /* lg_R.ico */ = {isa = PBXFileReference; lastKnownFileType = image.ico; name = lg_R.ico; path = resources/icons/lg/lg_R.ico; sourceTree = "<group>"; };
		A58A93A61819D42C007593B4 /* lg_S.ico */ = {isa = PBXFileReference; lastKnownFileType = image.ico; name = lg_S.ico; path = resources/icons/lg/lg_S.ico; sourceTree = "<group>"; };
		A58A93A71819D42C007593B4 /* lg_T.ico */ = {isa = PBXFileReference; lastKnownFileType = image.ico; name = lg_T.ico; path = resources/icons/lg/lg_T.ico; sourceTree = "<group>"; };
		A58A93A81819D42C007593B4 /* lg_U.ico */ = {isa = PBXFileReference; lastKnownFileType = image.ico; name = lg_U.ico; path = resources/icons/lg/lg_U.ico; sourceTree = "<group>"; };
		A58A93A91819D42C007593B4 /* lg_V.ico */ = {isa = PBXFileReference; lastKnownFileType = image.ico; name = lg_V.ico; path = resources/icons/lg/lg_V.ico; sourceTree = "<group>"; };
		A58A93AA1819D42C007593B4 /* lg_W.ico */ = {isa = PBXFileReference; lastKnownFileType = image.ico; name = lg_W.ico; path = resources/icons/lg/lg_W.ico; sourceTree = "<group>"; };
		A58A93AB1819D42C007593B4 /* lg_X.ico */ = {isa = PBXFileReference; lastKnownFileType = image.ico; name = lg_X.ico; path = resources/icons/lg/lg_X.ico; sourceTree = "<group>"; };
		A58A93AC1819D42C007593B4 /* lg_Y.ico */ = {isa = PBXFileReference; lastKnownFileType = image.ico; name = lg_Y.ico; path = resources/icons/lg/lg_Y.ico; sourceTree = "<group>"; };
		A58A93AD1819D42C007593B4 /* lg_Z.ico */ = {isa = PBXFileReference; lastKnownFileType = image.ico; name = lg_Z.ico; path = resources/icons/lg/lg_Z.ico; sourceTree = "<group>"; };
		A58B066D18122AB300850648 /* Item.h */ = {isa = PBXFileReference; lastKnownFileType = sourcecode.c.h; path = Item.h; sourceTree = "<group>"; };
		A58B066E181230E100850648 /* Player.h */ = {isa = PBXFileReference; fileEncoding = 4; lastKnownFileType = sourcecode.c.h; path = Player.h; sourceTree = "<group>"; };
		A58B066F181230E100850648 /* Player.m */ = {isa = PBXFileReference; fileEncoding = 4; lastKnownFileType = sourcecode.c.objc; path = Player.m; sourceTree = "<group>"; };
		A58B06711812522E00850648 /* ItemDropModel.h */ = {isa = PBXFileReference; fileEncoding = 4; lastKnownFileType = sourcecode.c.h; path = ItemDropModel.h; sourceTree = "<group>"; };
		A58B06721812522F00850648 /* ItemDropModel.m */ = {isa = PBXFileReference; fileEncoding = 4; lastKnownFileType = sourcecode.c.objc; path = ItemDropModel.m; sourceTree = "<group>"; };
		A58B5C3D181091B300965261 /* ComposeCollectionView.h */ = {isa = PBXFileReference; fileEncoding = 4; lastKnownFileType = sourcecode.c.h; path = ComposeCollectionView.h; sourceTree = "<group>"; };
		A58B5C3E181091B300965261 /* ComposeCollectionView.m */ = {isa = PBXFileReference; fileEncoding = 4; lastKnownFileType = sourcecode.c.objc; path = ComposeCollectionView.m; sourceTree = "<group>"; };
		A58B5C40181092DE00965261 /* ComposeViewController.h */ = {isa = PBXFileReference; fileEncoding = 4; lastKnownFileType = sourcecode.c.h; path = ComposeViewController.h; sourceTree = "<group>"; };
		A58B5C41181092DE00965261 /* ComposeViewController.m */ = {isa = PBXFileReference; fileEncoding = 4; lastKnownFileType = sourcecode.c.objc; path = ComposeViewController.m; sourceTree = "<group>"; };
		A58B5C471810B07000965261 /* ComposeCell.h */ = {isa = PBXFileReference; fileEncoding = 4; lastKnownFileType = sourcecode.c.h; path = ComposeCell.h; sourceTree = "<group>"; };
		A58B5C481810B07000965261 /* ComposeCell.m */ = {isa = PBXFileReference; fileEncoding = 4; lastKnownFileType = sourcecode.c.objc; path = ComposeCell.m; sourceTree = "<group>"; };
		A58B5C4A1810B11500965261 /* ItemCell.h */ = {isa = PBXFileReference; fileEncoding = 4; lastKnownFileType = sourcecode.c.h; path = ItemCell.h; sourceTree = "<group>"; };
		A58B5C4B1810B11500965261 /* ItemCell.m */ = {isa = PBXFileReference; fileEncoding = 4; lastKnownFileType = sourcecode.c.objc; path = ItemCell.m; sourceTree = "<group>"; };
		A58BB607180E1EEE0039E9CE /* WordCell.h */ = {isa = PBXFileReference; fileEncoding = 4; lastKnownFileType = sourcecode.c.h; path = WordCell.h; sourceTree = "<group>"; };
		A58BB608180E1EEE0039E9CE /* WordCell.m */ = {isa = PBXFileReference; fileEncoding = 4; lastKnownFileType = sourcecode.c.objc; path = WordCell.m; sourceTree = "<group>"; };
		A58BB619180E51BC0039E9CE /* Word.h */ = {isa = PBXFileReference; fileEncoding = 4; lastKnownFileType = sourcecode.c.h; path = Word.h; sourceTree = "<group>"; };
		A58BB61A180E51BC0039E9CE /* Word.m */ = {isa = PBXFileReference; fileEncoding = 4; lastKnownFileType = sourcecode.c.objc; path = Word.m; sourceTree = "<group>"; };
		A58D39AC180F46F700128D6C /* NDTrie.h */ = {isa = PBXFileReference; fileEncoding = 4; lastKnownFileType = sourcecode.c.h; path = NDTrie.h; sourceTree = "<group>"; };
		A58D39AD180F46F700128D6C /* NDTrie.m */ = {isa = PBXFileReference; fileEncoding = 4; lastKnownFileType = sourcecode.c.objc; path = NDTrie.m; sourceTree = "<group>"; };
		A58D79B61814A6B400C767E0 /* particle.png */ = {isa = PBXFileReference; lastKnownFileType = image.png; name = particle.png; path = resources/icons/particle.png; sourceTree = "<group>"; };
		A5953DEC1818C68B001185FF /* DefinitionViewController.h */ = {isa = PBXFileReference; fileEncoding = 4; lastKnownFileType = sourcecode.c.h; path = DefinitionViewController.h; sourceTree = "<group>"; };
		A5953DED1818C68B001185FF /* DefinitionViewController.m */ = {isa = PBXFileReference; fileEncoding = 4; lastKnownFileType = sourcecode.c.objc; path = DefinitionViewController.m; sourceTree = "<group>"; };
		A595B61F18139F9900B4CE36 /* ComposeView.h */ = {isa = PBXFileReference; fileEncoding = 4; lastKnownFileType = sourcecode.c.h; path = ComposeView.h; sourceTree = "<group>"; };
		A595B62018139F9900B4CE36 /* ComposeView.m */ = {isa = PBXFileReference; fileEncoding = 4; lastKnownFileType = sourcecode.c.objc; path = ComposeView.m; sourceTree = "<group>"; };
		A595B62B1813E05800B4CE36 /* cancel_pressed.png */ = {isa = PBXFileReference; lastKnownFileType = image.png; name = cancel_pressed.png; path = resources/buttons/cancel_pressed.png; sourceTree = "<group>"; };
		A595B62C1813E05800B4CE36 /* cancel.png */ = {isa = PBXFileReference; lastKnownFileType = image.png; name = cancel.png; path = resources/buttons/cancel.png; sourceTree = "<group>"; };
		A595B62D1813E05800B4CE36 /* compose_pressed.png */ = {isa = PBXFileReference; lastKnownFileType = image.png; name = compose_pressed.png; path = resources/buttons/compose_pressed.png; sourceTree = "<group>"; };
		A595B62E1813E05800B4CE36 /* compose.png */ = {isa = PBXFileReference; lastKnownFileType = image.png; name = compose.png; path = resources/buttons/compose.png; sourceTree = "<group>"; };
		A595B6341813E0AD00B4CE36 /* avail_convexlens.png */ = {isa = PBXFileReference; lastKnownFileType = image.png; name = avail_convexlens.png; path = resources/items/avail_convexlens.png; sourceTree = "<group>"; };
		A595B6351813E0AD00B4CE36 /* avail_crown.png */ = {isa = PBXFileReference; lastKnownFileType = image.png; name = avail_crown.png; path = resources/items/avail_crown.png; sourceTree = "<group>"; };
		A595B6361813E0AD00B4CE36 /* avail_handle.png */ = {isa = PBXFileReference; lastKnownFileType = image.png; name = avail_handle.png; path = resources/items/avail_handle.png; sourceTree = "<group>"; };
		A595B6371813E0AD00B4CE36 /* avail_hourhand.png */ = {isa = PBXFileReference; lastKnownFileType = image.png; name = avail_hourhand.png; path = resources/items/avail_hourhand.png; sourceTree = "<group>"; };
		A595B6381813E0AD00B4CE36 /* avail_king.png */ = {isa = PBXFileReference; lastKnownFileType = image.png; name = avail_king.png; path = resources/items/avail_king.png; sourceTree = "<group>"; };
		A595B6391813E0AD00B4CE36 /* avail_magnifier.png */ = {isa = PBXFileReference; lastKnownFileType = image.png; name = avail_magnifier.png; path = resources/items/avail_magnifier.png; sourceTree = "<group>"; };
		A595B63A1813E0AD00B4CE36 /* avail_minhand.png */ = {isa = PBXFileReference; lastKnownFileType = image.png; name = avail_minhand.png; path = resources/items/avail_minhand.png; sourceTree = "<group>"; };
		A595B63B1813E0AD00B4CE36 /* avail_poweredwatch.png */ = {isa = PBXFileReference; lastKnownFileType = image.png; name = avail_poweredwatch.png; path = resources/items/avail_poweredwatch.png; sourceTree = "<group>"; };
		A595B63C1813E0AD00B4CE36 /* avail_powerup.png */ = {isa = PBXFileReference; lastKnownFileType = image.png; name = avail_powerup.png; path = resources/items/avail_powerup.png; sourceTree = "<group>"; };
		A595B63D1813E0AD00B4CE36 /* avail_quartz.png */ = {isa = PBXFileReference; lastKnownFileType = image.png; name = avail_quartz.png; path = resources/items/avail_quartz.png; sourceTree = "<group>"; };
		A595B63E1813E0AD00B4CE36 /* avail_sceptre.png */ = {isa = PBXFileReference; lastKnownFileType = image.png; name = avail_sceptre.png; path = resources/items/avail_sceptre.png; sourceTree = "<group>"; };
		A595B63F1813E0AD00B4CE36 /* avail_scroll_king.png */ = {isa = PBXFileReference; lastKnownFileType = image.png; name = avail_scroll_king.png; path = resources/items/avail_scroll_king.png; sourceTree = "<group>"; };
		A595B6401813E0AD00B4CE36 /* avail_scroll_magnifier.png */ = {isa = PBXFileReference; lastKnownFileType = image.png; name = avail_scroll_magnifier.png; path = resources/items/avail_scroll_magnifier.png; sourceTree = "<group>"; };
		A595B6411813E0AD00B4CE36 /* avail_scroll_poweredwatch.png */ = {isa = PBXFileReference; lastKnownFileType = image.png; name = avail_scroll_poweredwatch.png; path = resources/items/avail_scroll_poweredwatch.png; sourceTree = "<group>"; };
		A595B6421813E0AD00B4CE36 /* avail_scroll_watch.png */ = {isa = PBXFileReference; lastKnownFileType = image.png; name = avail_scroll_watch.png; path = resources/items/avail_scroll_watch.png; sourceTree = "<group>"; };
		A595B6431813E0AD00B4CE36 /* avail_sechand.png */ = {isa = PBXFileReference; lastKnownFileType = image.png; name = avail_sechand.png; path = resources/items/avail_sechand.png; sourceTree = "<group>"; };
		A595B6441813E0AD00B4CE36 /* avail_throne.png */ = {isa = PBXFileReference; lastKnownFileType = image.png; name = avail_throne.png; path = resources/items/avail_throne.png; sourceTree = "<group>"; };
		A595B6451813E0AD00B4CE36 /* avail_watch.png */ = {isa = PBXFileReference; lastKnownFileType = image.png; name = avail_watch.png; path = resources/items/avail_watch.png; sourceTree = "<group>"; };
		A595B6461813E0AD00B4CE36 /* unavail_convexlens.png */ = {isa = PBXFileReference; lastKnownFileType = image.png; name = unavail_convexlens.png; path = resources/items/unavail_convexlens.png; sourceTree = "<group>"; };
		A595B6471813E0AD00B4CE36 /* unavail_crown.png */ = {isa = PBXFileReference; lastKnownFileType = image.png; name = unavail_crown.png; path = resources/items/unavail_crown.png; sourceTree = "<group>"; };
		A595B6481813E0AD00B4CE36 /* unavail_handle.png */ = {isa = PBXFileReference; lastKnownFileType = image.png; name = unavail_handle.png; path = resources/items/unavail_handle.png; sourceTree = "<group>"; };
		A595B6491813E0AD00B4CE36 /* unavail_hourhand.png */ = {isa = PBXFileReference; lastKnownFileType = image.png; name = unavail_hourhand.png; path = resources/items/unavail_hourhand.png; sourceTree = "<group>"; };
		A595B64A1813E0AD00B4CE36 /* unavail_king.png */ = {isa = PBXFileReference; lastKnownFileType = image.png; name = unavail_king.png; path = resources/items/unavail_king.png; sourceTree = "<group>"; };
		A595B64B1813E0AD00B4CE36 /* unavail_magnifier.png */ = {isa = PBXFileReference; lastKnownFileType = image.png; name = unavail_magnifier.png; path = resources/items/unavail_magnifier.png; sourceTree = "<group>"; };
		A595B64C1813E0AD00B4CE36 /* unavail_minhand.png */ = {isa = PBXFileReference; lastKnownFileType = image.png; name = unavail_minhand.png; path = resources/items/unavail_minhand.png; sourceTree = "<group>"; };
		A595B64D1813E0AD00B4CE36 /* unavail_poweredwatch.png */ = {isa = PBXFileReference; lastKnownFileType = image.png; name = unavail_poweredwatch.png; path = resources/items/unavail_poweredwatch.png; sourceTree = "<group>"; };
		A595B64E1813E0AD00B4CE36 /* unavail_powerup.png */ = {isa = PBXFileReference; lastKnownFileType = image.png; name = unavail_powerup.png; path = resources/items/unavail_powerup.png; sourceTree = "<group>"; };
		A595B64F1813E0AD00B4CE36 /* unavail_quartz.png */ = {isa = PBXFileReference; lastKnownFileType = image.png; name = unavail_quartz.png; path = resources/items/unavail_quartz.png; sourceTree = "<group>"; };
		A595B6501813E0AD00B4CE36 /* unavail_sceptre.png */ = {isa = PBXFileReference; lastKnownFileType = image.png; name = unavail_sceptre.png; path = resources/items/unavail_sceptre.png; sourceTree = "<group>"; };
		A595B6511813E0AD00B4CE36 /* unavail_scroll_king.png */ = {isa = PBXFileReference; lastKnownFileType = image.png; name = unavail_scroll_king.png; path = resources/items/unavail_scroll_king.png; sourceTree = "<group>"; };
		A595B6521813E0AD00B4CE36 /* unavail_scroll_magnifier.png */ = {isa = PBXFileReference; lastKnownFileType = image.png; name = unavail_scroll_magnifier.png; path = resources/items/unavail_scroll_magnifier.png; sourceTree = "<group>"; };
		A595B6531813E0AD00B4CE36 /* unavail_scroll_poweredwatch.png */ = {isa = PBXFileReference; lastKnownFileType = image.png; name = unavail_scroll_poweredwatch.png; path = resources/items/unavail_scroll_poweredwatch.png; sourceTree = "<group>"; };
		A595B6541813E0AD00B4CE36 /* unavail_scroll_watch.png */ = {isa = PBXFileReference; lastKnownFileType = image.png; name = unavail_scroll_watch.png; path = resources/items/unavail_scroll_watch.png; sourceTree = "<group>"; };
		A595B6551813E0AD00B4CE36 /* unavail_sechand.png */ = {isa = PBXFileReference; lastKnownFileType = image.png; name = unavail_sechand.png; path = resources/items/unavail_sechand.png; sourceTree = "<group>"; };
		A595B6561813E0AD00B4CE36 /* unavail_throne.png */ = {isa = PBXFileReference; lastKnownFileType = image.png; name = unavail_throne.png; path = resources/items/unavail_throne.png; sourceTree = "<group>"; };
		A595B6571813E0AD00B4CE36 /* unavail_unknown.png */ = {isa = PBXFileReference; lastKnownFileType = image.png; name = unavail_unknown.png; path = resources/items/unavail_unknown.png; sourceTree = "<group>"; };
		A595B6581813E0AD00B4CE36 /* unavail_watch.png */ = {isa = PBXFileReference; lastKnownFileType = image.png; name = unavail_watch.png; path = resources/items/unavail_watch.png; sourceTree = "<group>"; };
		A595B6591813E0AD00B4CE36 /* unknown.png */ = {isa = PBXFileReference; lastKnownFileType = image.png; name = unknown.png; path = resources/items/unknown.png; sourceTree = "<group>"; };
		A595B6811813E0D300B4CE36 /* orange_A.ico */ = {isa = PBXFileReference; lastKnownFileType = image.ico; name = orange_A.ico; path = resources/icons/orange/orange_A.ico; sourceTree = "<group>"; };
		A595B6821813E0D300B4CE36 /* orange_B.ico */ = {isa = PBXFileReference; lastKnownFileType = image.ico; name = orange_B.ico; path = resources/icons/orange/orange_B.ico; sourceTree = "<group>"; };
		A595B6831813E0D300B4CE36 /* orange_C.ico */ = {isa = PBXFileReference; lastKnownFileType = image.ico; name = orange_C.ico; path = resources/icons/orange/orange_C.ico; sourceTree = "<group>"; };
		A595B6841813E0D300B4CE36 /* orange_D.ico */ = {isa = PBXFileReference; lastKnownFileType = image.ico; name = orange_D.ico; path = resources/icons/orange/orange_D.ico; sourceTree = "<group>"; };
		A595B6851813E0D300B4CE36 /* orange_E.ico */ = {isa = PBXFileReference; lastKnownFileType = image.ico; name = orange_E.ico; path = resources/icons/orange/orange_E.ico; sourceTree = "<group>"; };
		A595B6861813E0D300B4CE36 /* orange_F.ico */ = {isa = PBXFileReference; lastKnownFileType = image.ico; name = orange_F.ico; path = resources/icons/orange/orange_F.ico; sourceTree = "<group>"; };
		A595B6871813E0D300B4CE36 /* orange_G.ico */ = {isa = PBXFileReference; lastKnownFileType = image.ico; name = orange_G.ico; path = resources/icons/orange/orange_G.ico; sourceTree = "<group>"; };
		A595B6881813E0D300B4CE36 /* orange_H.ico */ = {isa = PBXFileReference; lastKnownFileType = image.ico; name = orange_H.ico; path = resources/icons/orange/orange_H.ico; sourceTree = "<group>"; };
		A595B6891813E0D300B4CE36 /* orange_I.ico */ = {isa = PBXFileReference; lastKnownFileType = image.ico; name = orange_I.ico; path = resources/icons/orange/orange_I.ico; sourceTree = "<group>"; };
		A595B68A1813E0D300B4CE36 /* orange_J.ico */ = {isa = PBXFileReference; lastKnownFileType = image.ico; name = orange_J.ico; path = resources/icons/orange/orange_J.ico; sourceTree = "<group>"; };
		A595B68B1813E0D300B4CE36 /* orange_K.ico */ = {isa = PBXFileReference; lastKnownFileType = image.ico; name = orange_K.ico; path = resources/icons/orange/orange_K.ico; sourceTree = "<group>"; };
		A595B68C1813E0D300B4CE36 /* orange_L.ico */ = {isa = PBXFileReference; lastKnownFileType = image.ico; name = orange_L.ico; path = resources/icons/orange/orange_L.ico; sourceTree = "<group>"; };
		A595B68D1813E0D300B4CE36 /* orange_M.ico */ = {isa = PBXFileReference; lastKnownFileType = image.ico; name = orange_M.ico; path = resources/icons/orange/orange_M.ico; sourceTree = "<group>"; };
		A595B68E1813E0D300B4CE36 /* orange_N.ico */ = {isa = PBXFileReference; lastKnownFileType = image.ico; name = orange_N.ico; path = resources/icons/orange/orange_N.ico; sourceTree = "<group>"; };
		A595B68F1813E0D300B4CE36 /* orange_O.ico */ = {isa = PBXFileReference; lastKnownFileType = image.ico; name = orange_O.ico; path = resources/icons/orange/orange_O.ico; sourceTree = "<group>"; };
		A595B6901813E0D300B4CE36 /* orange_P.ico */ = {isa = PBXFileReference; lastKnownFileType = image.ico; name = orange_P.ico; path = resources/icons/orange/orange_P.ico; sourceTree = "<group>"; };
		A595B6911813E0D300B4CE36 /* orange_Q.ico */ = {isa = PBXFileReference; lastKnownFileType = image.ico; name = orange_Q.ico; path = resources/icons/orange/orange_Q.ico; sourceTree = "<group>"; };
		A595B6921813E0D300B4CE36 /* orange_R.ico */ = {isa = PBXFileReference; lastKnownFileType = image.ico; name = orange_R.ico; path = resources/icons/orange/orange_R.ico; sourceTree = "<group>"; };
		A595B6931813E0D300B4CE36 /* orange_S.ico */ = {isa = PBXFileReference; lastKnownFileType = image.ico; name = orange_S.ico; path = resources/icons/orange/orange_S.ico; sourceTree = "<group>"; };
		A595B6941813E0D300B4CE36 /* orange_T.ico */ = {isa = PBXFileReference; lastKnownFileType = image.ico; name = orange_T.ico; path = resources/icons/orange/orange_T.ico; sourceTree = "<group>"; };
		A595B6951813E0D300B4CE36 /* orange_U.ico */ = {isa = PBXFileReference; lastKnownFileType = image.ico; name = orange_U.ico; path = resources/icons/orange/orange_U.ico; sourceTree = "<group>"; };
		A595B6961813E0D300B4CE36 /* orange_V.ico */ = {isa = PBXFileReference; lastKnownFileType = image.ico; name = orange_V.ico; path = resources/icons/orange/orange_V.ico; sourceTree = "<group>"; };
		A595B6971813E0D300B4CE36 /* orange_W.ico */ = {isa = PBXFileReference; lastKnownFileType = image.ico; name = orange_W.ico; path = resources/icons/orange/orange_W.ico; sourceTree = "<group>"; };
		A595B6981813E0D300B4CE36 /* orange_X.ico */ = {isa = PBXFileReference; lastKnownFileType = image.ico; name = orange_X.ico; path = resources/icons/orange/orange_X.ico; sourceTree = "<group>"; };
		A595B6991813E0D300B4CE36 /* orange_Y.ico */ = {isa = PBXFileReference; lastKnownFileType = image.ico; name = orange_Y.ico; path = resources/icons/orange/orange_Y.ico; sourceTree = "<group>"; };
		A595B69A1813E0D300B4CE36 /* orange_Z.ico */ = {isa = PBXFileReference; lastKnownFileType = image.ico; name = orange_Z.ico; path = resources/icons/orange/orange_Z.ico; sourceTree = "<group>"; };
		A595B6B61813E0EC00B4CE36 /* blue_A.ico */ = {isa = PBXFileReference; lastKnownFileType = image.ico; name = blue_A.ico; path = resources/icons/blue/blue_A.ico; sourceTree = "<group>"; };
		A595B6B71813E0EC00B4CE36 /* blue_B.ico */ = {isa = PBXFileReference; lastKnownFileType = image.ico; name = blue_B.ico; path = resources/icons/blue/blue_B.ico; sourceTree = "<group>"; };
		A595B6B81813E0EC00B4CE36 /* blue_C.ico */ = {isa = PBXFileReference; lastKnownFileType = image.ico; name = blue_C.ico; path = resources/icons/blue/blue_C.ico; sourceTree = "<group>"; };
		A595B6B91813E0EC00B4CE36 /* blue_D.ico */ = {isa = PBXFileReference; lastKnownFileType = image.ico; name = blue_D.ico; path = resources/icons/blue/blue_D.ico; sourceTree = "<group>"; };
		A595B6BA1813E0EC00B4CE36 /* blue_E.ico */ = {isa = PBXFileReference; lastKnownFileType = image.ico; name = blue_E.ico; path = resources/icons/blue/blue_E.ico; sourceTree = "<group>"; };
		A595B6BB1813E0EC00B4CE36 /* blue_F.ico */ = {isa = PBXFileReference; lastKnownFileType = image.ico; name = blue_F.ico; path = resources/icons/blue/blue_F.ico; sourceTree = "<group>"; };
		A595B6BC1813E0EC00B4CE36 /* blue_G.ico */ = {isa = PBXFileReference; lastKnownFileType = image.ico; name = blue_G.ico; path = resources/icons/blue/blue_G.ico; sourceTree = "<group>"; };
		A595B6BD1813E0EC00B4CE36 /* blue_H.ico */ = {isa = PBXFileReference; lastKnownFileType = image.ico; name = blue_H.ico; path = resources/icons/blue/blue_H.ico; sourceTree = "<group>"; };
		A595B6BE1813E0EC00B4CE36 /* blue_I.ico */ = {isa = PBXFileReference; lastKnownFileType = image.ico; name = blue_I.ico; path = resources/icons/blue/blue_I.ico; sourceTree = "<group>"; };
		A595B6BF1813E0EC00B4CE36 /* blue_J.ico */ = {isa = PBXFileReference; lastKnownFileType = image.ico; name = blue_J.ico; path = resources/icons/blue/blue_J.ico; sourceTree = "<group>"; };
		A595B6C01813E0EC00B4CE36 /* blue_K.ico */ = {isa = PBXFileReference; lastKnownFileType = image.ico; name = blue_K.ico; path = resources/icons/blue/blue_K.ico; sourceTree = "<group>"; };
		A595B6C11813E0EC00B4CE36 /* blue_L.ico */ = {isa = PBXFileReference; lastKnownFileType = image.ico; name = blue_L.ico; path = resources/icons/blue/blue_L.ico; sourceTree = "<group>"; };
		A595B6C21813E0EC00B4CE36 /* blue_M.ico */ = {isa = PBXFileReference; lastKnownFileType = image.ico; name = blue_M.ico; path = resources/icons/blue/blue_M.ico; sourceTree = "<group>"; };
		A595B6C31813E0EC00B4CE36 /* blue_N.ico */ = {isa = PBXFileReference; lastKnownFileType = image.ico; name = blue_N.ico; path = resources/icons/blue/blue_N.ico; sourceTree = "<group>"; };
		A595B6C41813E0EC00B4CE36 /* blue_O.ico */ = {isa = PBXFileReference; lastKnownFileType = image.ico; name = blue_O.ico; path = resources/icons/blue/blue_O.ico; sourceTree = "<group>"; };
		A595B6C51813E0EC00B4CE36 /* blue_P.ico */ = {isa = PBXFileReference; lastKnownFileType = image.ico; name = blue_P.ico; path = resources/icons/blue/blue_P.ico; sourceTree = "<group>"; };
		A595B6C61813E0EC00B4CE36 /* blue_Q.ico */ = {isa = PBXFileReference; lastKnownFileType = image.ico; name = blue_Q.ico; path = resources/icons/blue/blue_Q.ico; sourceTree = "<group>"; };
		A595B6C71813E0EC00B4CE36 /* blue_R.ico */ = {isa = PBXFileReference; lastKnownFileType = image.ico; name = blue_R.ico; path = resources/icons/blue/blue_R.ico; sourceTree = "<group>"; };
		A595B6C81813E0EC00B4CE36 /* blue_S.ico */ = {isa = PBXFileReference; lastKnownFileType = image.ico; name = blue_S.ico; path = resources/icons/blue/blue_S.ico; sourceTree = "<group>"; };
		A595B6C91813E0EC00B4CE36 /* blue_T.ico */ = {isa = PBXFileReference; lastKnownFileType = image.ico; name = blue_T.ico; path = resources/icons/blue/blue_T.ico; sourceTree = "<group>"; };
		A595B6CA1813E0EC00B4CE36 /* blue_U.ico */ = {isa = PBXFileReference; lastKnownFileType = image.ico; name = blue_U.ico; path = resources/icons/blue/blue_U.ico; sourceTree = "<group>"; };
		A595B6CB1813E0EC00B4CE36 /* blue_V.ico */ = {isa = PBXFileReference; lastKnownFileType = image.ico; name = blue_V.ico; path = resources/icons/blue/blue_V.ico; sourceTree = "<group>"; };
		A595B6CC1813E0EC00B4CE36 /* blue_W.ico */ = {isa = PBXFileReference; lastKnownFileType = image.ico; name = blue_W.ico; path = resources/icons/blue/blue_W.ico; sourceTree = "<group>"; };
		A595B6CD1813E0EC00B4CE36 /* blue_X.ico */ = {isa = PBXFileReference; lastKnownFileType = image.ico; name = blue_X.ico; path = resources/icons/blue/blue_X.ico; sourceTree = "<group>"; };
		A595B6CE1813E0EC00B4CE36 /* blue_Y.ico */ = {isa = PBXFileReference; lastKnownFileType = image.ico; name = blue_Y.ico; path = resources/icons/blue/blue_Y.ico; sourceTree = "<group>"; };
		A595B6CF1813E0EC00B4CE36 /* blue_Z.ico */ = {isa = PBXFileReference; lastKnownFileType = image.ico; name = blue_Z.ico; path = resources/icons/blue/blue_Z.ico; sourceTree = "<group>"; };
		A595E775181692FB008FAE4B /* UsableItemView.h */ = {isa = PBXFileReference; fileEncoding = 4; lastKnownFileType = sourcecode.c.h; path = UsableItemView.h; sourceTree = "<group>"; };
		A595E776181692FB008FAE4B /* UsableItemView.m */ = {isa = PBXFileReference; fileEncoding = 4; lastKnownFileType = sourcecode.c.objc; path = UsableItemView.m; sourceTree = "<group>"; };
		A5963114180FE27900E6C72A /* Library.h */ = {isa = PBXFileReference; fileEncoding = 4; lastKnownFileType = sourcecode.c.h; path = Library.h; sourceTree = "<group>"; };
		A5963115180FE27900E6C72A /* Library.m */ = {isa = PBXFileReference; fileEncoding = 4; lastKnownFileType = sourcecode.c.objc; path = Library.m; sourceTree = "<group>"; };
		A5C6D5D9180B740400E3EDC6 /* Model.xcdatamodel */ = {isa = PBXFileReference; lastKnownFileType = wrapper.xcdatamodel; path = Model.xcdatamodel; sourceTree = "<group>"; };
		A5C6D5F7180BD42A00E3EDC6 /* PlayTabBarController.h */ = {isa = PBXFileReference; fileEncoding = 4; lastKnownFileType = sourcecode.c.h; path = PlayTabBarController.h; sourceTree = "<group>"; };
		A5C6D5F8180BD42B00E3EDC6 /* PlayTabBarController.m */ = {isa = PBXFileReference; fileEncoding = 4; lastKnownFileType = sourcecode.c.objc; path = PlayTabBarController.m; sourceTree = "<group>"; };
		A5C6D5FE180BD5AC00E3EDC6 /* MiscTabBarController.h */ = {isa = PBXFileReference; fileEncoding = 4; lastKnownFileType = sourcecode.c.h; path = MiscTabBarController.h; sourceTree = "<group>"; };
		A5C6D5FF180BD5AC00E3EDC6 /* MiscTabBarController.m */ = {isa = PBXFileReference; fileEncoding = 4; lastKnownFileType = sourcecode.c.objc; path = MiscTabBarController.m; sourceTree = "<group>"; };
		A5C6D601180BD83E00E3EDC6 /* LibrariesTableViewController.h */ = {isa = PBXFileReference; fileEncoding = 4; lastKnownFileType = sourcecode.c.h; path = LibrariesTableViewController.h; sourceTree = "<group>"; };
		A5C6D602180BD83E00E3EDC6 /* LibrariesTableViewController.m */ = {isa = PBXFileReference; fileEncoding = 4; lastKnownFileType = sourcecode.c.objc; path = LibrariesTableViewController.m; sourceTree = "<group>"; };
		A5C6D604180BDC6000E3EDC6 /* WordsTableViewController.h */ = {isa = PBXFileReference; fileEncoding = 4; lastKnownFileType = sourcecode.c.h; path = WordsTableViewController.h; sourceTree = "<group>"; };
		A5C6D605180BDC6100E3EDC6 /* WordsTableViewController.m */ = {isa = PBXFileReference; fileEncoding = 4; lastKnownFileType = sourcecode.c.objc; path = WordsTableViewController.m; sourceTree = "<group>"; };
		A5D51AD11807B9D8000E2D1B /* TitleView.h */ = {isa = PBXFileReference; fileEncoding = 4; lastKnownFileType = sourcecode.c.h; path = TitleView.h; sourceTree = "<group>"; };
		A5D51AD21807B9D8000E2D1B /* TitleView.m */ = {isa = PBXFileReference; fileEncoding = 4; lastKnownFileType = sourcecode.c.objc; path = TitleView.m; sourceTree = "<group>"; };
		A5D51AD51807BC39000E2D1B /* ExpBar.h */ = {isa = PBXFileReference; fileEncoding = 4; lastKnownFileType = sourcecode.c.h; path = ExpBar.h; sourceTree = "<group>"; };
		A5D51AD61807BC39000E2D1B /* ExpBar.m */ = {isa = PBXFileReference; fileEncoding = 4; lastKnownFileType = sourcecode.c.objc; path = ExpBar.m; sourceTree = "<group>"; };
/* End PBXFileReference section */

/* Begin PBXFrameworksBuildPhase section */
		90DF0BFC17FB812900C0EEE9 /* Frameworks */ = {
			isa = PBXFrameworksBuildPhase;
			buildActionMask = 2147483647;
			files = (
				9012B69118026372001424AE /* CoreData.framework in Frameworks */,
				90D8FBF017FCE21000977AD4 /* QuartzCore.framework in Frameworks */,
				90DF0C0317FB812A00C0EEE9 /* UIKit.framework in Frameworks */,
				90DF0C0517FB812A00C0EEE9 /* Foundation.framework in Frameworks */,
				90DF0C0717FB812A00C0EEE9 /* CoreGraphics.framework in Frameworks */,
			);
			runOnlyForDeploymentPostprocessing = 0;
		};
		90DF0C2417FB812A00C0EEE9 /* Frameworks */ = {
			isa = PBXFrameworksBuildPhase;
			buildActionMask = 2147483647;
			files = (
				90DF0C2A17FB812A00C0EEE9 /* SenTestingKit.framework in Frameworks */,
				90DF0C2B17FB812A00C0EEE9 /* UIKit.framework in Frameworks */,
				90DF0C2C17FB812A00C0EEE9 /* Foundation.framework in Frameworks */,
			);
			runOnlyForDeploymentPostprocessing = 0;
		};
/* End PBXFrameworksBuildPhase section */

/* Begin PBXGroup section */
		9012B68F1802634D001424AE /* Core Data Model */ = {
			isa = PBXGroup;
			children = (
				A5C6D5D8180B740400E3EDC6 /* Model.xcdatamodeld */,
				A58B066E181230E100850648 /* Player.h */,
				A58B066F181230E100850648 /* Player.m */,
				A5963114180FE27900E6C72A /* Library.h */,
				A5963115180FE27900E6C72A /* Library.m */,
				A58BB619180E51BC0039E9CE /* Word.h */,
				A58BB61A180E51BC0039E9CE /* Word.m */,
			);
			name = "Core Data Model";
			sourceTree = "<group>";
		};
		9012B69C18026C1A001424AE /* Library */ = {
			isa = PBXGroup;
			children = (
				9012B69D18026C37001424AE /* LibraryTableViewController.h */,
				9012B69E18026C37001424AE /* LibraryTableViewController.m */,
			);
			name = Library;
			sourceTree = "<group>";
		};
		90D8FBE617FCD8EF00977AD4 /* Play */ = {
			isa = PBXGroup;
			children = (
				9012B69C18026C1A001424AE /* Library */,
				90D8FBE717FCD90C00977AD4 /* Level */,
				A5C6D5F7180BD42A00E3EDC6 /* PlayTabBarController.h */,
				A5C6D5F8180BD42B00E3EDC6 /* PlayTabBarController.m */,
				A58D39AC180F46F700128D6C /* NDTrie.h */,
				A58D39AD180F46F700128D6C /* NDTrie.m */,
				A58B06711812522E00850648 /* ItemDropModel.h */,
				A58B06721812522F00850648 /* ItemDropModel.m */,
			);
			name = Play;
			sourceTree = "<group>";
		};
		90D8FBE717FCD90C00977AD4 /* Level */ = {
			isa = PBXGroup;
			children = (
				A5D51AD41807BBCE000E2D1B /* Title View */,
				90D8FBE317FCD8DE00977AD4 /* PlayView.h */,
				90D8FBE417FCD8DE00977AD4 /* PlayView.m */,
				90D8FBE817FCD97D00977AD4 /* LevelViewController.h */,
				90D8FBE917FCD97D00977AD4 /* LevelViewController.m */,
				90D8FBEB17FCDAAE00977AD4 /* PlayViewController.h */,
				90D8FBEC17FCDAAE00977AD4 /* PlayViewController.m */,
			);
			name = Level;
			sourceTree = "<group>";
		};
		90DF0BF617FB812900C0EEE9 = {
			isa = PBXGroup;
			children = (
				90DF0C0817FB812A00C0EEE9 /* WordGame */,
				90DF0C2F17FB812A00C0EEE9 /* WordGameTests */,
				90DF0C0117FB812A00C0EEE9 /* Frameworks */,
				90DF0C0017FB812A00C0EEE9 /* Products */,
			);
			sourceTree = "<group>";
		};
		90DF0C0017FB812A00C0EEE9 /* Products */ = {
			isa = PBXGroup;
			children = (
				90DF0BFF17FB812A00C0EEE9 /* WordGame.app */,
				90DF0C2817FB812A00C0EEE9 /* WordGameTests.octest */,
			);
			name = Products;
			sourceTree = "<group>";
		};
		90DF0C0117FB812A00C0EEE9 /* Frameworks */ = {
			isa = PBXGroup;
			children = (
				9012B69018026372001424AE /* CoreData.framework */,
				90D8FBEF17FCE21000977AD4 /* QuartzCore.framework */,
				90DF0C0217FB812A00C0EEE9 /* UIKit.framework */,
				90DF0C0417FB812A00C0EEE9 /* Foundation.framework */,
				90DF0C0617FB812A00C0EEE9 /* CoreGraphics.framework */,
				90DF0C2917FB812A00C0EEE9 /* SenTestingKit.framework */,
			);
			name = Frameworks;
			sourceTree = "<group>";
		};
		90DF0C0817FB812A00C0EEE9 /* WordGame */ = {
			isa = PBXGroup;
			children = (
				A58B066D18122AB300850648 /* Item.h */,
				90D8FBEE17FCDD6A00977AD4 /* Constants.h */,
				A5C6D5FD180BD59500E3EDC6 /* Misc */,
				A5CA06CC180B4EE900E31CF9 /* Libraries */,
				A5D51AD8180A0324000E2D1B /* Resources */,
				9012B68F1802634D001424AE /* Core Data Model */,
				90D8FBE617FCD8EF00977AD4 /* Play */,
				90DF0C1117FB812A00C0EEE9 /* AppDelegate.h */,
				90DF0C1217FB812A00C0EEE9 /* AppDelegate.m */,
				90DF0C1A17FB812A00C0EEE9 /* MainStoryboard_iPhone.storyboard */,
				90DF0C1D17FB812A00C0EEE9 /* MainStoryboard_iPad.storyboard */,
				90DF0C2017FB812A00C0EEE9 /* ViewController.h */,
				90DF0C2117FB812A00C0EEE9 /* ViewController.m */,
				90DF0C0917FB812A00C0EEE9 /* Supporting Files */,
			);
			path = WordGame;
			sourceTree = "<group>";
		};
		90DF0C0917FB812A00C0EEE9 /* Supporting Files */ = {
			isa = PBXGroup;
			children = (
				90DF0C0A17FB812A00C0EEE9 /* WordGame-Info.plist */,
				90DF0C0B17FB812A00C0EEE9 /* InfoPlist.strings */,
				90DF0C0E17FB812A00C0EEE9 /* main.m */,
				90DF0C1017FB812A00C0EEE9 /* WordGame-Prefix.pch */,
				90DF0C1417FB812A00C0EEE9 /* Default.png */,
				90DF0C1617FB812A00C0EEE9 /* Default@2x.png */,
				90DF0C1817FB812A00C0EEE9 /* Default-568h@2x.png */,
			);
			name = "Supporting Files";
			sourceTree = "<group>";
		};
		90DF0C2F17FB812A00C0EEE9 /* WordGameTests */ = {
			isa = PBXGroup;
			children = (
				90DF0C3517FB812A00C0EEE9 /* WordGameTests.h */,
				90DF0C3617FB812A00C0EEE9 /* WordGameTests.m */,
				90DF0C3017FB812A00C0EEE9 /* Supporting Files */,
			);
			path = WordGameTests;
			sourceTree = "<group>";
		};
		90DF0C3017FB812A00C0EEE9 /* Supporting Files */ = {
			isa = PBXGroup;
			children = (
				90DF0C3117FB812A00C0EEE9 /* WordGameTests-Info.plist */,
				90DF0C3217FB812A00C0EEE9 /* InfoPlist.strings */,
			);
			name = "Supporting Files";
			sourceTree = "<group>";
		};
		A58A93931819D406007593B4 /* found */ = {
			isa = PBXGroup;
			children = (
				A58A93941819D42C007593B4 /* lg_A.ico */,
				A58A93951819D42C007593B4 /* lg_B.ico */,
				A58A93961819D42C007593B4 /* lg_C.ico */,
				A58A93971819D42C007593B4 /* lg_D.ico */,
				A58A93981819D42C007593B4 /* lg_E.ico */,
				A58A93991819D42C007593B4 /* lg_F.ico */,
				A58A939A1819D42C007593B4 /* lg_G.ico */,
				A58A939B1819D42C007593B4 /* lg_H.ico */,
				A58A939C1819D42C007593B4 /* lg_I.ico */,
				A58A939D1819D42C007593B4 /* lg_J.ico */,
				A58A939E1819D42C007593B4 /* lg_K.ico */,
				A58A939F1819D42C007593B4 /* lg_L.ico */,
				A58A93A01819D42C007593B4 /* lg_M.ico */,
				A58A93A11819D42C007593B4 /* lg_N.ico */,
				A58A93A21819D42C007593B4 /* lg_O.ico */,
				A58A93A31819D42C007593B4 /* lg_P.ico */,
				A58A93A41819D42C007593B4 /* lg_Q.ico */,
				A58A93A51819D42C007593B4 /* lg_R.ico */,
				A58A93A61819D42C007593B4 /* lg_S.ico */,
				A58A93A71819D42C007593B4 /* lg_T.ico */,
				A58A93A81819D42C007593B4 /* lg_U.ico */,
				A58A93A91819D42C007593B4 /* lg_V.ico */,
				A58A93AA1819D42C007593B4 /* lg_W.ico */,
				A58A93AB1819D42C007593B4 /* lg_X.ico */,
				A58A93AC1819D42C007593B4 /* lg_Y.ico */,
				A58A93AD1819D42C007593B4 /* lg_Z.ico */,
			);
			name = found;
			sourceTree = "<group>";
		};
		A58B5C3C1810918700965261 /* Compose */ = {
			isa = PBXGroup;
			children = (
				A58B5C431810AF7C00965261 /* CollectionViewCell */,
				A58B5C3D181091B300965261 /* ComposeCollectionView.h */,
				A58B5C3E181091B300965261 /* ComposeCollectionView.m */,
				A58B5C40181092DE00965261 /* ComposeViewController.h */,
				A58B5C41181092DE00965261 /* ComposeViewController.m */,
				A595B61F18139F9900B4CE36 /* ComposeView.h */,
				A595B62018139F9900B4CE36 /* ComposeView.m */,
			);
			name = Compose;
			sourceTree = "<group>";
		};
		A58B5C431810AF7C00965261 /* CollectionViewCell */ = {
			isa = PBXGroup;
			children = (
				A58B5C471810B07000965261 /* ComposeCell.h */,
				A58B5C481810B07000965261 /* ComposeCell.m */,
				A58B5C4A1810B11500965261 /* ItemCell.h */,
				A58B5C4B1810B11500965261 /* ItemCell.m */,
			);
			name = CollectionViewCell;
			sourceTree = "<group>";
		};
		A595B6221813DFE700B4CE36 /* buttons */ = {
			isa = PBXGroup;
			children = (
				A595B62B1813E05800B4CE36 /* cancel_pressed.png */,
				A595B62C1813E05800B4CE36 /* cancel.png */,
				A595B62D1813E05800B4CE36 /* compose_pressed.png */,
				A595B62E1813E05800B4CE36 /* compose.png */,
			);
			name = buttons;
			sourceTree = "<group>";
		};
		A595B6331813E09C00B4CE36 /* items */ = {
			isa = PBXGroup;
			children = (
				A595B6341813E0AD00B4CE36 /* avail_convexlens.png */,
				A595B6351813E0AD00B4CE36 /* avail_crown.png */,
				A595B6361813E0AD00B4CE36 /* avail_handle.png */,
				A595B6371813E0AD00B4CE36 /* avail_hourhand.png */,
				A595B6381813E0AD00B4CE36 /* avail_king.png */,
				A595B6391813E0AD00B4CE36 /* avail_magnifier.png */,
				A595B63A1813E0AD00B4CE36 /* avail_minhand.png */,
				A595B63B1813E0AD00B4CE36 /* avail_poweredwatch.png */,
				A595B63C1813E0AD00B4CE36 /* avail_powerup.png */,
				A595B63D1813E0AD00B4CE36 /* avail_quartz.png */,
				A595B63E1813E0AD00B4CE36 /* avail_sceptre.png */,
				A595B63F1813E0AD00B4CE36 /* avail_scroll_king.png */,
				A595B6401813E0AD00B4CE36 /* avail_scroll_magnifier.png */,
				A595B6411813E0AD00B4CE36 /* avail_scroll_poweredwatch.png */,
				A595B6421813E0AD00B4CE36 /* avail_scroll_watch.png */,
				A595B6431813E0AD00B4CE36 /* avail_sechand.png */,
				A595B6441813E0AD00B4CE36 /* avail_throne.png */,
				A595B6451813E0AD00B4CE36 /* avail_watch.png */,
				A595B6461813E0AD00B4CE36 /* unavail_convexlens.png */,
				A595B6471813E0AD00B4CE36 /* unavail_crown.png */,
				A595B6481813E0AD00B4CE36 /* unavail_handle.png */,
				A595B6491813E0AD00B4CE36 /* unavail_hourhand.png */,
				A595B64A1813E0AD00B4CE36 /* unavail_king.png */,
				A595B64B1813E0AD00B4CE36 /* unavail_magnifier.png */,
				A595B64C1813E0AD00B4CE36 /* unavail_minhand.png */,
				A595B64D1813E0AD00B4CE36 /* unavail_poweredwatch.png */,
				A595B64E1813E0AD00B4CE36 /* unavail_powerup.png */,
				A595B64F1813E0AD00B4CE36 /* unavail_quartz.png */,
				A595B6501813E0AD00B4CE36 /* unavail_sceptre.png */,
				A595B6511813E0AD00B4CE36 /* unavail_scroll_king.png */,
				A595B6521813E0AD00B4CE36 /* unavail_scroll_magnifier.png */,
				A595B6531813E0AD00B4CE36 /* unavail_scroll_poweredwatch.png */,
				A595B6541813E0AD00B4CE36 /* unavail_scroll_watch.png */,
				A595B6551813E0AD00B4CE36 /* unavail_sechand.png */,
				A595B6561813E0AD00B4CE36 /* unavail_throne.png */,
				A595B6571813E0AD00B4CE36 /* unavail_unknown.png */,
				A595B6581813E0AD00B4CE36 /* unavail_watch.png */,
				A595B6591813E0AD00B4CE36 /* unknown.png */,
			);
			name = items;
			sourceTree = "<group>";
		};
		A595B6801813E0B300B4CE36 /* selected */ = {
			isa = PBXGroup;
			children = (
				A595B6811813E0D300B4CE36 /* orange_A.ico */,
				A595B6821813E0D300B4CE36 /* orange_B.ico */,
				A595B6831813E0D300B4CE36 /* orange_C.ico */,
				A595B6841813E0D300B4CE36 /* orange_D.ico */,
				A595B6851813E0D300B4CE36 /* orange_E.ico */,
				A595B6861813E0D300B4CE36 /* orange_F.ico */,
				A595B6871813E0D300B4CE36 /* orange_G.ico */,
				A595B6881813E0D300B4CE36 /* orange_H.ico */,
				A595B6891813E0D300B4CE36 /* orange_I.ico */,
				A595B68A1813E0D300B4CE36 /* orange_J.ico */,
				A595B68B1813E0D300B4CE36 /* orange_K.ico */,
				A595B68C1813E0D300B4CE36 /* orange_L.ico */,
				A595B68D1813E0D300B4CE36 /* orange_M.ico */,
				A595B68E1813E0D300B4CE36 /* orange_N.ico */,
				A595B68F1813E0D300B4CE36 /* orange_O.ico */,
				A595B6901813E0D300B4CE36 /* orange_P.ico */,
				A595B6911813E0D300B4CE36 /* orange_Q.ico */,
				A595B6921813E0D300B4CE36 /* orange_R.ico */,
				A595B6931813E0D300B4CE36 /* orange_S.ico */,
				A595B6941813E0D300B4CE36 /* orange_T.ico */,
				A595B6951813E0D300B4CE36 /* orange_U.ico */,
				A595B6961813E0D300B4CE36 /* orange_V.ico */,
				A595B6971813E0D300B4CE36 /* orange_W.ico */,
				A595B6981813E0D300B4CE36 /* orange_X.ico */,
				A595B6991813E0D300B4CE36 /* orange_Y.ico */,
				A595B69A1813E0D300B4CE36 /* orange_Z.ico */,
			);
			name = selected;
			sourceTree = "<group>";
		};
		A595B6B51813E0D800B4CE36 /* unselected */ = {
			isa = PBXGroup;
			children = (
				A595B6B61813E0EC00B4CE36 /* blue_A.ico */,
				A595B6B71813E0EC00B4CE36 /* blue_B.ico */,
				A595B6B81813E0EC00B4CE36 /* blue_C.ico */,
				A595B6B91813E0EC00B4CE36 /* blue_D.ico */,
				A595B6BA1813E0EC00B4CE36 /* blue_E.ico */,
				A595B6BB1813E0EC00B4CE36 /* blue_F.ico */,
				A595B6BC1813E0EC00B4CE36 /* blue_G.ico */,
				A595B6BD1813E0EC00B4CE36 /* blue_H.ico */,
				A595B6BE1813E0EC00B4CE36 /* blue_I.ico */,
				A595B6BF1813E0EC00B4CE36 /* blue_J.ico */,
				A595B6C01813E0EC00B4CE36 /* blue_K.ico */,
				A595B6C11813E0EC00B4CE36 /* blue_L.ico */,
				A595B6C21813E0EC00B4CE36 /* blue_M.ico */,
				A595B6C31813E0EC00B4CE36 /* blue_N.ico */,
				A595B6C41813E0EC00B4CE36 /* blue_O.ico */,
				A595B6C51813E0EC00B4CE36 /* blue_P.ico */,
				A595B6C61813E0EC00B4CE36 /* blue_Q.ico */,
				A595B6C71813E0EC00B4CE36 /* blue_R.ico */,
				A595B6C81813E0EC00B4CE36 /* blue_S.ico */,
				A595B6C91813E0EC00B4CE36 /* blue_T.ico */,
				A595B6CA1813E0EC00B4CE36 /* blue_U.ico */,
				A595B6CB1813E0EC00B4CE36 /* blue_V.ico */,
				A595B6CC1813E0EC00B4CE36 /* blue_W.ico */,
				A595B6CD1813E0EC00B4CE36 /* blue_X.ico */,
				A595B6CE1813E0EC00B4CE36 /* blue_Y.ico */,
				A595B6CF1813E0EC00B4CE36 /* blue_Z.ico */,
			);
			name = unselected;
			sourceTree = "<group>";
		};
		A5C6D5FD180BD59500E3EDC6 /* Misc */ = {
			isa = PBXGroup;
			children = (
				A58B5C3C1810918700965261 /* Compose */,
				A5C6D5FE180BD5AC00E3EDC6 /* MiscTabBarController.h */,
				A5C6D5FF180BD5AC00E3EDC6 /* MiscTabBarController.m */,
			);
			name = Misc;
			sourceTree = "<group>";
		};
		A5CA06CC180B4EE900E31CF9 /* Libraries */ = {
			isa = PBXGroup;
			children = (
				A5C6D601180BD83E00E3EDC6 /* LibrariesTableViewController.h */,
				A5C6D602180BD83E00E3EDC6 /* LibrariesTableViewController.m */,
				A5C6D604180BDC6000E3EDC6 /* WordsTableViewController.h */,
				A5C6D605180BDC6100E3EDC6 /* WordsTableViewController.m */,
				A58BB607180E1EEE0039E9CE /* WordCell.h */,
				A58BB608180E1EEE0039E9CE /* WordCell.m */,
				A5953DEC1818C68B001185FF /* DefinitionViewController.h */,
				A5953DED1818C68B001185FF /* DefinitionViewController.m */,
			);
			name = Libraries;
			sourceTree = "<group>";
		};
		A5D51AD41807BBCE000E2D1B /* Title View */ = {
			isa = PBXGroup;
			children = (
				A5D51AD11807B9D8000E2D1B /* TitleView.h */,
				A5D51AD21807B9D8000E2D1B /* TitleView.m */,
				A5D51AD51807BC39000E2D1B /* ExpBar.h */,
				A5D51AD61807BC39000E2D1B /* ExpBar.m */,
				A595E775181692FB008FAE4B /* UsableItemView.h */,
				A595E776181692FB008FAE4B /* UsableItemView.m */,
			);
			name = "Title View";
			sourceTree = "<group>";
		};
		A5D51AD8180A0324000E2D1B /* Resources */ = {
			isa = PBXGroup;
			children = (
				A58A93931819D406007593B4 /* found */,
				A58A93911819D0CD007593B4 /* finder.png */,
				A58D79B61814A6B400C767E0 /* particle.png */,
				A595B6B51813E0D800B4CE36 /* unselected */,
				A595B6801813E0B300B4CE36 /* selected */,
				A595B6331813E09C00B4CE36 /* items */,
				A595B6221813DFE700B4CE36 /* buttons */,
			);
			name = Resources;
			sourceTree = "<group>";
		};
/* End PBXGroup section */

/* Begin PBXNativeTarget section */
		90DF0BFE17FB812900C0EEE9 /* WordGame */ = {
			isa = PBXNativeTarget;
			buildConfigurationList = 90DF0C3A17FB812A00C0EEE9 /* Build configuration list for PBXNativeTarget "WordGame" */;
			buildPhases = (
				90DF0BFB17FB812900C0EEE9 /* Sources */,
				90DF0BFC17FB812900C0EEE9 /* Frameworks */,
				90DF0BFD17FB812900C0EEE9 /* Resources */,
			);
			buildRules = (
			);
			dependencies = (
			);
			name = WordGame;
			productName = WordGame;
			productReference = 90DF0BFF17FB812A00C0EEE9 /* WordGame.app */;
			productType = "com.apple.product-type.application";
		};
		90DF0C2717FB812A00C0EEE9 /* WordGameTests */ = {
			isa = PBXNativeTarget;
			buildConfigurationList = 90DF0C3D17FB812A00C0EEE9 /* Build configuration list for PBXNativeTarget "WordGameTests" */;
			buildPhases = (
				90DF0C2317FB812A00C0EEE9 /* Sources */,
				90DF0C2417FB812A00C0EEE9 /* Frameworks */,
				90DF0C2517FB812A00C0EEE9 /* Resources */,
				90DF0C2617FB812A00C0EEE9 /* ShellScript */,
			);
			buildRules = (
			);
			dependencies = (
				90DF0C2E17FB812A00C0EEE9 /* PBXTargetDependency */,
			);
			name = WordGameTests;
			productName = WordGameTests;
			productReference = 90DF0C2817FB812A00C0EEE9 /* WordGameTests.octest */;
			productType = "com.apple.product-type.bundle";
		};
/* End PBXNativeTarget section */

/* Begin PBXProject section */
		90DF0BF717FB812900C0EEE9 /* Project object */ = {
			isa = PBXProject;
			attributes = {
				LastUpgradeCheck = 0460;
				ORGANIZATIONNAME = "Hong Zhao";
			};
			buildConfigurationList = 90DF0BFA17FB812900C0EEE9 /* Build configuration list for PBXProject "WordGame" */;
			compatibilityVersion = "Xcode 3.2";
			developmentRegion = English;
			hasScannedForEncodings = 0;
			knownRegions = (
				en,
			);
			mainGroup = 90DF0BF617FB812900C0EEE9;
			productRefGroup = 90DF0C0017FB812A00C0EEE9 /* Products */;
			projectDirPath = "";
			projectRoot = "";
			targets = (
				90DF0BFE17FB812900C0EEE9 /* WordGame */,
				90DF0C2717FB812A00C0EEE9 /* WordGameTests */,
			);
		};
/* End PBXProject section */

/* Begin PBXResourcesBuildPhase section */
		90DF0BFD17FB812900C0EEE9 /* Resources */ = {
			isa = PBXResourcesBuildPhase;
			buildActionMask = 2147483647;
			files = (
				90DF0C0D17FB812A00C0EEE9 /* InfoPlist.strings in Resources */,
				90DF0C1517FB812A00C0EEE9 /* Default.png in Resources */,
				90DF0C1717FB812A00C0EEE9 /* Default@2x.png in Resources */,
				90DF0C1917FB812A00C0EEE9 /* Default-568h@2x.png in Resources */,
				90DF0C1C17FB812A00C0EEE9 /* MainStoryboard_iPhone.storyboard in Resources */,
				90DF0C1F17FB812A00C0EEE9 /* MainStoryboard_iPad.storyboard in Resources */,
				A595B62F1813E05800B4CE36 /* cancel_pressed.png in Resources */,
				A595B6301813E05800B4CE36 /* cancel.png in Resources */,
				A595B6311813E05800B4CE36 /* compose_pressed.png in Resources */,
				A595B6321813E05800B4CE36 /* compose.png in Resources */,
				A595B65A1813E0AD00B4CE36 /* avail_convexlens.png in Resources */,
				A595B65B1813E0AD00B4CE36 /* avail_crown.png in Resources */,
				A595B65C1813E0AD00B4CE36 /* avail_handle.png in Resources */,
				A595B65D1813E0AD00B4CE36 /* avail_hourhand.png in Resources */,
				A595B65E1813E0AD00B4CE36 /* avail_king.png in Resources */,
				A595B65F1813E0AD00B4CE36 /* avail_magnifier.png in Resources */,
				A595B6601813E0AD00B4CE36 /* avail_minhand.png in Resources */,
				A595B6611813E0AD00B4CE36 /* avail_poweredwatch.png in Resources */,
				A595B6621813E0AD00B4CE36 /* avail_powerup.png in Resources */,
				A595B6631813E0AD00B4CE36 /* avail_quartz.png in Resources */,
				A595B6641813E0AD00B4CE36 /* avail_sceptre.png in Resources */,
				A595B6651813E0AD00B4CE36 /* avail_scroll_king.png in Resources */,
				A595B6661813E0AD00B4CE36 /* avail_scroll_magnifier.png in Resources */,
				A595B6671813E0AD00B4CE36 /* avail_scroll_poweredwatch.png in Resources */,
				A595B6681813E0AD00B4CE36 /* avail_scroll_watch.png in Resources */,
				A595B6691813E0AD00B4CE36 /* avail_sechand.png in Resources */,
				A595B66A1813E0AD00B4CE36 /* avail_throne.png in Resources */,
				A595B66B1813E0AD00B4CE36 /* avail_watch.png in Resources */,
				A595B66C1813E0AD00B4CE36 /* unavail_convexlens.png in Resources */,
				A595B66D1813E0AD00B4CE36 /* unavail_crown.png in Resources */,
				A595B66E1813E0AD00B4CE36 /* unavail_handle.png in Resources */,
				A595B66F1813E0AD00B4CE36 /* unavail_hourhand.png in Resources */,
				A595B6701813E0AD00B4CE36 /* unavail_king.png in Resources */,
				A595B6711813E0AD00B4CE36 /* unavail_magnifier.png in Resources */,
				A595B6721813E0AD00B4CE36 /* unavail_minhand.png in Resources */,
				A595B6731813E0AD00B4CE36 /* unavail_poweredwatch.png in Resources */,
				A595B6741813E0AD00B4CE36 /* unavail_powerup.png in Resources */,
				A595B6751813E0AD00B4CE36 /* unavail_quartz.png in Resources */,
				A595B6761813E0AD00B4CE36 /* unavail_sceptre.png in Resources */,
				A595B6771813E0AD00B4CE36 /* unavail_scroll_king.png in Resources */,
				A595B6781813E0AD00B4CE36 /* unavail_scroll_magnifier.png in Resources */,
				A595B6791813E0AD00B4CE36 /* unavail_scroll_poweredwatch.png in Resources */,
				A595B67A1813E0AD00B4CE36 /* unavail_scroll_watch.png in Resources */,
				A595B67B1813E0AD00B4CE36 /* unavail_sechand.png in Resources */,
				A595B67C1813E0AD00B4CE36 /* unavail_throne.png in Resources */,
				A595B67D1813E0AD00B4CE36 /* unavail_unknown.png in Resources */,
				A595B67E1813E0AD00B4CE36 /* unavail_watch.png in Resources */,
				A595B67F1813E0AD00B4CE36 /* unknown.png in Resources */,
				A595B69B1813E0D300B4CE36 /* orange_A.ico in Resources */,
				A595B69C1813E0D300B4CE36 /* orange_B.ico in Resources */,
				A595B69D1813E0D300B4CE36 /* orange_C.ico in Resources */,
				A595B69E1813E0D300B4CE36 /* orange_D.ico in Resources */,
				A595B69F1813E0D300B4CE36 /* orange_E.ico in Resources */,
				A595B6A01813E0D300B4CE36 /* orange_F.ico in Resources */,
				A595B6A11813E0D300B4CE36 /* orange_G.ico in Resources */,
				A595B6A21813E0D300B4CE36 /* orange_H.ico in Resources */,
				A595B6A31813E0D300B4CE36 /* orange_I.ico in Resources */,
				A595B6A41813E0D300B4CE36 /* orange_J.ico in Resources */,
				A595B6A51813E0D300B4CE36 /* orange_K.ico in Resources */,
				A595B6A61813E0D300B4CE36 /* orange_L.ico in Resources */,
				A595B6A71813E0D300B4CE36 /* orange_M.ico in Resources */,
				A595B6A81813E0D300B4CE36 /* orange_N.ico in Resources */,
				A595B6A91813E0D300B4CE36 /* orange_O.ico in Resources */,
				A595B6AA1813E0D300B4CE36 /* orange_P.ico in Resources */,
				A595B6AB1813E0D300B4CE36 /* orange_Q.ico in Resources */,
				A595B6AC1813E0D300B4CE36 /* orange_R.ico in Resources */,
				A595B6AD1813E0D300B4CE36 /* orange_S.ico in Resources */,
				A595B6AE1813E0D300B4CE36 /* orange_T.ico in Resources */,
				A595B6AF1813E0D300B4CE36 /* orange_U.ico in Resources */,
				A595B6B01813E0D300B4CE36 /* orange_V.ico in Resources */,
				A595B6B11813E0D300B4CE36 /* orange_W.ico in Resources */,
				A595B6B21813E0D300B4CE36 /* orange_X.ico in Resources */,
				A595B6B31813E0D300B4CE36 /* orange_Y.ico in Resources */,
				A595B6B41813E0D300B4CE36 /* orange_Z.ico in Resources */,
				A595B6D01813E0EC00B4CE36 /* blue_A.ico in Resources */,
				A595B6D11813E0EC00B4CE36 /* blue_B.ico in Resources */,
				A595B6D21813E0EC00B4CE36 /* blue_C.ico in Resources */,
				A595B6D31813E0EC00B4CE36 /* blue_D.ico in Resources */,
				A595B6D41813E0EC00B4CE36 /* blue_E.ico in Resources */,
				A595B6D51813E0ED00B4CE36 /* blue_F.ico in Resources */,
				A595B6D61813E0ED00B4CE36 /* blue_G.ico in Resources */,
				A595B6D71813E0ED00B4CE36 /* blue_H.ico in Resources */,
				A595B6D81813E0ED00B4CE36 /* blue_I.ico in Resources */,
				A595B6D91813E0ED00B4CE36 /* blue_J.ico in Resources */,
				A595B6DA1813E0ED00B4CE36 /* blue_K.ico in Resources */,
				A595B6DB1813E0ED00B4CE36 /* blue_L.ico in Resources */,
				A595B6DC1813E0ED00B4CE36 /* blue_M.ico in Resources */,
				A595B6DD1813E0ED00B4CE36 /* blue_N.ico in Resources */,
				A595B6DE1813E0ED00B4CE36 /* blue_O.ico in Resources */,
				A595B6DF1813E0ED00B4CE36 /* blue_P.ico in Resources */,
				A595B6E01813E0ED00B4CE36 /* blue_Q.ico in Resources */,
				A595B6E11813E0ED00B4CE36 /* blue_R.ico in Resources */,
				A595B6E21813E0ED00B4CE36 /* blue_S.ico in Resources */,
				A595B6E31813E0ED00B4CE36 /* blue_T.ico in Resources */,
				A595B6E41813E0ED00B4CE36 /* blue_U.ico in Resources */,
				A595B6E51813E0ED00B4CE36 /* blue_V.ico in Resources */,
				A595B6E61813E0ED00B4CE36 /* blue_W.ico in Resources */,
				A595B6E71813E0ED00B4CE36 /* blue_X.ico in Resources */,
				A595B6E81813E0ED00B4CE36 /* blue_Y.ico in Resources */,
				A595B6E91813E0ED00B4CE36 /* blue_Z.ico in Resources */,
				A58D79B71814A6B400C767E0 /* particle.png in Resources */,
				A58A93921819D0CD007593B4 /* finder.png in Resources */,
				A58A93AE1819D42C007593B4 /* lg_A.ico in Resources */,
				A58A93AF1819D42C007593B4 /* lg_B.ico in Resources */,
				A58A93B01819D42C007593B4 /* lg_C.ico in Resources */,
				A58A93B11819D42C007593B4 /* lg_D.ico in Resources */,
				A58A93B21819D42C007593B4 /* lg_E.ico in Resources */,
				A58A93B31819D42C007593B4 /* lg_F.ico in Resources */,
				A58A93B41819D42C007593B4 /* lg_G.ico in Resources */,
				A58A93B51819D42C007593B4 /* lg_H.ico in Resources */,
				A58A93B61819D42C007593B4 /* lg_I.ico in Resources */,
				A58A93B71819D42C007593B4 /* lg_J.ico in Resources */,
				A58A93B81819D42C007593B4 /* lg_K.ico in Resources */,
				A58A93B91819D42C007593B4 /* lg_L.ico in Resources */,
				A58A93BA1819D42C007593B4 /* lg_M.ico in Resources */,
				A58A93BB1819D42C007593B4 /* lg_N.ico in Resources */,
				A58A93BC1819D42C007593B4 /* lg_O.ico in Resources */,
				A58A93BD1819D42C007593B4 /* lg_P.ico in Resources */,
				A58A93BE1819D42C007593B4 /* lg_Q.ico in Resources */,
				A58A93BF1819D42C007593B4 /* lg_R.ico in Resources */,
				A58A93C01819D42C007593B4 /* lg_S.ico in Resources */,
				A58A93C11819D42C007593B4 /* lg_T.ico in Resources */,
				A58A93C21819D42C007593B4 /* lg_U.ico in Resources */,
				A58A93C31819D42C007593B4 /* lg_V.ico in Resources */,
				A58A93C41819D42C007593B4 /* lg_W.ico in Resources */,
				A58A93C51819D42C007593B4 /* lg_X.ico in Resources */,
				A58A93C61819D42C007593B4 /* lg_Y.ico in Resources */,
				A58A93C71819D42C007593B4 /* lg_Z.ico in Resources */,
			);
			runOnlyForDeploymentPostprocessing = 0;
		};
		90DF0C2517FB812A00C0EEE9 /* Resources */ = {
			isa = PBXResourcesBuildPhase;
			buildActionMask = 2147483647;
			files = (
				90DF0C3417FB812A00C0EEE9 /* InfoPlist.strings in Resources */,
			);
			runOnlyForDeploymentPostprocessing = 0;
		};
/* End PBXResourcesBuildPhase section */

/* Begin PBXShellScriptBuildPhase section */
		90DF0C2617FB812A00C0EEE9 /* ShellScript */ = {
			isa = PBXShellScriptBuildPhase;
			buildActionMask = 2147483647;
			files = (
			);
			inputPaths = (
			);
			outputPaths = (
			);
			runOnlyForDeploymentPostprocessing = 0;
			shellPath = /bin/sh;
			shellScript = "# Run the unit tests in this test bundle.\n\"${SYSTEM_DEVELOPER_DIR}/Tools/RunUnitTests\"\n";
		};
/* End PBXShellScriptBuildPhase section */

/* Begin PBXSourcesBuildPhase section */
		90DF0BFB17FB812900C0EEE9 /* Sources */ = {
			isa = PBXSourcesBuildPhase;
			buildActionMask = 2147483647;
			files = (
				90DF0C0F17FB812A00C0EEE9 /* main.m in Sources */,
				90DF0C1317FB812A00C0EEE9 /* AppDelegate.m in Sources */,
				90DF0C2217FB812A00C0EEE9 /* ViewController.m in Sources */,
				90D8FBE517FCD8DE00977AD4 /* PlayView.m in Sources */,
				90D8FBEA17FCD97D00977AD4 /* LevelViewController.m in Sources */,
				90D8FBED17FCDAAF00977AD4 /* PlayViewController.m in Sources */,
				9012B69F18026C37001424AE /* LibraryTableViewController.m in Sources */,
				A5D51AD31807B9D8000E2D1B /* TitleView.m in Sources */,
				A5D51AD71807BC39000E2D1B /* ExpBar.m in Sources */,
				A5C6D5DA180B740400E3EDC6 /* Model.xcdatamodeld in Sources */,
				A5C6D5F9180BD42B00E3EDC6 /* PlayTabBarController.m in Sources */,
				A5C6D600180BD5AC00E3EDC6 /* MiscTabBarController.m in Sources */,
				A5C6D603180BD83E00E3EDC6 /* LibrariesTableViewController.m in Sources */,
				A5C6D606180BDC6100E3EDC6 /* WordsTableViewController.m in Sources */,
				A58BB609180E1EEE0039E9CE /* WordCell.m in Sources */,
				A58BB61B180E51BC0039E9CE /* Word.m in Sources */,
				A58D39AE180F46F700128D6C /* NDTrie.m in Sources */,
				A5963116180FE27900E6C72A /* Library.m in Sources */,
				A58B5C3F181091B300965261 /* ComposeCollectionView.m in Sources */,
				A58B5C42181092DE00965261 /* ComposeViewController.m in Sources */,
				A58B5C491810B07000965261 /* ComposeCell.m in Sources */,
				A58B5C4C1810B11500965261 /* ItemCell.m in Sources */,
				A58B0670181230E100850648 /* Player.m in Sources */,
				A58B06731812522F00850648 /* ItemDropModel.m in Sources */,
				A595B62118139F9A00B4CE36 /* ComposeView.m in Sources */,
				A595E777181692FB008FAE4B /* UsableItemView.m in Sources */,
				A5953DEE1818C68B001185FF /* DefinitionViewController.m in Sources */,
			);
			runOnlyForDeploymentPostprocessing = 0;
		};
		90DF0C2317FB812A00C0EEE9 /* Sources */ = {
			isa = PBXSourcesBuildPhase;
			buildActionMask = 2147483647;
			files = (
				90DF0C3717FB812A00C0EEE9 /* WordGameTests.m in Sources */,
			);
			runOnlyForDeploymentPostprocessing = 0;
		};
/* End PBXSourcesBuildPhase section */

/* Begin PBXTargetDependency section */
		90DF0C2E17FB812A00C0EEE9 /* PBXTargetDependency */ = {
			isa = PBXTargetDependency;
			target = 90DF0BFE17FB812900C0EEE9 /* WordGame */;
			targetProxy = 90DF0C2D17FB812A00C0EEE9 /* PBXContainerItemProxy */;
		};
/* End PBXTargetDependency section */

/* Begin PBXVariantGroup section */
		90DF0C0B17FB812A00C0EEE9 /* InfoPlist.strings */ = {
			isa = PBXVariantGroup;
			children = (
				90DF0C0C17FB812A00C0EEE9 /* en */,
			);
			name = InfoPlist.strings;
			sourceTree = "<group>";
		};
		90DF0C1A17FB812A00C0EEE9 /* MainStoryboard_iPhone.storyboard */ = {
			isa = PBXVariantGroup;
			children = (
				90DF0C1B17FB812A00C0EEE9 /* en */,
			);
			name = MainStoryboard_iPhone.storyboard;
			sourceTree = "<group>";
		};
		90DF0C1D17FB812A00C0EEE9 /* MainStoryboard_iPad.storyboard */ = {
			isa = PBXVariantGroup;
			children = (
				90DF0C1E17FB812A00C0EEE9 /* en */,
			);
			name = MainStoryboard_iPad.storyboard;
			sourceTree = "<group>";
		};
		90DF0C3217FB812A00C0EEE9 /* InfoPlist.strings */ = {
			isa = PBXVariantGroup;
			children = (
				90DF0C3317FB812A00C0EEE9 /* en */,
			);
			name = InfoPlist.strings;
			sourceTree = "<group>";
		};
/* End PBXVariantGroup section */

/* Begin XCBuildConfiguration section */
		90DF0C3817FB812A00C0EEE9 /* Debug */ = {
			isa = XCBuildConfiguration;
			buildSettings = {
				ALWAYS_SEARCH_USER_PATHS = NO;
				CLANG_CXX_LANGUAGE_STANDARD = "gnu++0x";
				CLANG_CXX_LIBRARY = "libc++";
				CLANG_ENABLE_OBJC_ARC = YES;
				CLANG_WARN_CONSTANT_CONVERSION = YES;
				CLANG_WARN_EMPTY_BODY = YES;
				CLANG_WARN_ENUM_CONVERSION = YES;
				CLANG_WARN_INT_CONVERSION = YES;
				CLANG_WARN__DUPLICATE_METHOD_MATCH = YES;
				"CODE_SIGN_IDENTITY[sdk=iphoneos*]" = "iPhone Developer";
				COPY_PHASE_STRIP = NO;
				GCC_C_LANGUAGE_STANDARD = gnu99;
				GCC_DYNAMIC_NO_PIC = NO;
				GCC_OPTIMIZATION_LEVEL = 0;
				GCC_PREPROCESSOR_DEFINITIONS = (
					"DEBUG=1",
					"$(inherited)",
				);
				GCC_SYMBOLS_PRIVATE_EXTERN = NO;
				GCC_WARN_ABOUT_RETURN_TYPE = YES;
				GCC_WARN_UNINITIALIZED_AUTOS = YES;
				GCC_WARN_UNUSED_VARIABLE = YES;
				IPHONEOS_DEPLOYMENT_TARGET = 6.1;
				ONLY_ACTIVE_ARCH = YES;
				SDKROOT = iphoneos;
				TARGETED_DEVICE_FAMILY = "1,2";
			};
			name = Debug;
		};
		90DF0C3917FB812A00C0EEE9 /* Release */ = {
			isa = XCBuildConfiguration;
			buildSettings = {
				ALWAYS_SEARCH_USER_PATHS = NO;
				CLANG_CXX_LANGUAGE_STANDARD = "gnu++0x";
				CLANG_CXX_LIBRARY = "libc++";
				CLANG_ENABLE_OBJC_ARC = YES;
				CLANG_WARN_CONSTANT_CONVERSION = YES;
				CLANG_WARN_EMPTY_BODY = YES;
				CLANG_WARN_ENUM_CONVERSION = YES;
				CLANG_WARN_INT_CONVERSION = YES;
				CLANG_WARN__DUPLICATE_METHOD_MATCH = YES;
				"CODE_SIGN_IDENTITY[sdk=iphoneos*]" = "iPhone Developer";
				COPY_PHASE_STRIP = YES;
				GCC_C_LANGUAGE_STANDARD = gnu99;
				GCC_WARN_ABOUT_RETURN_TYPE = YES;
				GCC_WARN_UNINITIALIZED_AUTOS = YES;
				GCC_WARN_UNUSED_VARIABLE = YES;
				IPHONEOS_DEPLOYMENT_TARGET = 6.1;
				OTHER_CFLAGS = "-DNS_BLOCK_ASSERTIONS=1";
				SDKROOT = iphoneos;
				TARGETED_DEVICE_FAMILY = "1,2";
				VALIDATE_PRODUCT = YES;
			};
			name = Release;
		};
		90DF0C3B17FB812A00C0EEE9 /* Debug */ = {
			isa = XCBuildConfiguration;
			buildSettings = {
				GCC_PRECOMPILE_PREFIX_HEADER = YES;
				GCC_PREFIX_HEADER = "WordGame/WordGame-Prefix.pch";
				INFOPLIST_FILE = "WordGame/WordGame-Info.plist";
				PRODUCT_NAME = "$(TARGET_NAME)";
				TARGETED_DEVICE_FAMILY = 1;
				WRAPPER_EXTENSION = app;
			};
			name = Debug;
		};
		90DF0C3C17FB812A00C0EEE9 /* Release */ = {
			isa = XCBuildConfiguration;
			buildSettings = {
				GCC_PRECOMPILE_PREFIX_HEADER = YES;
				GCC_PREFIX_HEADER = "WordGame/WordGame-Prefix.pch";
				INFOPLIST_FILE = "WordGame/WordGame-Info.plist";
				PRODUCT_NAME = "$(TARGET_NAME)";
				TARGETED_DEVICE_FAMILY = 1;
				WRAPPER_EXTENSION = app;
			};
			name = Release;
		};
		90DF0C3E17FB812A00C0EEE9 /* Debug */ = {
			isa = XCBuildConfiguration;
			buildSettings = {
				BUNDLE_LOADER = "$(BUILT_PRODUCTS_DIR)/WordGame.app/WordGame";
				FRAMEWORK_SEARCH_PATHS = (
					"\"$(SDKROOT)/Developer/Library/Frameworks\"",
					"\"$(DEVELOPER_LIBRARY_DIR)/Frameworks\"",
				);
				GCC_PRECOMPILE_PREFIX_HEADER = YES;
				GCC_PREFIX_HEADER = "WordGame/WordGame-Prefix.pch";
				INFOPLIST_FILE = "WordGameTests/WordGameTests-Info.plist";
				PRODUCT_NAME = "$(TARGET_NAME)";
				TEST_HOST = "$(BUNDLE_LOADER)";
				WRAPPER_EXTENSION = octest;
			};
			name = Debug;
		};
		90DF0C3F17FB812A00C0EEE9 /* Release */ = {
			isa = XCBuildConfiguration;
			buildSettings = {
				BUNDLE_LOADER = "$(BUILT_PRODUCTS_DIR)/WordGame.app/WordGame";
				FRAMEWORK_SEARCH_PATHS = (
					"\"$(SDKROOT)/Developer/Library/Frameworks\"",
					"\"$(DEVELOPER_LIBRARY_DIR)/Frameworks\"",
				);
				GCC_PRECOMPILE_PREFIX_HEADER = YES;
				GCC_PREFIX_HEADER = "WordGame/WordGame-Prefix.pch";
				INFOPLIST_FILE = "WordGameTests/WordGameTests-Info.plist";
				PRODUCT_NAME = "$(TARGET_NAME)";
				TEST_HOST = "$(BUNDLE_LOADER)";
				WRAPPER_EXTENSION = octest;
			};
			name = Release;
		};
/* End XCBuildConfiguration section */

/* Begin XCConfigurationList section */
		90DF0BFA17FB812900C0EEE9 /* Build configuration list for PBXProject "WordGame" */ = {
			isa = XCConfigurationList;
			buildConfigurations = (
				90DF0C3817FB812A00C0EEE9 /* Debug */,
				90DF0C3917FB812A00C0EEE9 /* Release */,
			);
			defaultConfigurationIsVisible = 0;
			defaultConfigurationName = Release;
		};
		90DF0C3A17FB812A00C0EEE9 /* Build configuration list for PBXNativeTarget "WordGame" */ = {
			isa = XCConfigurationList;
			buildConfigurations = (
				90DF0C3B17FB812A00C0EEE9 /* Debug */,
				90DF0C3C17FB812A00C0EEE9 /* Release */,
			);
			defaultConfigurationIsVisible = 0;
			defaultConfigurationName = Release;
		};
		90DF0C3D17FB812A00C0EEE9 /* Build configuration list for PBXNativeTarget "WordGameTests" */ = {
			isa = XCConfigurationList;
			buildConfigurations = (
				90DF0C3E17FB812A00C0EEE9 /* Debug */,
				90DF0C3F17FB812A00C0EEE9 /* Release */,
			);
			defaultConfigurationIsVisible = 0;
			defaultConfigurationName = Release;
		};
/* End XCConfigurationList section */

/* Begin XCVersionGroup section */
		A5C6D5D8180B740400E3EDC6 /* Model.xcdatamodeld */ = {
			isa = XCVersionGroup;
			children = (
				A5C6D5D9180B740400E3EDC6 /* Model.xcdatamodel */,
			);
			currentVersion = A5C6D5D9180B740400E3EDC6 /* Model.xcdatamodel */;
			path = Model.xcdatamodeld;
			sourceTree = "<group>";
			versionGroupType = wrapper.xcdatamodel;
		};
/* End XCVersionGroup section */
	};
	rootObject = 90DF0BF717FB812900C0EEE9 /* Project object */;
}
