// !$*UTF8*$!
{
	archiveVersion = 1;
	classes = {
	};
	objectVersion = 46;
	objects = {

/* Begin PBXBuildFile section */
		9012B69118026372001424AE /* CoreData.framework in Frameworks */ = {isa = PBXBuildFile; fileRef = 9012B69018026372001424AE /* CoreData.framework */; };
		9012B6941802662D001424AE /* SpellsTableViewController.m in Sources */ = {isa = PBXBuildFile; fileRef = 9012B6931802662D001424AE /* SpellsTableViewController.m */; };
		9012B69F18026C37001424AE /* LibraryTableViewController.m in Sources */ = {isa = PBXBuildFile; fileRef = 9012B69E18026C37001424AE /* LibraryTableViewController.m */; };
		90D8FBE517FCD8DE00977AD4 /* PlayView.m in Sources */ = {isa = PBXBuildFile; fileRef = 90D8FBE417FCD8DE00977AD4 /* PlayView.m */; };
		90D8FBEA17FCD97D00977AD4 /* LevelViewController.m in Sources */ = {isa = PBXBuildFile; fileRef = 90D8FBE917FCD97D00977AD4 /* LevelViewController.m */; };
		90D8FBED17FCDAAF00977AD4 /* PlayViewController.m in Sources */ = {isa = PBXBuildFile; fileRef = 90D8FBEC17FCDAAE00977AD4 /* PlayViewController.m */; };
		90D8FBF017FCE21000977AD4 /* QuartzCore.framework in Frameworks */ = {isa = PBXBuildFile; fileRef = 90D8FBEF17FCE21000977AD4 /* QuartzCore.framework */; };
		90DF0C0317FB812A00C0EEE9 /* UIKit.framework in Frameworks */ = {isa = PBXBuildFile; fileRef = 90DF0C0217FB812A00C0EEE9 /* UIKit.framework */; };
		90DF0C0517FB812A00C0EEE9 /* Foundation.framework in Frameworks */ = {isa = PBXBuildFile; fileRef = 90DF0C0417FB812A00C0EEE9 /* Foundation.framework */; };
		90DF0C0717FB812A00C0EEE9 /* CoreGraphics.framework in Frameworks */ = {isa = PBXBuildFile; fileRef = 90DF0C0617FB812A00C0EEE9 /* CoreGraphics.framework */; };
		90DF0C0D17FB812A00C0EEE9 /* InfoPlist.strings in Resources */ = {isa = PBXBuildFile; fileRef = 90DF0C0B17FB812A00C0EEE9 /* InfoPlist.strings */; };
		90DF0C0F17FB812A00C0EEE9 /* main.m in Sources */ = {isa = PBXBuildFile; fileRef = 90DF0C0E17FB812A00C0EEE9 /* main.m */; };
		90DF0C1317FB812A00C0EEE9 /* AppDelegate.m in Sources */ = {isa = PBXBuildFile; fileRef = 90DF0C1217FB812A00C0EEE9 /* AppDelegate.m */; };
		90DF0C1517FB812A00C0EEE9 /* Default.png in Resources */ = {isa = PBXBuildFile; fileRef = 90DF0C1417FB812A00C0EEE9 /* Default.png */; };
		90DF0C1717FB812A00C0EEE9 /* Default@2x.png in Resources */ = {isa = PBXBuildFile; fileRef = 90DF0C1617FB812A00C0EEE9 /* Default@2x.png */; };
		90DF0C1917FB812A00C0EEE9 /* Default-568h@2x.png in Resources */ = {isa = PBXBuildFile; fileRef = 90DF0C1817FB812A00C0EEE9 /* Default-568h@2x.png */; };
		90DF0C1C17FB812A00C0EEE9 /* MainStoryboard_iPhone.storyboard in Resources */ = {isa = PBXBuildFile; fileRef = 90DF0C1A17FB812A00C0EEE9 /* MainStoryboard_iPhone.storyboard */; };
		90DF0C1F17FB812A00C0EEE9 /* MainStoryboard_iPad.storyboard in Resources */ = {isa = PBXBuildFile; fileRef = 90DF0C1D17FB812A00C0EEE9 /* MainStoryboard_iPad.storyboard */; };
		90DF0C2217FB812A00C0EEE9 /* ViewController.m in Sources */ = {isa = PBXBuildFile; fileRef = 90DF0C2117FB812A00C0EEE9 /* ViewController.m */; };
		90DF0C2A17FB812A00C0EEE9 /* SenTestingKit.framework in Frameworks */ = {isa = PBXBuildFile; fileRef = 90DF0C2917FB812A00C0EEE9 /* SenTestingKit.framework */; };
		90DF0C2B17FB812A00C0EEE9 /* UIKit.framework in Frameworks */ = {isa = PBXBuildFile; fileRef = 90DF0C0217FB812A00C0EEE9 /* UIKit.framework */; };
		90DF0C2C17FB812A00C0EEE9 /* Foundation.framework in Frameworks */ = {isa = PBXBuildFile; fileRef = 90DF0C0417FB812A00C0EEE9 /* Foundation.framework */; };
		90DF0C3417FB812A00C0EEE9 /* InfoPlist.strings in Resources */ = {isa = PBXBuildFile; fileRef = 90DF0C3217FB812A00C0EEE9 /* InfoPlist.strings */; };
		90DF0C3717FB812A00C0EEE9 /* WordGameTests.m in Sources */ = {isa = PBXBuildFile; fileRef = 90DF0C3617FB812A00C0EEE9 /* WordGameTests.m */; };
		A5C6D5DA180B740400E3EDC6 /* Model.xcdatamodeld in Sources */ = {isa = PBXBuildFile; fileRef = A5C6D5D8180B740400E3EDC6 /* Model.xcdatamodeld */; };
		A5C6D5DE180B87C800E3EDC6 /* WordViewController.m in Sources */ = {isa = PBXBuildFile; fileRef = A5C6D5DD180B87C700E3EDC6 /* WordViewController.m */; };
		A5C6D5EA180BC05A00E3EDC6 /* Dictionary.m in Sources */ = {isa = PBXBuildFile; fileRef = A5C6D5E9180BC05A00E3EDC6 /* Dictionary.m */; };
		A5C6D5ED180BC07400E3EDC6 /* Ingredients.m in Sources */ = {isa = PBXBuildFile; fileRef = A5C6D5EC180BC07400E3EDC6 /* Ingredients.m */; };
		A5C6D5F0180BC07D00E3EDC6 /* Library.m in Sources */ = {isa = PBXBuildFile; fileRef = A5C6D5EF180BC07D00E3EDC6 /* Library.m */; };
		A5C6D5F3180BC08E00E3EDC6 /* Spells.m in Sources */ = {isa = PBXBuildFile; fileRef = A5C6D5F2180BC08E00E3EDC6 /* Spells.m */; };
		A5C6D5F6180BC08E00E3EDC6 /* Player.m in Sources */ = {isa = PBXBuildFile; fileRef = A5C6D5F5180BC08E00E3EDC6 /* Player.m */; };
		A5C6D5F9180BD42B00E3EDC6 /* PlayTabBarController.m in Sources */ = {isa = PBXBuildFile; fileRef = A5C6D5F8180BD42B00E3EDC6 /* PlayTabBarController.m */; };
		A5C6D600180BD5AC00E3EDC6 /* SpellsTabBarController.m in Sources */ = {isa = PBXBuildFile; fileRef = A5C6D5FF180BD5AC00E3EDC6 /* SpellsTabBarController.m */; };
		A5C6D603180BD83E00E3EDC6 /* LibrariesTableViewController.m in Sources */ = {isa = PBXBuildFile; fileRef = A5C6D602180BD83E00E3EDC6 /* LibrariesTableViewController.m */; };
		A5C6D606180BDC6100E3EDC6 /* WordsTableViewController.m in Sources */ = {isa = PBXBuildFile; fileRef = A5C6D605180BDC6100E3EDC6 /* WordsTableViewController.m */; };
		A5CA091D180B502300E31CF9 /* BuildTableViewController.m in Sources */ = {isa = PBXBuildFile; fileRef = A5CA091C180B502300E31CF9 /* BuildTableViewController.m */; };
		A5CA0923180B57E000E31CF9 /* BuildCell.m in Sources */ = {isa = PBXBuildFile; fileRef = A5CA0922180B57E000E31CF9 /* BuildCell.m */; };
		A5D51AD31807B9D8000E2D1B /* TitleView.m in Sources */ = {isa = PBXBuildFile; fileRef = A5D51AD21807B9D8000E2D1B /* TitleView.m */; };
		A5D51AD71807BC39000E2D1B /* ExpBar.m in Sources */ = {isa = PBXBuildFile; fileRef = A5D51AD61807BC39000E2D1B /* ExpBar.m */; };
		A5F643BC180A59C200C4F2EA /* orange_A.ico in Resources */ = {isa = PBXBuildFile; fileRef = A5F643A2180A59C200C4F2EA /* orange_A.ico */; };
		A5F643BD180A59C200C4F2EA /* orange_B.ico in Resources */ = {isa = PBXBuildFile; fileRef = A5F643A3180A59C200C4F2EA /* orange_B.ico */; };
		A5F643BE180A59C200C4F2EA /* orange_C.ico in Resources */ = {isa = PBXBuildFile; fileRef = A5F643A4180A59C200C4F2EA /* orange_C.ico */; };
		A5F643BF180A59C200C4F2EA /* orange_D.ico in Resources */ = {isa = PBXBuildFile; fileRef = A5F643A5180A59C200C4F2EA /* orange_D.ico */; };
		A5F643C0180A59C200C4F2EA /* orange_E.ico in Resources */ = {isa = PBXBuildFile; fileRef = A5F643A6180A59C200C4F2EA /* orange_E.ico */; };
		A5F643C1180A59C200C4F2EA /* orange_F.ico in Resources */ = {isa = PBXBuildFile; fileRef = A5F643A7180A59C200C4F2EA /* orange_F.ico */; };
		A5F643C2180A59C200C4F2EA /* orange_G.ico in Resources */ = {isa = PBXBuildFile; fileRef = A5F643A8180A59C200C4F2EA /* orange_G.ico */; };
		A5F643C3180A59C200C4F2EA /* orange_H.ico in Resources */ = {isa = PBXBuildFile; fileRef = A5F643A9180A59C200C4F2EA /* orange_H.ico */; };
		A5F643C4180A59C200C4F2EA /* orange_I.ico in Resources */ = {isa = PBXBuildFile; fileRef = A5F643AA180A59C200C4F2EA /* orange_I.ico */; };
		A5F643C5180A59C200C4F2EA /* orange_J.ico in Resources */ = {isa = PBXBuildFile; fileRef = A5F643AB180A59C200C4F2EA /* orange_J.ico */; };
		A5F643C6180A59C200C4F2EA /* orange_K.ico in Resources */ = {isa = PBXBuildFile; fileRef = A5F643AC180A59C200C4F2EA /* orange_K.ico */; };
		A5F643C7180A59C200C4F2EA /* orange_L.ico in Resources */ = {isa = PBXBuildFile; fileRef = A5F643AD180A59C200C4F2EA /* orange_L.ico */; };
		A5F643C8180A59C200C4F2EA /* orange_M.ico in Resources */ = {isa = PBXBuildFile; fileRef = A5F643AE180A59C200C4F2EA /* orange_M.ico */; };
		A5F643C9180A59C200C4F2EA /* orange_N.ico in Resources */ = {isa = PBXBuildFile; fileRef = A5F643AF180A59C200C4F2EA /* orange_N.ico */; };
		A5F643CA180A59C200C4F2EA /* orange_O.ico in Resources */ = {isa = PBXBuildFile; fileRef = A5F643B0180A59C200C4F2EA /* orange_O.ico */; };
		A5F643CB180A59C200C4F2EA /* orange_P.ico in Resources */ = {isa = PBXBuildFile; fileRef = A5F643B1180A59C200C4F2EA /* orange_P.ico */; };
		A5F643CC180A59C200C4F2EA /* orange_Q.ico in Resources */ = {isa = PBXBuildFile; fileRef = A5F643B2180A59C200C4F2EA /* orange_Q.ico */; };
		A5F643CD180A59C200C4F2EA /* orange_R.ico in Resources */ = {isa = PBXBuildFile; fileRef = A5F643B3180A59C200C4F2EA /* orange_R.ico */; };
		A5F643CE180A59C200C4F2EA /* orange_S.ico in Resources */ = {isa = PBXBuildFile; fileRef = A5F643B4180A59C200C4F2EA /* orange_S.ico */; };
		A5F643CF180A59C200C4F2EA /* orange_T.ico in Resources */ = {isa = PBXBuildFile; fileRef = A5F643B5180A59C200C4F2EA /* orange_T.ico */; };
		A5F643D0180A59C200C4F2EA /* orange_U.ico in Resources */ = {isa = PBXBuildFile; fileRef = A5F643B6180A59C200C4F2EA /* orange_U.ico */; };
		A5F643D1180A59C200C4F2EA /* orange_V.ico in Resources */ = {isa = PBXBuildFile; fileRef = A5F643B7180A59C200C4F2EA /* orange_V.ico */; };
		A5F643D2180A59C200C4F2EA /* orange_W.ico in Resources */ = {isa = PBXBuildFile; fileRef = A5F643B8180A59C200C4F2EA /* orange_W.ico */; };
		A5F643D3180A59C200C4F2EA /* orange_X.ico in Resources */ = {isa = PBXBuildFile; fileRef = A5F643B9180A59C200C4F2EA /* orange_X.ico */; };
		A5F643D4180A59C200C4F2EA /* orange_Y.ico in Resources */ = {isa = PBXBuildFile; fileRef = A5F643BA180A59C200C4F2EA /* orange_Y.ico */; };
		A5F643D5180A59C200C4F2EA /* orange_Z.ico in Resources */ = {isa = PBXBuildFile; fileRef = A5F643BB180A59C200C4F2EA /* orange_Z.ico */; };
		A5F643F0180A5AC900C4F2EA /* blue_A.ico in Resources */ = {isa = PBXBuildFile; fileRef = A5F643D6180A5AC900C4F2EA /* blue_A.ico */; };
		A5F643F1180A5AC900C4F2EA /* blue_B.ico in Resources */ = {isa = PBXBuildFile; fileRef = A5F643D7180A5AC900C4F2EA /* blue_B.ico */; };
		A5F643F2180A5AC900C4F2EA /* blue_C.ico in Resources */ = {isa = PBXBuildFile; fileRef = A5F643D8180A5AC900C4F2EA /* blue_C.ico */; };
		A5F643F3180A5AC900C4F2EA /* blue_D.ico in Resources */ = {isa = PBXBuildFile; fileRef = A5F643D9180A5AC900C4F2EA /* blue_D.ico */; };
		A5F643F4180A5AC900C4F2EA /* blue_E.ico in Resources */ = {isa = PBXBuildFile; fileRef = A5F643DA180A5AC900C4F2EA /* blue_E.ico */; };
		A5F643F5180A5AC900C4F2EA /* blue_F.ico in Resources */ = {isa = PBXBuildFile; fileRef = A5F643DB180A5AC900C4F2EA /* blue_F.ico */; };
		A5F643F6180A5AC900C4F2EA /* blue_G.ico in Resources */ = {isa = PBXBuildFile; fileRef = A5F643DC180A5AC900C4F2EA /* blue_G.ico */; };
		A5F643F7180A5AC900C4F2EA /* blue_H.ico in Resources */ = {isa = PBXBuildFile; fileRef = A5F643DD180A5AC900C4F2EA /* blue_H.ico */; };
		A5F643F8180A5AC900C4F2EA /* blue_I.ico in Resources */ = {isa = PBXBuildFile; fileRef = A5F643DE180A5AC900C4F2EA /* blue_I.ico */; };
		A5F643F9180A5AC900C4F2EA /* blue_J.ico in Resources */ = {isa = PBXBuildFile; fileRef = A5F643DF180A5AC900C4F2EA /* blue_J.ico */; };
		A5F643FA180A5AC900C4F2EA /* blue_K.ico in Resources */ = {isa = PBXBuildFile; fileRef = A5F643E0180A5AC900C4F2EA /* blue_K.ico */; };
		A5F643FB180A5AC900C4F2EA /* blue_L.ico in Resources */ = {isa = PBXBuildFile; fileRef = A5F643E1180A5AC900C4F2EA /* blue_L.ico */; };
		A5F643FC180A5AC900C4F2EA /* blue_M.ico in Resources */ = {isa = PBXBuildFile; fileRef = A5F643E2180A5AC900C4F2EA /* blue_M.ico */; };
		A5F643FD180A5AC900C4F2EA /* blue_N.ico in Resources */ = {isa = PBXBuildFile; fileRef = A5F643E3180A5AC900C4F2EA /* blue_N.ico */; };
		A5F643FE180A5AC900C4F2EA /* blue_O.ico in Resources */ = {isa = PBXBuildFile; fileRef = A5F643E4180A5AC900C4F2EA /* blue_O.ico */; };
		A5F643FF180A5AC900C4F2EA /* blue_P.ico in Resources */ = {isa = PBXBuildFile; fileRef = A5F643E5180A5AC900C4F2EA /* blue_P.ico */; };
		A5F64400180A5AC900C4F2EA /* blue_Q.ico in Resources */ = {isa = PBXBuildFile; fileRef = A5F643E6180A5AC900C4F2EA /* blue_Q.ico */; };
		A5F64401180A5AC900C4F2EA /* blue_R.ico in Resources */ = {isa = PBXBuildFile; fileRef = A5F643E7180A5AC900C4F2EA /* blue_R.ico */; };
		A5F64402180A5AC900C4F2EA /* blue_S.ico in Resources */ = {isa = PBXBuildFile; fileRef = A5F643E8180A5AC900C4F2EA /* blue_S.ico */; };
		A5F64403180A5AC900C4F2EA /* blue_T.ico in Resources */ = {isa = PBXBuildFile; fileRef = A5F643E9180A5AC900C4F2EA /* blue_T.ico */; };
		A5F64404180A5AC900C4F2EA /* blue_U.ico in Resources */ = {isa = PBXBuildFile; fileRef = A5F643EA180A5AC900C4F2EA /* blue_U.ico */; };
		A5F64405180A5AC900C4F2EA /* blue_V.ico in Resources */ = {isa = PBXBuildFile; fileRef = A5F643EB180A5AC900C4F2EA /* blue_V.ico */; };
		A5F64406180A5AC900C4F2EA /* blue_W.ico in Resources */ = {isa = PBXBuildFile; fileRef = A5F643EC180A5AC900C4F2EA /* blue_W.ico */; };
		A5F64407180A5AC900C4F2EA /* blue_X.ico in Resources */ = {isa = PBXBuildFile; fileRef = A5F643ED180A5AC900C4F2EA /* blue_X.ico */; };
		A5F64408180A5AC900C4F2EA /* blue_Y.ico in Resources */ = {isa = PBXBuildFile; fileRef = A5F643EE180A5AC900C4F2EA /* blue_Y.ico */; };
		A5F64409180A5AC900C4F2EA /* blue_Z.ico in Resources */ = {isa = PBXBuildFile; fileRef = A5F643EF180A5AC900C4F2EA /* blue_Z.ico */; };
/* End PBXBuildFile section */

/* Begin PBXContainerItemProxy section */
		90DF0C2D17FB812A00C0EEE9 /* PBXContainerItemProxy */ = {
			isa = PBXContainerItemProxy;
			containerPortal = 90DF0BF717FB812900C0EEE9 /* Project object */;
			proxyType = 1;
			remoteGlobalIDString = 90DF0BFE17FB812900C0EEE9;
			remoteInfo = WordGame;
		};
/* End PBXContainerItemProxy section */

/* Begin PBXFileReference section */
		9012B69018026372001424AE /* CoreData.framework */ = {isa = PBXFileReference; lastKnownFileType = wrapper.framework; name = CoreData.framework; path = System/Library/Frameworks/CoreData.framework; sourceTree = SDKROOT; };
		9012B6921802662C001424AE /* SpellsTableViewController.h */ = {isa = PBXFileReference; fileEncoding = 4; lastKnownFileType = sourcecode.c.h; path = SpellsTableViewController.h; sourceTree = "<group>"; };
		9012B6931802662D001424AE /* SpellsTableViewController.m */ = {isa = PBXFileReference; fileEncoding = 4; lastKnownFileType = sourcecode.c.objc; path = SpellsTableViewController.m; sourceTree = "<group>"; };
		9012B69D18026C37001424AE /* LibraryTableViewController.h */ = {isa = PBXFileReference; fileEncoding = 4; lastKnownFileType = sourcecode.c.h; path = LibraryTableViewController.h; sourceTree = "<group>"; };
		9012B69E18026C37001424AE /* LibraryTableViewController.m */ = {isa = PBXFileReference; fileEncoding = 4; lastKnownFileType = sourcecode.c.objc; path = LibraryTableViewController.m; sourceTree = "<group>"; };
		90D8FBE317FCD8DE00977AD4 /* PlayView.h */ = {isa = PBXFileReference; fileEncoding = 4; lastKnownFileType = sourcecode.c.h; path = PlayView.h; sourceTree = "<group>"; };
		90D8FBE417FCD8DE00977AD4 /* PlayView.m */ = {isa = PBXFileReference; fileEncoding = 4; lastKnownFileType = sourcecode.c.objc; path = PlayView.m; sourceTree = "<group>"; };
		90D8FBE817FCD97D00977AD4 /* LevelViewController.h */ = {isa = PBXFileReference; fileEncoding = 4; lastKnownFileType = sourcecode.c.h; path = LevelViewController.h; sourceTree = "<group>"; };
		90D8FBE917FCD97D00977AD4 /* LevelViewController.m */ = {isa = PBXFileReference; fileEncoding = 4; lastKnownFileType = sourcecode.c.objc; path = LevelViewController.m; sourceTree = "<group>"; };
		90D8FBEB17FCDAAE00977AD4 /* PlayViewController.h */ = {isa = PBXFileReference; fileEncoding = 4; lastKnownFileType = sourcecode.c.h; path = PlayViewController.h; sourceTree = "<group>"; };
		90D8FBEC17FCDAAE00977AD4 /* PlayViewController.m */ = {isa = PBXFileReference; fileEncoding = 4; lastKnownFileType = sourcecode.c.objc; path = PlayViewController.m; sourceTree = "<group>"; };
		90D8FBEE17FCDD6A00977AD4 /* Constants.h */ = {isa = PBXFileReference; lastKnownFileType = sourcecode.c.h; path = Constants.h; sourceTree = "<group>"; };
		90D8FBEF17FCE21000977AD4 /* QuartzCore.framework */ = {isa = PBXFileReference; lastKnownFileType = wrapper.framework; name = QuartzCore.framework; path = System/Library/Frameworks/QuartzCore.framework; sourceTree = SDKROOT; };
		90DF0BFF17FB812A00C0EEE9 /* WordGame.app */ = {isa = PBXFileReference; explicitFileType = wrapper.application; includeInIndex = 0; path = WordGame.app; sourceTree = BUILT_PRODUCTS_DIR; };
		90DF0C0217FB812A00C0EEE9 /* UIKit.framework */ = {isa = PBXFileReference; lastKnownFileType = wrapper.framework; name = UIKit.framework; path = System/Library/Frameworks/UIKit.framework; sourceTree = SDKROOT; };
		90DF0C0417FB812A00C0EEE9 /* Foundation.framework */ = {isa = PBXFileReference; lastKnownFileType = wrapper.framework; name = Foundation.framework; path = System/Library/Frameworks/Foundation.framework; sourceTree = SDKROOT; };
		90DF0C0617FB812A00C0EEE9 /* CoreGraphics.framework */ = {isa = PBXFileReference; lastKnownFileType = wrapper.framework; name = CoreGraphics.framework; path = System/Library/Frameworks/CoreGraphics.framework; sourceTree = SDKROOT; };
		90DF0C0A17FB812A00C0EEE9 /* WordGame-Info.plist */ = {isa = PBXFileReference; lastKnownFileType = text.plist.xml; path = "WordGame-Info.plist"; sourceTree = "<group>"; };
		90DF0C0C17FB812A00C0EEE9 /* en */ = {isa = PBXFileReference; lastKnownFileType = text.plist.strings; name = en; path = en.lproj/InfoPlist.strings; sourceTree = "<group>"; };
		90DF0C0E17FB812A00C0EEE9 /* main.m */ = {isa = PBXFileReference; lastKnownFileType = sourcecode.c.objc; path = main.m; sourceTree = "<group>"; };
		90DF0C1017FB812A00C0EEE9 /* WordGame-Prefix.pch */ = {isa = PBXFileReference; lastKnownFileType = sourcecode.c.h; path = "WordGame-Prefix.pch"; sourceTree = "<group>"; };
		90DF0C1117FB812A00C0EEE9 /* AppDelegate.h */ = {isa = PBXFileReference; lastKnownFileType = sourcecode.c.h; path = AppDelegate.h; sourceTree = "<group>"; };
		90DF0C1217FB812A00C0EEE9 /* AppDelegate.m */ = {isa = PBXFileReference; lastKnownFileType = sourcecode.c.objc; path = AppDelegate.m; sourceTree = "<group>"; };
		90DF0C1417FB812A00C0EEE9 /* Default.png */ = {isa = PBXFileReference; lastKnownFileType = image.png; path = Default.png; sourceTree = "<group>"; };
		90DF0C1617FB812A00C0EEE9 /* Default@2x.png */ = {isa = PBXFileReference; lastKnownFileType = image.png; path = "Default@2x.png"; sourceTree = "<group>"; };
		90DF0C1817FB812A00C0EEE9 /* Default-568h@2x.png */ = {isa = PBXFileReference; lastKnownFileType = image.png; path = "Default-568h@2x.png"; sourceTree = "<group>"; };
		90DF0C1B17FB812A00C0EEE9 /* en */ = {isa = PBXFileReference; lastKnownFileType = file.storyboard; name = en; path = en.lproj/MainStoryboard_iPhone.storyboard; sourceTree = "<group>"; };
		90DF0C1E17FB812A00C0EEE9 /* en */ = {isa = PBXFileReference; lastKnownFileType = file.storyboard; name = en; path = en.lproj/MainStoryboard_iPad.storyboard; sourceTree = "<group>"; };
		90DF0C2017FB812A00C0EEE9 /* ViewController.h */ = {isa = PBXFileReference; lastKnownFileType = sourcecode.c.h; path = ViewController.h; sourceTree = "<group>"; };
		90DF0C2117FB812A00C0EEE9 /* ViewController.m */ = {isa = PBXFileReference; lastKnownFileType = sourcecode.c.objc; path = ViewController.m; sourceTree = "<group>"; };
		90DF0C2817FB812A00C0EEE9 /* WordGameTests.octest */ = {isa = PBXFileReference; explicitFileType = wrapper.cfbundle; includeInIndex = 0; path = WordGameTests.octest; sourceTree = BUILT_PRODUCTS_DIR; };
		90DF0C2917FB812A00C0EEE9 /* SenTestingKit.framework */ = {isa = PBXFileReference; lastKnownFileType = wrapper.framework; name = SenTestingKit.framework; path = Library/Frameworks/SenTestingKit.framework; sourceTree = DEVELOPER_DIR; };
		90DF0C3117FB812A00C0EEE9 /* WordGameTests-Info.plist */ = {isa = PBXFileReference; lastKnownFileType = text.plist.xml; path = "WordGameTests-Info.plist"; sourceTree = "<group>"; };
		90DF0C3317FB812A00C0EEE9 /* en */ = {isa = PBXFileReference; lastKnownFileType = text.plist.strings; name = en; path = en.lproj/InfoPlist.strings; sourceTree = "<group>"; };
		90DF0C3517FB812A00C0EEE9 /* WordGameTests.h */ = {isa = PBXFileReference; lastKnownFileType = sourcecode.c.h; path = WordGameTests.h; sourceTree = "<group>"; };
		90DF0C3617FB812A00C0EEE9 /* WordGameTests.m */ = {isa = PBXFileReference; lastKnownFileType = sourcecode.c.objc; path = WordGameTests.m; sourceTree = "<group>"; };
		A5C6D5D9180B740400E3EDC6 /* Model.xcdatamodel */ = {isa = PBXFileReference; lastKnownFileType = wrapper.xcdatamodel; path = Model.xcdatamodel; sourceTree = "<group>"; };
		A5C6D5DC180B87C700E3EDC6 /* WordViewController.h */ = {isa = PBXFileReference; fileEncoding = 4; lastKnownFileType = sourcecode.c.h; path = WordViewController.h; sourceTree = "<group>"; };
		A5C6D5DD180B87C700E3EDC6 /* WordViewController.m */ = {isa = PBXFileReference; fileEncoding = 4; lastKnownFileType = sourcecode.c.objc; path = WordViewController.m; sourceTree = "<group>"; };
		A5C6D5E8180BC05A00E3EDC6 /* Dictionary.h */ = {isa = PBXFileReference; fileEncoding = 4; lastKnownFileType = sourcecode.c.h; name = Dictionary.h; path = ../Dictionary.h; sourceTree = "<group>"; };
		A5C6D5E9180BC05A00E3EDC6 /* Dictionary.m */ = {isa = PBXFileReference; fileEncoding = 4; lastKnownFileType = sourcecode.c.objc; name = Dictionary.m; path = ../Dictionary.m; sourceTree = "<group>"; };
		A5C6D5EB180BC07400E3EDC6 /* Ingredients.h */ = {isa = PBXFileReference; fileEncoding = 4; lastKnownFileType = sourcecode.c.h; path = Ingredients.h; sourceTree = "<group>"; };
		A5C6D5EC180BC07400E3EDC6 /* Ingredients.m */ = {isa = PBXFileReference; fileEncoding = 4; lastKnownFileType = sourcecode.c.objc; path = Ingredients.m; sourceTree = "<group>"; };
		A5C6D5EE180BC07D00E3EDC6 /* Library.h */ = {isa = PBXFileReference; fileEncoding = 4; lastKnownFileType = sourcecode.c.h; name = Library.h; path = ../Library.h; sourceTree = "<group>"; };
		A5C6D5EF180BC07D00E3EDC6 /* Library.m */ = {isa = PBXFileReference; fileEncoding = 4; lastKnownFileType = sourcecode.c.objc; name = Library.m; path = ../Library.m; sourceTree = "<group>"; };
		A5C6D5F1180BC08E00E3EDC6 /* Spells.h */ = {isa = PBXFileReference; fileEncoding = 4; lastKnownFileType = sourcecode.c.h; path = Spells.h; sourceTree = "<group>"; };
		A5C6D5F2180BC08E00E3EDC6 /* Spells.m */ = {isa = PBXFileReference; fileEncoding = 4; lastKnownFileType = sourcecode.c.objc; path = Spells.m; sourceTree = "<group>"; };
		A5C6D5F4180BC08E00E3EDC6 /* Player.h */ = {isa = PBXFileReference; fileEncoding = 4; lastKnownFileType = sourcecode.c.h; path = Player.h; sourceTree = "<group>"; };
		A5C6D5F5180BC08E00E3EDC6 /* Player.m */ = {isa = PBXFileReference; fileEncoding = 4; lastKnownFileType = sourcecode.c.objc; path = Player.m; sourceTree = "<group>"; };
		A5C6D5F7180BD42A00E3EDC6 /* PlayTabBarController.h */ = {isa = PBXFileReference; fileEncoding = 4; lastKnownFileType = sourcecode.c.h; path = PlayTabBarController.h; sourceTree = "<group>"; };
		A5C6D5F8180BD42B00E3EDC6 /* PlayTabBarController.m */ = {isa = PBXFileReference; fileEncoding = 4; lastKnownFileType = sourcecode.c.objc; path = PlayTabBarController.m; sourceTree = "<group>"; };
		A5C6D5FE180BD5AC00E3EDC6 /* SpellsTabBarController.h */ = {isa = PBXFileReference; fileEncoding = 4; lastKnownFileType = sourcecode.c.h; path = SpellsTabBarController.h; sourceTree = "<group>"; };
		A5C6D5FF180BD5AC00E3EDC6 /* SpellsTabBarController.m */ = {isa = PBXFileReference; fileEncoding = 4; lastKnownFileType = sourcecode.c.objc; path = SpellsTabBarController.m; sourceTree = "<group>"; };
		A5C6D601180BD83E00E3EDC6 /* LibrariesTableViewController.h */ = {isa = PBXFileReference; fileEncoding = 4; lastKnownFileType = sourcecode.c.h; path = LibrariesTableViewController.h; sourceTree = "<group>"; };
		A5C6D602180BD83E00E3EDC6 /* LibrariesTableViewController.m */ = {isa = PBXFileReference; fileEncoding = 4; lastKnownFileType = sourcecode.c.objc; path = LibrariesTableViewController.m; sourceTree = "<group>"; };
		A5C6D604180BDC6000E3EDC6 /* WordsTableViewController.h */ = {isa = PBXFileReference; fileEncoding = 4; lastKnownFileType = sourcecode.c.h; path = WordsTableViewController.h; sourceTree = "<group>"; };
		A5C6D605180BDC6100E3EDC6 /* WordsTableViewController.m */ = {isa = PBXFileReference; fileEncoding = 4; lastKnownFileType = sourcecode.c.objc; path = WordsTableViewController.m; sourceTree = "<group>"; };
		A5CA091B180B502300E31CF9 /* BuildTableViewController.h */ = {isa = PBXFileReference; fileEncoding = 4; lastKnownFileType = sourcecode.c.h; path = BuildTableViewController.h; sourceTree = "<group>"; };
		A5CA091C180B502300E31CF9 /* BuildTableViewController.m */ = {isa = PBXFileReference; fileEncoding = 4; lastKnownFileType = sourcecode.c.objc; path = BuildTableViewController.m; sourceTree = "<group>"; };
		A5CA0921180B57E000E31CF9 /* BuildCell.h */ = {isa = PBXFileReference; fileEncoding = 4; lastKnownFileType = sourcecode.c.h; path = BuildCell.h; sourceTree = "<group>"; };
		A5CA0922180B57E000E31CF9 /* BuildCell.m */ = {isa = PBXFileReference; fileEncoding = 4; lastKnownFileType = sourcecode.c.objc; path = BuildCell.m; sourceTree = "<group>"; };
		A5D51AD11807B9D8000E2D1B /* TitleView.h */ = {isa = PBXFileReference; fileEncoding = 4; lastKnownFileType = sourcecode.c.h; path = TitleView.h; sourceTree = "<group>"; };
		A5D51AD21807B9D8000E2D1B /* TitleView.m */ = {isa = PBXFileReference; fileEncoding = 4; lastKnownFileType = sourcecode.c.objc; path = TitleView.m; sourceTree = "<group>"; };
		A5D51AD51807BC39000E2D1B /* ExpBar.h */ = {isa = PBXFileReference; fileEncoding = 4; lastKnownFileType = sourcecode.c.h; path = ExpBar.h; sourceTree = "<group>"; };
		A5D51AD61807BC39000E2D1B /* ExpBar.m */ = {isa = PBXFileReference; fileEncoding = 4; lastKnownFileType = sourcecode.c.objc; path = ExpBar.m; sourceTree = "<group>"; };
		A5F643A2180A59C200C4F2EA /* orange_A.ico */ = {isa = PBXFileReference; lastKnownFileType = image.ico; name = orange_A.ico; path = icons/orange/orange_A.ico; sourceTree = "<group>"; };
		A5F643A3180A59C200C4F2EA /* orange_B.ico */ = {isa = PBXFileReference; lastKnownFileType = image.ico; name = orange_B.ico; path = icons/orange/orange_B.ico; sourceTree = "<group>"; };
		A5F643A4180A59C200C4F2EA /* orange_C.ico */ = {isa = PBXFileReference; lastKnownFileType = image.ico; name = orange_C.ico; path = icons/orange/orange_C.ico; sourceTree = "<group>"; };
		A5F643A5180A59C200C4F2EA /* orange_D.ico */ = {isa = PBXFileReference; lastKnownFileType = image.ico; name = orange_D.ico; path = icons/orange/orange_D.ico; sourceTree = "<group>"; };
		A5F643A6180A59C200C4F2EA /* orange_E.ico */ = {isa = PBXFileReference; lastKnownFileType = image.ico; name = orange_E.ico; path = icons/orange/orange_E.ico; sourceTree = "<group>"; };
		A5F643A7180A59C200C4F2EA /* orange_F.ico */ = {isa = PBXFileReference; lastKnownFileType = image.ico; name = orange_F.ico; path = icons/orange/orange_F.ico; sourceTree = "<group>"; };
		A5F643A8180A59C200C4F2EA /* orange_G.ico */ = {isa = PBXFileReference; lastKnownFileType = image.ico; name = orange_G.ico; path = icons/orange/orange_G.ico; sourceTree = "<group>"; };
		A5F643A9180A59C200C4F2EA /* orange_H.ico */ = {isa = PBXFileReference; lastKnownFileType = image.ico; name = orange_H.ico; path = icons/orange/orange_H.ico; sourceTree = "<group>"; };
		A5F643AA180A59C200C4F2EA /* orange_I.ico */ = {isa = PBXFileReference; lastKnownFileType = image.ico; name = orange_I.ico; path = icons/orange/orange_I.ico; sourceTree = "<group>"; };
		A5F643AB180A59C200C4F2EA /* orange_J.ico */ = {isa = PBXFileReference; lastKnownFileType = image.ico; name = orange_J.ico; path = icons/orange/orange_J.ico; sourceTree = "<group>"; };
		A5F643AC180A59C200C4F2EA /* orange_K.ico */ = {isa = PBXFileReference; lastKnownFileType = image.ico; name = orange_K.ico; path = icons/orange/orange_K.ico; sourceTree = "<group>"; };
		A5F643AD180A59C200C4F2EA /* orange_L.ico */ = {isa = PBXFileReference; lastKnownFileType = image.ico; name = orange_L.ico; path = icons/orange/orange_L.ico; sourceTree = "<group>"; };
		A5F643AE180A59C200C4F2EA /* orange_M.ico */ = {isa = PBXFileReference; lastKnownFileType = image.ico; name = orange_M.ico; path = icons/orange/orange_M.ico; sourceTree = "<group>"; };
		A5F643AF180A59C200C4F2EA /* orange_N.ico */ = {isa = PBXFileReference; lastKnownFileType = image.ico; name = orange_N.ico; path = icons/orange/orange_N.ico; sourceTree = "<group>"; };
		A5F643B0180A59C200C4F2EA /* orange_O.ico */ = {isa = PBXFileReference; lastKnownFileType = image.ico; name = orange_O.ico; path = icons/orange/orange_O.ico; sourceTree = "<group>"; };
		A5F643B1180A59C200C4F2EA /* orange_P.ico */ = {isa = PBXFileReference; lastKnownFileType = image.ico; name = orange_P.ico; path = icons/orange/orange_P.ico; sourceTree = "<group>"; };
		A5F643B2180A59C200C4F2EA /* orange_Q.ico */ = {isa = PBXFileReference; lastKnownFileType = image.ico; name = orange_Q.ico; path = icons/orange/orange_Q.ico; sourceTree = "<group>"; };
		A5F643B3180A59C200C4F2EA /* orange_R.ico */ = {isa = PBXFileReference; lastKnownFileType = image.ico; name = orange_R.ico; path = icons/orange/orange_R.ico; sourceTree = "<group>"; };
		A5F643B4180A59C200C4F2EA /* orange_S.ico */ = {isa = PBXFileReference; lastKnownFileType = image.ico; name = orange_S.ico; path = icons/orange/orange_S.ico; sourceTree = "<group>"; };
		A5F643B5180A59C200C4F2EA /* orange_T.ico */ = {isa = PBXFileReference; lastKnownFileType = image.ico; name = orange_T.ico; path = icons/orange/orange_T.ico; sourceTree = "<group>"; };
		A5F643B6180A59C200C4F2EA /* orange_U.ico */ = {isa = PBXFileReference; lastKnownFileType = image.ico; name = orange_U.ico; path = icons/orange/orange_U.ico; sourceTree = "<group>"; };
		A5F643B7180A59C200C4F2EA /* orange_V.ico */ = {isa = PBXFileReference; lastKnownFileType = image.ico; name = orange_V.ico; path = icons/orange/orange_V.ico; sourceTree = "<group>"; };
		A5F643B8180A59C200C4F2EA /* orange_W.ico */ = {isa = PBXFileReference; lastKnownFileType = image.ico; name = orange_W.ico; path = icons/orange/orange_W.ico; sourceTree = "<group>"; };
		A5F643B9180A59C200C4F2EA /* orange_X.ico */ = {isa = PBXFileReference; lastKnownFileType = image.ico; name = orange_X.ico; path = icons/orange/orange_X.ico; sourceTree = "<group>"; };
		A5F643BA180A59C200C4F2EA /* orange_Y.ico */ = {isa = PBXFileReference; lastKnownFileType = image.ico; name = orange_Y.ico; path = icons/orange/orange_Y.ico; sourceTree = "<group>"; };
		A5F643BB180A59C200C4F2EA /* orange_Z.ico */ = {isa = PBXFileReference; lastKnownFileType = image.ico; name = orange_Z.ico; path = icons/orange/orange_Z.ico; sourceTree = "<group>"; };
		A5F643D6180A5AC900C4F2EA /* blue_A.ico */ = {isa = PBXFileReference; lastKnownFileType = image.ico; name = blue_A.ico; path = icons/blue/blue_A.ico; sourceTree = "<group>"; };
		A5F643D7180A5AC900C4F2EA /* blue_B.ico */ = {isa = PBXFileReference; lastKnownFileType = image.ico; name = blue_B.ico; path = icons/blue/blue_B.ico; sourceTree = "<group>"; };
		A5F643D8180A5AC900C4F2EA /* blue_C.ico */ = {isa = PBXFileReference; lastKnownFileType = image.ico; name = blue_C.ico; path = icons/blue/blue_C.ico; sourceTree = "<group>"; };
		A5F643D9180A5AC900C4F2EA /* blue_D.ico */ = {isa = PBXFileReference; lastKnownFileType = image.ico; name = blue_D.ico; path = icons/blue/blue_D.ico; sourceTree = "<group>"; };
		A5F643DA180A5AC900C4F2EA /* blue_E.ico */ = {isa = PBXFileReference; lastKnownFileType = image.ico; name = blue_E.ico; path = icons/blue/blue_E.ico; sourceTree = "<group>"; };
		A5F643DB180A5AC900C4F2EA /* blue_F.ico */ = {isa = PBXFileReference; lastKnownFileType = image.ico; name = blue_F.ico; path = icons/blue/blue_F.ico; sourceTree = "<group>"; };
		A5F643DC180A5AC900C4F2EA /* blue_G.ico */ = {isa = PBXFileReference; lastKnownFileType = image.ico; name = blue_G.ico; path = icons/blue/blue_G.ico; sourceTree = "<group>"; };
		A5F643DD180A5AC900C4F2EA /* blue_H.ico */ = {isa = PBXFileReference; lastKnownFileType = image.ico; name = blue_H.ico; path = icons/blue/blue_H.ico; sourceTree = "<group>"; };
		A5F643DE180A5AC900C4F2EA /* blue_I.ico */ = {isa = PBXFileReference; lastKnownFileType = image.ico; name = blue_I.ico; path = icons/blue/blue_I.ico; sourceTree = "<group>"; };
		A5F643DF180A5AC900C4F2EA /* blue_J.ico */ = {isa = PBXFileReference; lastKnownFileType = image.ico; name = blue_J.ico; path = icons/blue/blue_J.ico; sourceTree = "<group>"; };
		A5F643E0180A5AC900C4F2EA /* blue_K.ico */ = {isa = PBXFileReference; lastKnownFileType = image.ico; name = blue_K.ico; path = icons/blue/blue_K.ico; sourceTree = "<group>"; };
		A5F643E1180A5AC900C4F2EA /* blue_L.ico */ = {isa = PBXFileReference; lastKnownFileType = image.ico; name = blue_L.ico; path = icons/blue/blue_L.ico; sourceTree = "<group>"; };
		A5F643E2180A5AC900C4F2EA /* blue_M.ico */ = {isa = PBXFileReference; lastKnownFileType = image.ico; name = blue_M.ico; path = icons/blue/blue_M.ico; sourceTree = "<group>"; };
		A5F643E3180A5AC900C4F2EA /* blue_N.ico */ = {isa = PBXFileReference; lastKnownFileType = image.ico; name = blue_N.ico; path = icons/blue/blue_N.ico; sourceTree = "<group>"; };
		A5F643E4180A5AC900C4F2EA /* blue_O.ico */ = {isa = PBXFileReference; lastKnownFileType = image.ico; name = blue_O.ico; path = icons/blue/blue_O.ico; sourceTree = "<group>"; };
		A5F643E5180A5AC900C4F2EA /* blue_P.ico */ = {isa = PBXFileReference; lastKnownFileType = image.ico; name = blue_P.ico; path = icons/blue/blue_P.ico; sourceTree = "<group>"; };
		A5F643E6180A5AC900C4F2EA /* blue_Q.ico */ = {isa = PBXFileReference; lastKnownFileType = image.ico; name = blue_Q.ico; path = icons/blue/blue_Q.ico; sourceTree = "<group>"; };
		A5F643E7180A5AC900C4F2EA /* blue_R.ico */ = {isa = PBXFileReference; lastKnownFileType = image.ico; name = blue_R.ico; path = icons/blue/blue_R.ico; sourceTree = "<group>"; };
		A5F643E8180A5AC900C4F2EA /* blue_S.ico */ = {isa = PBXFileReference; lastKnownFileType = image.ico; name = blue_S.ico; path = icons/blue/blue_S.ico; sourceTree = "<group>"; };
		A5F643E9180A5AC900C4F2EA /* blue_T.ico */ = {isa = PBXFileReference; lastKnownFileType = image.ico; name = blue_T.ico; path = icons/blue/blue_T.ico; sourceTree = "<group>"; };
		A5F643EA180A5AC900C4F2EA /* blue_U.ico */ = {isa = PBXFileReference; lastKnownFileType = image.ico; name = blue_U.ico; path = icons/blue/blue_U.ico; sourceTree = "<group>"; };
		A5F643EB180A5AC900C4F2EA /* blue_V.ico */ = {isa = PBXFileReference; lastKnownFileType = image.ico; name = blue_V.ico; path = icons/blue/blue_V.ico; sourceTree = "<group>"; };
		A5F643EC180A5AC900C4F2EA /* blue_W.ico */ = {isa = PBXFileReference; lastKnownFileType = image.ico; name = blue_W.ico; path = icons/blue/blue_W.ico; sourceTree = "<group>"; };
		A5F643ED180A5AC900C4F2EA /* blue_X.ico */ = {isa = PBXFileReference; lastKnownFileType = image.ico; name = blue_X.ico; path = icons/blue/blue_X.ico; sourceTree = "<group>"; };
		A5F643EE180A5AC900C4F2EA /* blue_Y.ico */ = {isa = PBXFileReference; lastKnownFileType = image.ico; name = blue_Y.ico; path = icons/blue/blue_Y.ico; sourceTree = "<group>"; };
		A5F643EF180A5AC900C4F2EA /* blue_Z.ico */ = {isa = PBXFileReference; lastKnownFileType = image.ico; name = blue_Z.ico; path = icons/blue/blue_Z.ico; sourceTree = "<group>"; };
/* End PBXFileReference section */

/* Begin PBXFrameworksBuildPhase section */
		90DF0BFC17FB812900C0EEE9 /* Frameworks */ = {
			isa = PBXFrameworksBuildPhase;
			buildActionMask = 2147483647;
			files = (
				9012B69118026372001424AE /* CoreData.framework in Frameworks */,
				90D8FBF017FCE21000977AD4 /* QuartzCore.framework in Frameworks */,
				90DF0C0317FB812A00C0EEE9 /* UIKit.framework in Frameworks */,
				90DF0C0517FB812A00C0EEE9 /* Foundation.framework in Frameworks */,
				90DF0C0717FB812A00C0EEE9 /* CoreGraphics.framework in Frameworks */,
			);
			runOnlyForDeploymentPostprocessing = 0;
		};
		90DF0C2417FB812A00C0EEE9 /* Frameworks */ = {
			isa = PBXFrameworksBuildPhase;
			buildActionMask = 2147483647;
			files = (
				90DF0C2A17FB812A00C0EEE9 /* SenTestingKit.framework in Frameworks */,
				90DF0C2B17FB812A00C0EEE9 /* UIKit.framework in Frameworks */,
				90DF0C2C17FB812A00C0EEE9 /* Foundation.framework in Frameworks */,
			);
			runOnlyForDeploymentPostprocessing = 0;
		};
/* End PBXFrameworksBuildPhase section */

/* Begin PBXGroup section */
		9012B68F1802634D001424AE /* Core Data Model */ = {
			isa = PBXGroup;
			children = (
				A5C6D5EE180BC07D00E3EDC6 /* Library.h */,
				A5C6D5EF180BC07D00E3EDC6 /* Library.m */,
				A5C6D5E8180BC05A00E3EDC6 /* Dictionary.h */,
				A5C6D5E9180BC05A00E3EDC6 /* Dictionary.m */,
				A5C6D5D8180B740400E3EDC6 /* Model.xcdatamodeld */,
				A5C6D5F4180BC08E00E3EDC6 /* Player.h */,
				A5C6D5F5180BC08E00E3EDC6 /* Player.m */,
				A5C6D5F1180BC08E00E3EDC6 /* Spells.h */,
				A5C6D5F2180BC08E00E3EDC6 /* Spells.m */,
				A5C6D5EB180BC07400E3EDC6 /* Ingredients.h */,
				A5C6D5EC180BC07400E3EDC6 /* Ingredients.m */,
			);
			name = "Core Data Model";
			sourceTree = "<group>";
		};
		9012B69518026636001424AE /* Spells */ = {
			isa = PBXGroup;
			children = (
				9012B6921802662C001424AE /* SpellsTableViewController.h */,
				9012B6931802662D001424AE /* SpellsTableViewController.m */,
			);
			name = Spells;
			sourceTree = "<group>";
		};
		9012B69C18026C1A001424AE /* Library */ = {
			isa = PBXGroup;
			children = (
				9012B69D18026C37001424AE /* LibraryTableViewController.h */,
				9012B69E18026C37001424AE /* LibraryTableViewController.m */,
			);
			name = Library;
			sourceTree = "<group>";
		};
		90D8FBE617FCD8EF00977AD4 /* Play */ = {
			isa = PBXGroup;
			children = (
				9012B69C18026C1A001424AE /* Library */,
				9012B69518026636001424AE /* Spells */,
				90D8FBE717FCD90C00977AD4 /* Level */,
				A5C6D5F7180BD42A00E3EDC6 /* PlayTabBarController.h */,
				A5C6D5F8180BD42B00E3EDC6 /* PlayTabBarController.m */,
			);
			name = Play;
			sourceTree = "<group>";
		};
		90D8FBE717FCD90C00977AD4 /* Level */ = {
			isa = PBXGroup;
			children = (
				A5D51AD41807BBCE000E2D1B /* Title View */,
				90D8FBE317FCD8DE00977AD4 /* PlayView.h */,
				90D8FBE417FCD8DE00977AD4 /* PlayView.m */,
				90D8FBE817FCD97D00977AD4 /* LevelViewController.h */,
				90D8FBE917FCD97D00977AD4 /* LevelViewController.m */,
				90D8FBEB17FCDAAE00977AD4 /* PlayViewController.h */,
				90D8FBEC17FCDAAE00977AD4 /* PlayViewController.m */,
			);
			name = Level;
			sourceTree = "<group>";
		};
		90DF0BF617FB812900C0EEE9 = {
			isa = PBXGroup;
			children = (
				90DF0C0817FB812A00C0EEE9 /* WordGame */,
				90DF0C2F17FB812A00C0EEE9 /* WordGameTests */,
				90DF0C0117FB812A00C0EEE9 /* Frameworks */,
				90DF0C0017FB812A00C0EEE9 /* Products */,
			);
			sourceTree = "<group>";
		};
		90DF0C0017FB812A00C0EEE9 /* Products */ = {
			isa = PBXGroup;
			children = (
				90DF0BFF17FB812A00C0EEE9 /* WordGame.app */,
				90DF0C2817FB812A00C0EEE9 /* WordGameTests.octest */,
			);
			name = Products;
			sourceTree = "<group>";
		};
		90DF0C0117FB812A00C0EEE9 /* Frameworks */ = {
			isa = PBXGroup;
			children = (
				9012B69018026372001424AE /* CoreData.framework */,
				90D8FBEF17FCE21000977AD4 /* QuartzCore.framework */,
				90DF0C0217FB812A00C0EEE9 /* UIKit.framework */,
				90DF0C0417FB812A00C0EEE9 /* Foundation.framework */,
				90DF0C0617FB812A00C0EEE9 /* CoreGraphics.framework */,
				90DF0C2917FB812A00C0EEE9 /* SenTestingKit.framework */,
			);
			name = Frameworks;
			sourceTree = "<group>";
		};
		90DF0C0817FB812A00C0EEE9 /* WordGame */ = {
			isa = PBXGroup;
			children = (
				A5C6D5FD180BD59500E3EDC6 /* Spells */,
				A5CA06CC180B4EE900E31CF9 /* Libraries */,
				A5D51AD8180A0324000E2D1B /* Resources */,
				9012B68F1802634D001424AE /* Core Data Model */,
				90D8FBEE17FCDD6A00977AD4 /* Constants.h */,
				90D8FBE617FCD8EF00977AD4 /* Play */,
				90DF0C1117FB812A00C0EEE9 /* AppDelegate.h */,
				90DF0C1217FB812A00C0EEE9 /* AppDelegate.m */,
				90DF0C1A17FB812A00C0EEE9 /* MainStoryboard_iPhone.storyboard */,
				90DF0C1D17FB812A00C0EEE9 /* MainStoryboard_iPad.storyboard */,
				90DF0C2017FB812A00C0EEE9 /* ViewController.h */,
				90DF0C2117FB812A00C0EEE9 /* ViewController.m */,
				90DF0C0917FB812A00C0EEE9 /* Supporting Files */,
			);
			path = WordGame;
			sourceTree = "<group>";
		};
		90DF0C0917FB812A00C0EEE9 /* Supporting Files */ = {
			isa = PBXGroup;
			children = (
				90DF0C0A17FB812A00C0EEE9 /* WordGame-Info.plist */,
				90DF0C0B17FB812A00C0EEE9 /* InfoPlist.strings */,
				90DF0C0E17FB812A00C0EEE9 /* main.m */,
				90DF0C1017FB812A00C0EEE9 /* WordGame-Prefix.pch */,
				90DF0C1417FB812A00C0EEE9 /* Default.png */,
				90DF0C1617FB812A00C0EEE9 /* Default@2x.png */,
				90DF0C1817FB812A00C0EEE9 /* Default-568h@2x.png */,
			);
			name = "Supporting Files";
			sourceTree = "<group>";
		};
		90DF0C2F17FB812A00C0EEE9 /* WordGameTests */ = {
			isa = PBXGroup;
			children = (
				90DF0C3517FB812A00C0EEE9 /* WordGameTests.h */,
				90DF0C3617FB812A00C0EEE9 /* WordGameTests.m */,
				90DF0C3017FB812A00C0EEE9 /* Supporting Files */,
			);
			path = WordGameTests;
			sourceTree = "<group>";
		};
		90DF0C3017FB812A00C0EEE9 /* Supporting Files */ = {
			isa = PBXGroup;
			children = (
				90DF0C3117FB812A00C0EEE9 /* WordGameTests-Info.plist */,
				90DF0C3217FB812A00C0EEE9 /* InfoPlist.strings */,
			);
			name = "Supporting Files";
			sourceTree = "<group>";
		};
		A5C6D5FD180BD59500E3EDC6 /* Spells */ = {
			isa = PBXGroup;
			children = (
				A5C6D5FE180BD5AC00E3EDC6 /* SpellsTabBarController.h */,
				A5C6D5FF180BD5AC00E3EDC6 /* SpellsTabBarController.m */,
			);
			name = Spells;
			sourceTree = "<group>";
		};
		A5CA06CC180B4EE900E31CF9 /* Libraries */ = {
			isa = PBXGroup;
			children = (
				A5CA06CE180B4EFB00E31CF9 /* Library */,
				A5CA06CD180B4EF600E31CF9 /* Build */,
				A5C6D601180BD83E00E3EDC6 /* LibrariesTableViewController.h */,
				A5C6D602180BD83E00E3EDC6 /* LibrariesTableViewController.m */,
				A5C6D604180BDC6000E3EDC6 /* WordsTableViewController.h */,
				A5C6D605180BDC6100E3EDC6 /* WordsTableViewController.m */,
			);
			name = Libraries;
			sourceTree = "<group>";
		};
		A5CA06CD180B4EF600E31CF9 /* Build */ = {
			isa = PBXGroup;
			children = (
				A5CA091B180B502300E31CF9 /* BuildTableViewController.h */,
				A5CA091C180B502300E31CF9 /* BuildTableViewController.m */,
				A5CA0921180B57E000E31CF9 /* BuildCell.h */,
				A5CA0922180B57E000E31CF9 /* BuildCell.m */,
				A5C6D5DC180B87C700E3EDC6 /* WordViewController.h */,
				A5C6D5DD180B87C700E3EDC6 /* WordViewController.m */,
			);
			name = Build;
			sourceTree = "<group>";
		};
		A5CA06CE180B4EFB00E31CF9 /* Library */ = {
			isa = PBXGroup;
			children = (
			);
			name = Library;
			sourceTree = "<group>";
		};
		A5D51AD41807BBCE000E2D1B /* Title View */ = {
			isa = PBXGroup;
			children = (
				A5D51AD11807B9D8000E2D1B /* TitleView.h */,
				A5D51AD21807B9D8000E2D1B /* TitleView.m */,
				A5D51AD51807BC39000E2D1B /* ExpBar.h */,
				A5D51AD61807BC39000E2D1B /* ExpBar.m */,
			);
			name = "Title View";
			sourceTree = "<group>";
		};
		A5D51AD8180A0324000E2D1B /* Resources */ = {
			isa = PBXGroup;
			children = (
				A5F643A1180A599A00C4F2EA /* Selected */,
				A5F6436C180A4C6F00C4F2EA /* Unselected */,
			);
			name = Resources;
			sourceTree = "<group>";
		};
		A5F6436C180A4C6F00C4F2EA /* Unselected */ = {
			isa = PBXGroup;
			children = (
				A5F643D6180A5AC900C4F2EA /* blue_A.ico */,
				A5F643D7180A5AC900C4F2EA /* blue_B.ico */,
				A5F643D8180A5AC900C4F2EA /* blue_C.ico */,
				A5F643D9180A5AC900C4F2EA /* blue_D.ico */,
				A5F643DA180A5AC900C4F2EA /* blue_E.ico */,
				A5F643DB180A5AC900C4F2EA /* blue_F.ico */,
				A5F643DC180A5AC900C4F2EA /* blue_G.ico */,
				A5F643DD180A5AC900C4F2EA /* blue_H.ico */,
				A5F643DE180A5AC900C4F2EA /* blue_I.ico */,
				A5F643DF180A5AC900C4F2EA /* blue_J.ico */,
				A5F643E0180A5AC900C4F2EA /* blue_K.ico */,
				A5F643E1180A5AC900C4F2EA /* blue_L.ico */,
				A5F643E2180A5AC900C4F2EA /* blue_M.ico */,
				A5F643E3180A5AC900C4F2EA /* blue_N.ico */,
				A5F643E4180A5AC900C4F2EA /* blue_O.ico */,
				A5F643E5180A5AC900C4F2EA /* blue_P.ico */,
				A5F643E6180A5AC900C4F2EA /* blue_Q.ico */,
				A5F643E7180A5AC900C4F2EA /* blue_R.ico */,
				A5F643E8180A5AC900C4F2EA /* blue_S.ico */,
				A5F643E9180A5AC900C4F2EA /* blue_T.ico */,
				A5F643EA180A5AC900C4F2EA /* blue_U.ico */,
				A5F643EB180A5AC900C4F2EA /* blue_V.ico */,
				A5F643EC180A5AC900C4F2EA /* blue_W.ico */,
				A5F643ED180A5AC900C4F2EA /* blue_X.ico */,
				A5F643EE180A5AC900C4F2EA /* blue_Y.ico */,
				A5F643EF180A5AC900C4F2EA /* blue_Z.ico */,
			);
			name = Unselected;
			sourceTree = "<group>";
		};
		A5F643A1180A599A00C4F2EA /* Selected */ = {
			isa = PBXGroup;
			children = (
				A5F643A2180A59C200C4F2EA /* orange_A.ico */,
				A5F643A3180A59C200C4F2EA /* orange_B.ico */,
				A5F643A4180A59C200C4F2EA /* orange_C.ico */,
				A5F643A5180A59C200C4F2EA /* orange_D.ico */,
				A5F643A6180A59C200C4F2EA /* orange_E.ico */,
				A5F643A7180A59C200C4F2EA /* orange_F.ico */,
				A5F643A8180A59C200C4F2EA /* orange_G.ico */,
				A5F643A9180A59C200C4F2EA /* orange_H.ico */,
				A5F643AA180A59C200C4F2EA /* orange_I.ico */,
				A5F643AB180A59C200C4F2EA /* orange_J.ico */,
				A5F643AC180A59C200C4F2EA /* orange_K.ico */,
				A5F643AD180A59C200C4F2EA /* orange_L.ico */,
				A5F643AE180A59C200C4F2EA /* orange_M.ico */,
				A5F643AF180A59C200C4F2EA /* orange_N.ico */,
				A5F643B0180A59C200C4F2EA /* orange_O.ico */,
				A5F643B1180A59C200C4F2EA /* orange_P.ico */,
				A5F643B2180A59C200C4F2EA /* orange_Q.ico */,
				A5F643B3180A59C200C4F2EA /* orange_R.ico */,
				A5F643B4180A59C200C4F2EA /* orange_S.ico */,
				A5F643B5180A59C200C4F2EA /* orange_T.ico */,
				A5F643B6180A59C200C4F2EA /* orange_U.ico */,
				A5F643B7180A59C200C4F2EA /* orange_V.ico */,
				A5F643B8180A59C200C4F2EA /* orange_W.ico */,
				A5F643B9180A59C200C4F2EA /* orange_X.ico */,
				A5F643BA180A59C200C4F2EA /* orange_Y.ico */,
				A5F643BB180A59C200C4F2EA /* orange_Z.ico */,
			);
			name = Selected;
			sourceTree = "<group>";
		};
/* End PBXGroup section */

/* Begin PBXNativeTarget section */
		90DF0BFE17FB812900C0EEE9 /* WordGame */ = {
			isa = PBXNativeTarget;
			buildConfigurationList = 90DF0C3A17FB812A00C0EEE9 /* Build configuration list for PBXNativeTarget "WordGame" */;
			buildPhases = (
				90DF0BFB17FB812900C0EEE9 /* Sources */,
				90DF0BFC17FB812900C0EEE9 /* Frameworks */,
				90DF0BFD17FB812900C0EEE9 /* Resources */,
			);
			buildRules = (
			);
			dependencies = (
			);
			name = WordGame;
			productName = WordGame;
			productReference = 90DF0BFF17FB812A00C0EEE9 /* WordGame.app */;
			productType = "com.apple.product-type.application";
		};
		90DF0C2717FB812A00C0EEE9 /* WordGameTests */ = {
			isa = PBXNativeTarget;
			buildConfigurationList = 90DF0C3D17FB812A00C0EEE9 /* Build configuration list for PBXNativeTarget "WordGameTests" */;
			buildPhases = (
				90DF0C2317FB812A00C0EEE9 /* Sources */,
				90DF0C2417FB812A00C0EEE9 /* Frameworks */,
				90DF0C2517FB812A00C0EEE9 /* Resources */,
				90DF0C2617FB812A00C0EEE9 /* ShellScript */,
			);
			buildRules = (
			);
			dependencies = (
				90DF0C2E17FB812A00C0EEE9 /* PBXTargetDependency */,
			);
			name = WordGameTests;
			productName = WordGameTests;
			productReference = 90DF0C2817FB812A00C0EEE9 /* WordGameTests.octest */;
			productType = "com.apple.product-type.bundle";
		};
/* End PBXNativeTarget section */

/* Begin PBXProject section */
		90DF0BF717FB812900C0EEE9 /* Project object */ = {
			isa = PBXProject;
			attributes = {
				LastUpgradeCheck = 0460;
				ORGANIZATIONNAME = "Hong Zhao";
			};
			buildConfigurationList = 90DF0BFA17FB812900C0EEE9 /* Build configuration list for PBXProject "WordGame" */;
			compatibilityVersion = "Xcode 3.2";
			developmentRegion = English;
			hasScannedForEncodings = 0;
			knownRegions = (
				en,
			);
			mainGroup = 90DF0BF617FB812900C0EEE9;
			productRefGroup = 90DF0C0017FB812A00C0EEE9 /* Products */;
			projectDirPath = "";
			projectRoot = "";
			targets = (
				90DF0BFE17FB812900C0EEE9 /* WordGame */,
				90DF0C2717FB812A00C0EEE9 /* WordGameTests */,
			);
		};
/* End PBXProject section */

/* Begin PBXResourcesBuildPhase section */
		90DF0BFD17FB812900C0EEE9 /* Resources */ = {
			isa = PBXResourcesBuildPhase;
			buildActionMask = 2147483647;
			files = (
				90DF0C0D17FB812A00C0EEE9 /* InfoPlist.strings in Resources */,
				90DF0C1517FB812A00C0EEE9 /* Default.png in Resources */,
				90DF0C1717FB812A00C0EEE9 /* Default@2x.png in Resources */,
				90DF0C1917FB812A00C0EEE9 /* Default-568h@2x.png in Resources */,
				90DF0C1C17FB812A00C0EEE9 /* MainStoryboard_iPhone.storyboard in Resources */,
				90DF0C1F17FB812A00C0EEE9 /* MainStoryboard_iPad.storyboard in Resources */,
				A5F643BC180A59C200C4F2EA /* orange_A.ico in Resources */,
				A5F643BD180A59C200C4F2EA /* orange_B.ico in Resources */,
				A5F643BE180A59C200C4F2EA /* orange_C.ico in Resources */,
				A5F643BF180A59C200C4F2EA /* orange_D.ico in Resources */,
				A5F643C0180A59C200C4F2EA /* orange_E.ico in Resources */,
				A5F643C1180A59C200C4F2EA /* orange_F.ico in Resources */,
				A5F643C2180A59C200C4F2EA /* orange_G.ico in Resources */,
				A5F643C3180A59C200C4F2EA /* orange_H.ico in Resources */,
				A5F643C4180A59C200C4F2EA /* orange_I.ico in Resources */,
				A5F643C5180A59C200C4F2EA /* orange_J.ico in Resources */,
				A5F643C6180A59C200C4F2EA /* orange_K.ico in Resources */,
				A5F643C7180A59C200C4F2EA /* orange_L.ico in Resources */,
				A5F643C8180A59C200C4F2EA /* orange_M.ico in Resources */,
				A5F643C9180A59C200C4F2EA /* orange_N.ico in Resources */,
				A5F643CA180A59C200C4F2EA /* orange_O.ico in Resources */,
				A5F643CB180A59C200C4F2EA /* orange_P.ico in Resources */,
				A5F643CC180A59C200C4F2EA /* orange_Q.ico in Resources */,
				A5F643CD180A59C200C4F2EA /* orange_R.ico in Resources */,
				A5F643CE180A59C200C4F2EA /* orange_S.ico in Resources */,
				A5F643CF180A59C200C4F2EA /* orange_T.ico in Resources */,
				A5F643D0180A59C200C4F2EA /* orange_U.ico in Resources */,
				A5F643D1180A59C200C4F2EA /* orange_V.ico in Resources */,
				A5F643D2180A59C200C4F2EA /* orange_W.ico in Resources */,
				A5F643D3180A59C200C4F2EA /* orange_X.ico in Resources */,
				A5F643D4180A59C200C4F2EA /* orange_Y.ico in Resources */,
				A5F643D5180A59C200C4F2EA /* orange_Z.ico in Resources */,
				A5F643F0180A5AC900C4F2EA /* blue_A.ico in Resources */,
				A5F643F1180A5AC900C4F2EA /* blue_B.ico in Resources */,
				A5F643F2180A5AC900C4F2EA /* blue_C.ico in Resources */,
				A5F643F3180A5AC900C4F2EA /* blue_D.ico in Resources */,
				A5F643F4180A5AC900C4F2EA /* blue_E.ico in Resources */,
				A5F643F5180A5AC900C4F2EA /* blue_F.ico in Resources */,
				A5F643F6180A5AC900C4F2EA /* blue_G.ico in Resources */,
				A5F643F7180A5AC900C4F2EA /* blue_H.ico in Resources */,
				A5F643F8180A5AC900C4F2EA /* blue_I.ico in Resources */,
				A5F643F9180A5AC900C4F2EA /* blue_J.ico in Resources */,
				A5F643FA180A5AC900C4F2EA /* blue_K.ico in Resources */,
				A5F643FB180A5AC900C4F2EA /* blue_L.ico in Resources */,
				A5F643FC180A5AC900C4F2EA /* blue_M.ico in Resources */,
				A5F643FD180A5AC900C4F2EA /* blue_N.ico in Resources */,
				A5F643FE180A5AC900C4F2EA /* blue_O.ico in Resources */,
				A5F643FF180A5AC900C4F2EA /* blue_P.ico in Resources */,
				A5F64400180A5AC900C4F2EA /* blue_Q.ico in Resources */,
				A5F64401180A5AC900C4F2EA /* blue_R.ico in Resources */,
				A5F64402180A5AC900C4F2EA /* blue_S.ico in Resources */,
				A5F64403180A5AC900C4F2EA /* blue_T.ico in Resources */,
				A5F64404180A5AC900C4F2EA /* blue_U.ico in Resources */,
				A5F64405180A5AC900C4F2EA /* blue_V.ico in Resources */,
				A5F64406180A5AC900C4F2EA /* blue_W.ico in Resources */,
				A5F64407180A5AC900C4F2EA /* blue_X.ico in Resources */,
				A5F64408180A5AC900C4F2EA /* blue_Y.ico in Resources */,
				A5F64409180A5AC900C4F2EA /* blue_Z.ico in Resources */,
			);
			runOnlyForDeploymentPostprocessing = 0;
		};
		90DF0C2517FB812A00C0EEE9 /* Resources */ = {
			isa = PBXResourcesBuildPhase;
			buildActionMask = 2147483647;
			files = (
				90DF0C3417FB812A00C0EEE9 /* InfoPlist.strings in Resources */,
			);
			runOnlyForDeploymentPostprocessing = 0;
		};
/* End PBXResourcesBuildPhase section */

/* Begin PBXShellScriptBuildPhase section */
		90DF0C2617FB812A00C0EEE9 /* ShellScript */ = {
			isa = PBXShellScriptBuildPhase;
			buildActionMask = 2147483647;
			files = (
			);
			inputPaths = (
			);
			outputPaths = (
			);
			runOnlyForDeploymentPostprocessing = 0;
			shellPath = /bin/sh;
			shellScript = "# Run the unit tests in this test bundle.\n\"${SYSTEM_DEVELOPER_DIR}/Tools/RunUnitTests\"\n";
		};
/* End PBXShellScriptBuildPhase section */

/* Begin PBXSourcesBuildPhase section */
		90DF0BFB17FB812900C0EEE9 /* Sources */ = {
			isa = PBXSourcesBuildPhase;
			buildActionMask = 2147483647;
			files = (
				90DF0C0F17FB812A00C0EEE9 /* main.m in Sources */,
				90DF0C1317FB812A00C0EEE9 /* AppDelegate.m in Sources */,
				90DF0C2217FB812A00C0EEE9 /* ViewController.m in Sources */,
				90D8FBE517FCD8DE00977AD4 /* PlayView.m in Sources */,
				90D8FBEA17FCD97D00977AD4 /* LevelViewController.m in Sources */,
				90D8FBED17FCDAAF00977AD4 /* PlayViewController.m in Sources */,
				9012B6941802662D001424AE /* SpellsTableViewController.m in Sources */,
				9012B69F18026C37001424AE /* LibraryTableViewController.m in Sources */,
				A5D51AD31807B9D8000E2D1B /* TitleView.m in Sources */,
				A5D51AD71807BC39000E2D1B /* ExpBar.m in Sources */,
				A5CA091D180B502300E31CF9 /* BuildTableViewController.m in Sources */,
				A5CA0923180B57E000E31CF9 /* BuildCell.m in Sources */,
				A5C6D5DA180B740400E3EDC6 /* Model.xcdatamodeld in Sources */,
				A5C6D5DE180B87C800E3EDC6 /* WordViewController.m in Sources */,
				A5C6D5EA180BC05A00E3EDC6 /* Dictionary.m in Sources */,
				A5C6D5ED180BC07400E3EDC6 /* Ingredients.m in Sources */,
				A5C6D5F0180BC07D00E3EDC6 /* Library.m in Sources */,
				A5C6D5F3180BC08E00E3EDC6 /* Spells.m in Sources */,
				A5C6D5F6180BC08E00E3EDC6 /* Player.m in Sources */,
				A5C6D5F9180BD42B00E3EDC6 /* PlayTabBarController.m in Sources */,
				A5C6D600180BD5AC00E3EDC6 /* SpellsTabBarController.m in Sources */,
				A5C6D603180BD83E00E3EDC6 /* LibrariesTableViewController.m in Sources */,
				A5C6D606180BDC6100E3EDC6 /* WordsTableViewController.m in Sources */,
			);
			runOnlyForDeploymentPostprocessing = 0;
		};
		90DF0C2317FB812A00C0EEE9 /* Sources */ = {
			isa = PBXSourcesBuildPhase;
			buildActionMask = 2147483647;
			files = (
				90DF0C3717FB812A00C0EEE9 /* WordGameTests.m in Sources */,
			);
			runOnlyForDeploymentPostprocessing = 0;
		};
/* End PBXSourcesBuildPhase section */

/* Begin PBXTargetDependency section */
		90DF0C2E17FB812A00C0EEE9 /* PBXTargetDependency */ = {
			isa = PBXTargetDependency;
			target = 90DF0BFE17FB812900C0EEE9 /* WordGame */;
			targetProxy = 90DF0C2D17FB812A00C0EEE9 /* PBXContainerItemProxy */;
		};
/* End PBXTargetDependency section */

/* Begin PBXVariantGroup section */
		90DF0C0B17FB812A00C0EEE9 /* InfoPlist.strings */ = {
			isa = PBXVariantGroup;
			children = (
				90DF0C0C17FB812A00C0EEE9 /* en */,
			);
			name = InfoPlist.strings;
			sourceTree = "<group>";
		};
		90DF0C1A17FB812A00C0EEE9 /* MainStoryboard_iPhone.storyboard */ = {
			isa = PBXVariantGroup;
			children = (
				90DF0C1B17FB812A00C0EEE9 /* en */,
			);
			name = MainStoryboard_iPhone.storyboard;
			sourceTree = "<group>";
		};
		90DF0C1D17FB812A00C0EEE9 /* MainStoryboard_iPad.storyboard */ = {
			isa = PBXVariantGroup;
			children = (
				90DF0C1E17FB812A00C0EEE9 /* en */,
			);
			name = MainStoryboard_iPad.storyboard;
			sourceTree = "<group>";
		};
		90DF0C3217FB812A00C0EEE9 /* InfoPlist.strings */ = {
			isa = PBXVariantGroup;
			children = (
				90DF0C3317FB812A00C0EEE9 /* en */,
			);
			name = InfoPlist.strings;
			sourceTree = "<group>";
		};
/* End PBXVariantGroup section */

/* Begin XCBuildConfiguration section */
		90DF0C3817FB812A00C0EEE9 /* Debug */ = {
			isa = XCBuildConfiguration;
			buildSettings = {
				ALWAYS_SEARCH_USER_PATHS = NO;
				CLANG_CXX_LANGUAGE_STANDARD = "gnu++0x";
				CLANG_CXX_LIBRARY = "libc++";
				CLANG_ENABLE_OBJC_ARC = YES;
				CLANG_WARN_CONSTANT_CONVERSION = YES;
				CLANG_WARN_EMPTY_BODY = YES;
				CLANG_WARN_ENUM_CONVERSION = YES;
				CLANG_WARN_INT_CONVERSION = YES;
				CLANG_WARN__DUPLICATE_METHOD_MATCH = YES;
				"CODE_SIGN_IDENTITY[sdk=iphoneos*]" = "iPhone Developer";
				COPY_PHASE_STRIP = NO;
				GCC_C_LANGUAGE_STANDARD = gnu99;
				GCC_DYNAMIC_NO_PIC = NO;
				GCC_OPTIMIZATION_LEVEL = 0;
				GCC_PREPROCESSOR_DEFINITIONS = (
					"DEBUG=1",
					"$(inherited)",
				);
				GCC_SYMBOLS_PRIVATE_EXTERN = NO;
				GCC_WARN_ABOUT_RETURN_TYPE = YES;
				GCC_WARN_UNINITIALIZED_AUTOS = YES;
				GCC_WARN_UNUSED_VARIABLE = YES;
				IPHONEOS_DEPLOYMENT_TARGET = 6.1;
				ONLY_ACTIVE_ARCH = YES;
				SDKROOT = iphoneos;
				TARGETED_DEVICE_FAMILY = "1,2";
			};
			name = Debug;
		};
		90DF0C3917FB812A00C0EEE9 /* Release */ = {
			isa = XCBuildConfiguration;
			buildSettings = {
				ALWAYS_SEARCH_USER_PATHS = NO;
				CLANG_CXX_LANGUAGE_STANDARD = "gnu++0x";
				CLANG_CXX_LIBRARY = "libc++";
				CLANG_ENABLE_OBJC_ARC = YES;
				CLANG_WARN_CONSTANT_CONVERSION = YES;
				CLANG_WARN_EMPTY_BODY = YES;
				CLANG_WARN_ENUM_CONVERSION = YES;
				CLANG_WARN_INT_CONVERSION = YES;
				CLANG_WARN__DUPLICATE_METHOD_MATCH = YES;
				"CODE_SIGN_IDENTITY[sdk=iphoneos*]" = "iPhone Developer";
				COPY_PHASE_STRIP = YES;
				GCC_C_LANGUAGE_STANDARD = gnu99;
				GCC_WARN_ABOUT_RETURN_TYPE = YES;
				GCC_WARN_UNINITIALIZED_AUTOS = YES;
				GCC_WARN_UNUSED_VARIABLE = YES;
				IPHONEOS_DEPLOYMENT_TARGET = 6.1;
				OTHER_CFLAGS = "-DNS_BLOCK_ASSERTIONS=1";
				SDKROOT = iphoneos;
				TARGETED_DEVICE_FAMILY = "1,2";
				VALIDATE_PRODUCT = YES;
			};
			name = Release;
		};
		90DF0C3B17FB812A00C0EEE9 /* Debug */ = {
			isa = XCBuildConfiguration;
			buildSettings = {
				GCC_PRECOMPILE_PREFIX_HEADER = YES;
				GCC_PREFIX_HEADER = "WordGame/WordGame-Prefix.pch";
				INFOPLIST_FILE = "WordGame/WordGame-Info.plist";
				PRODUCT_NAME = "$(TARGET_NAME)";
				WRAPPER_EXTENSION = app;
			};
			name = Debug;
		};
		90DF0C3C17FB812A00C0EEE9 /* Release */ = {
			isa = XCBuildConfiguration;
			buildSettings = {
				GCC_PRECOMPILE_PREFIX_HEADER = YES;
				GCC_PREFIX_HEADER = "WordGame/WordGame-Prefix.pch";
				INFOPLIST_FILE = "WordGame/WordGame-Info.plist";
				PRODUCT_NAME = "$(TARGET_NAME)";
				WRAPPER_EXTENSION = app;
			};
			name = Release;
		};
		90DF0C3E17FB812A00C0EEE9 /* Debug */ = {
			isa = XCBuildConfiguration;
			buildSettings = {
				BUNDLE_LOADER = "$(BUILT_PRODUCTS_DIR)/WordGame.app/WordGame";
				FRAMEWORK_SEARCH_PATHS = (
					"\"$(SDKROOT)/Developer/Library/Frameworks\"",
					"\"$(DEVELOPER_LIBRARY_DIR)/Frameworks\"",
				);
				GCC_PRECOMPILE_PREFIX_HEADER = YES;
				GCC_PREFIX_HEADER = "WordGame/WordGame-Prefix.pch";
				INFOPLIST_FILE = "WordGameTests/WordGameTests-Info.plist";
				PRODUCT_NAME = "$(TARGET_NAME)";
				TEST_HOST = "$(BUNDLE_LOADER)";
				WRAPPER_EXTENSION = octest;
			};
			name = Debug;
		};
		90DF0C3F17FB812A00C0EEE9 /* Release */ = {
			isa = XCBuildConfiguration;
			buildSettings = {
				BUNDLE_LOADER = "$(BUILT_PRODUCTS_DIR)/WordGame.app/WordGame";
				FRAMEWORK_SEARCH_PATHS = (
					"\"$(SDKROOT)/Developer/Library/Frameworks\"",
					"\"$(DEVELOPER_LIBRARY_DIR)/Frameworks\"",
				);
				GCC_PRECOMPILE_PREFIX_HEADER = YES;
				GCC_PREFIX_HEADER = "WordGame/WordGame-Prefix.pch";
				INFOPLIST_FILE = "WordGameTests/WordGameTests-Info.plist";
				PRODUCT_NAME = "$(TARGET_NAME)";
				TEST_HOST = "$(BUNDLE_LOADER)";
				WRAPPER_EXTENSION = octest;
			};
			name = Release;
		};
/* End XCBuildConfiguration section */

/* Begin XCConfigurationList section */
		90DF0BFA17FB812900C0EEE9 /* Build configuration list for PBXProject "WordGame" */ = {
			isa = XCConfigurationList;
			buildConfigurations = (
				90DF0C3817FB812A00C0EEE9 /* Debug */,
				90DF0C3917FB812A00C0EEE9 /* Release */,
			);
			defaultConfigurationIsVisible = 0;
			defaultConfigurationName = Release;
		};
		90DF0C3A17FB812A00C0EEE9 /* Build configuration list for PBXNativeTarget "WordGame" */ = {
			isa = XCConfigurationList;
			buildConfigurations = (
				90DF0C3B17FB812A00C0EEE9 /* Debug */,
				90DF0C3C17FB812A00C0EEE9 /* Release */,
			);
			defaultConfigurationIsVisible = 0;
			defaultConfigurationName = Release;
		};
		90DF0C3D17FB812A00C0EEE9 /* Build configuration list for PBXNativeTarget "WordGameTests" */ = {
			isa = XCConfigurationList;
			buildConfigurations = (
				90DF0C3E17FB812A00C0EEE9 /* Debug */,
				90DF0C3F17FB812A00C0EEE9 /* Release */,
			);
			defaultConfigurationIsVisible = 0;
			defaultConfigurationName = Release;
		};
/* End XCConfigurationList section */

/* Begin XCVersionGroup section */
		A5C6D5D8180B740400E3EDC6 /* Model.xcdatamodeld */ = {
			isa = XCVersionGroup;
			children = (
				A5C6D5D9180B740400E3EDC6 /* Model.xcdatamodel */,
			);
			currentVersion = A5C6D5D9180B740400E3EDC6 /* Model.xcdatamodel */;
			path = Model.xcdatamodeld;
			sourceTree = "<group>";
			versionGroupType = wrapper.xcdatamodel;
		};
/* End XCVersionGroup section */
	};
	rootObject = 90DF0BF717FB812900C0EEE9 /* Project object */;
}
